
Microsoft Visual Studio Solution File, Format Version 12.00
# Visual Studio 15
VisualStudioVersion = 15.0.27109.1
MinimumVisualStudioVersion = 10.0.40219.1
Project("{FAE04EC0-301F-11D3-BF4B-00C04F79EFBC}") = "mvc", "mvc\mvc.csproj", "{F9625F4A-BB92-465C-A8A4-2D13A8A99086}"
EndProject
Global
	GlobalSection(SolutionConfigurationPlatforms) = preSolution
		Debug|Any CPU = Debug|Any CPU
		Release|Any CPU = Release|Any CPU
	EndGlobalSection
	GlobalSection(ProjectConfigurationPlatforms) = postSolution
		{F9625F4A-BB92-465C-A8A4-2D13A8A99086}.Debug|Any CPU.ActiveCfg = Debug|Any CPU
		{F9625F4A-BB92-465C-A8A4-2D13A8A99086}.Debug|Any CPU.Build.0 = Debug|Any CPU
		{F9625F4A-BB92-465C-A8A4-2D13A8A99086}.Release|Any CPU.ActiveCfg = Release|Any CPU
		{F9625F4A-BB92-465C-A8A4-2D13A8A99086}.Release|Any CPU.Build.0 = Release|Any CPU
	EndGlobalSection
	GlobalSection(SolutionProperties) = preSolution
		HideSolutionNode = FALSE
	EndGlobalSection
	GlobalSection(ExtensibilityGlobals) = postSolution
		SolutionGuid = {4C3CD7C8-2758-4DC5-BD83-5FDF578356BB}
	EndGlobalSection
EndGlobal
