
Microsoft Visual Studio Solution File, Format Version 12.00
# Visual Studio 15
VisualStudioVersion = 15.0.27109.1
MinimumVisualStudioVersion = 10.0.40219.1
Project("{FAE04EC0-301F-11D3-BF4B-00C04F79EFBC}") = "mvc", "mvc\mvc.csproj", "{F9625F4A-BB92-465C-A8A4-2D13A8A99086}"
EndProject
Project("{FAE04EC0-301F-11D3-BF4B-00C04F79EFBC}") = "ClassLib017", "ClassLib017\ClassLib017.csproj", "{B4B2DD8D-1F3D-4452-B1AA-FEDDA573A0B9}"
EndProject
Project("{FAE04EC0-301F-11D3-BF4B-00C04F79EFBC}") = "ClassLib094", "ClassLib094\ClassLib094.csproj", "{D5E3ACA1-9E54-44E6-9051-113FAFDFEE03}"
EndProject
Project("{FAE04EC0-301F-11D3-BF4B-00C04F79EFBC}") = "ClassLib007", "ClassLib007\ClassLib007.csproj", "{B2A5EC2A-E7A8-4373-BC5F-6357FDCED7B2}"
EndProject
Project("{FAE04EC0-301F-11D3-BF4B-00C04F79EFBC}") = "ClassLib113", "ClassLib113\ClassLib113.csproj", "{2F9EBBB1-01F6-4C29-A8A7-0CA5DC37B295}"
EndProject
Project("{FAE04EC0-301F-11D3-BF4B-00C04F79EFBC}") = "ClassLib065", "ClassLib065\ClassLib065.csproj", "{9916F7DB-D3ED-4D35-91C9-52C8DCC442FE}"
EndProject
Project("{FAE04EC0-301F-11D3-BF4B-00C04F79EFBC}") = "ClassLib121", "ClassLib121\ClassLib121.csproj", "{B8FB29EE-1325-41A8-A109-F5A8E6B60713}"
EndProject
Project("{FAE04EC0-301F-11D3-BF4B-00C04F79EFBC}") = "ClassLib127", "ClassLib127\ClassLib127.csproj", "{31AA4A57-ECE5-4F40-91C3-326470D8D4DD}"
EndProject
Project("{FAE04EC0-301F-11D3-BF4B-00C04F79EFBC}") = "ClassLib043", "ClassLib043\ClassLib043.csproj", "{11F99620-4CE4-4F21-B42C-AAA2F919CD8C}"
EndProject
Project("{FAE04EC0-301F-11D3-BF4B-00C04F79EFBC}") = "ClassLib050", "ClassLib050\ClassLib050.csproj", "{0ADEFC5B-4FAC-4C0A-829A-B2EB0143C457}"
EndProject
Project("{FAE04EC0-301F-11D3-BF4B-00C04F79EFBC}") = "ClassLib044", "ClassLib044\ClassLib044.csproj", "{E8023C36-5FBF-40C6-BF33-10F2079A16FD}"
EndProject
Project("{FAE04EC0-301F-11D3-BF4B-00C04F79EFBC}") = "ClassLib040", "ClassLib040\ClassLib040.csproj", "{C3F0AA9D-911D-4288-880E-5DC491BB572E}"
EndProject
Project("{FAE04EC0-301F-11D3-BF4B-00C04F79EFBC}") = "ClassLib036", "ClassLib036\ClassLib036.csproj", "{B48854AD-C854-4BD6-91C9-DA654745658B}"
EndProject
Project("{FAE04EC0-301F-11D3-BF4B-00C04F79EFBC}") = "ClassLib076", "ClassLib076\ClassLib076.csproj", "{D0AB09E4-F989-46C1-8474-879609013E12}"
EndProject
Project("{FAE04EC0-301F-11D3-BF4B-00C04F79EFBC}") = "ClassLib010", "ClassLib010\ClassLib010.csproj", "{A0F8E67E-DE63-4AB9-9891-7E8146E800C7}"
EndProject
Project("{FAE04EC0-301F-11D3-BF4B-00C04F79EFBC}") = "ClassLib026", "ClassLib026\ClassLib026.csproj", "{E7B95D3D-2F79-460E-A07C-77B664EE1E56}"
EndProject
Project("{FAE04EC0-301F-11D3-BF4B-00C04F79EFBC}") = "ClassLib057", "ClassLib057\ClassLib057.csproj", "{90481870-4ABA-4F79-BA7F-40E3D21E17BF}"
EndProject
Project("{FAE04EC0-301F-11D3-BF4B-00C04F79EFBC}") = "ClassLib030", "ClassLib030\ClassLib030.csproj", "{A20BDB19-9816-483A-8A6A-209540B4C755}"
EndProject
Project("{FAE04EC0-301F-11D3-BF4B-00C04F79EFBC}") = "ClassLib079", "ClassLib079\ClassLib079.csproj", "{5605DD82-60B7-461F-BCCE-100E823DA1F5}"
EndProject
Project("{FAE04EC0-301F-11D3-BF4B-00C04F79EFBC}") = "ClassLib041", "ClassLib041\ClassLib041.csproj", "{062A43B3-F6DD-47CF-82A1-A20979974D2B}"
EndProject
Project("{FAE04EC0-301F-11D3-BF4B-00C04F79EFBC}") = "ClassLib023", "ClassLib023\ClassLib023.csproj", "{13EC9A02-D05E-470D-B5DD-B04C5456EB5C}"
EndProject
Project("{FAE04EC0-301F-11D3-BF4B-00C04F79EFBC}") = "ClassLib067", "ClassLib067\ClassLib067.csproj", "{193F7D63-DB92-4B27-8767-51724595C617}"
EndProject
Project("{FAE04EC0-301F-11D3-BF4B-00C04F79EFBC}") = "ClassLib018", "ClassLib018\ClassLib018.csproj", "{CAAA2470-AD53-44EB-B822-365456E626A5}"
EndProject
Project("{FAE04EC0-301F-11D3-BF4B-00C04F79EFBC}") = "ClassLib126", "ClassLib126\ClassLib126.csproj", "{58BA9E2E-6B9A-4791-9619-B980B67D339E}"
EndProject
Project("{FAE04EC0-301F-11D3-BF4B-00C04F79EFBC}") = "ClassLib069", "ClassLib069\ClassLib069.csproj", "{0443AF3F-0F1F-46C7-B911-25E9F9BDB05E}"
EndProject
Project("{FAE04EC0-301F-11D3-BF4B-00C04F79EFBC}") = "ClassLib073", "ClassLib073\ClassLib073.csproj", "{6C3E8827-9A4F-422D-A0F5-0EE08841D29A}"
EndProject
Project("{FAE04EC0-301F-11D3-BF4B-00C04F79EFBC}") = "ClassLib080", "ClassLib080\ClassLib080.csproj", "{EE32CB20-A2A0-47BF-918A-CF1EECB68F6C}"
EndProject
Project("{FAE04EC0-301F-11D3-BF4B-00C04F79EFBC}") = "ClassLib005", "ClassLib005\ClassLib005.csproj", "{5B233FDD-AA5F-4296-91F5-1822C7F1F506}"
EndProject
Project("{FAE04EC0-301F-11D3-BF4B-00C04F79EFBC}") = "ClassLib035", "ClassLib035\ClassLib035.csproj", "{68EF782E-43A4-4523-8078-C4EC3F2F6234}"
EndProject
Project("{FAE04EC0-301F-11D3-BF4B-00C04F79EFBC}") = "ClassLib105", "ClassLib105\ClassLib105.csproj", "{D6A4BC74-7DCF-4642-9DD7-49E99F1F345D}"
EndProject
Project("{FAE04EC0-301F-11D3-BF4B-00C04F79EFBC}") = "ClassLib068", "ClassLib068\ClassLib068.csproj", "{0EA9EF52-A3F4-43FA-A0D6-07BC2C0D4941}"
EndProject
Project("{FAE04EC0-301F-11D3-BF4B-00C04F79EFBC}") = "ClassLib025", "ClassLib025\ClassLib025.csproj", "{2936AB23-3628-4288-A966-33C98E8EC1E7}"
EndProject
Project("{FAE04EC0-301F-11D3-BF4B-00C04F79EFBC}") = "ClassLib047", "ClassLib047\ClassLib047.csproj", "{6E6B58FC-5204-4F20-B1C9-35D510CBBD9E}"
EndProject
Project("{FAE04EC0-301F-11D3-BF4B-00C04F79EFBC}") = "ClassLib058", "ClassLib058\ClassLib058.csproj", "{3ADFB73B-79B5-4FC9-963B-453C1B11DB72}"
EndProject
Project("{FAE04EC0-301F-11D3-BF4B-00C04F79EFBC}") = "ClassLib049", "ClassLib049\ClassLib049.csproj", "{D55ECD3D-69E8-4DF9-B90E-D8B7DC65DF0E}"
EndProject
Project("{FAE04EC0-301F-11D3-BF4B-00C04F79EFBC}") = "ClassLib087", "ClassLib087\ClassLib087.csproj", "{F54CB8E3-7616-435C-9622-8DC8CC5A77BE}"
EndProject
Project("{FAE04EC0-301F-11D3-BF4B-00C04F79EFBC}") = "ClassLib003", "ClassLib003\ClassLib003.csproj", "{3BF0CD61-7D12-4B35-904F-5415D3250413}"
EndProject
Project("{FAE04EC0-301F-11D3-BF4B-00C04F79EFBC}") = "ClassLib125", "ClassLib125\ClassLib125.csproj", "{BC9B46ED-3188-46AA-96F2-A663827B5082}"
EndProject
Project("{FAE04EC0-301F-11D3-BF4B-00C04F79EFBC}") = "ClassLib056", "ClassLib056\ClassLib056.csproj", "{47FD01D2-7EEE-4AC0-8F5D-E79A0526E751}"
EndProject
Project("{FAE04EC0-301F-11D3-BF4B-00C04F79EFBC}") = "ClassLib095", "ClassLib095\ClassLib095.csproj", "{59B5A8B7-2B6B-41AD-90F6-463869A49B46}"
EndProject
Project("{FAE04EC0-301F-11D3-BF4B-00C04F79EFBC}") = "ClassLib015", "ClassLib015\ClassLib015.csproj", "{8A2E8E40-B7E3-48B5-AD13-77892FD27A1B}"
EndProject
Project("{FAE04EC0-301F-11D3-BF4B-00C04F79EFBC}") = "ClassLib064", "ClassLib064\ClassLib064.csproj", "{DD922E38-D311-40F0-8370-3004639162D1}"
EndProject
Project("{FAE04EC0-301F-11D3-BF4B-00C04F79EFBC}") = "ClassLib122", "ClassLib122\ClassLib122.csproj", "{AE4BB364-AF38-4AB9-B628-C4B2CD1F9A97}"
EndProject
Project("{FAE04EC0-301F-11D3-BF4B-00C04F79EFBC}") = "ClassLib029", "ClassLib029\ClassLib029.csproj", "{05AD3DC9-841F-4D54-8958-4C3B5B2CD1BE}"
EndProject
Project("{FAE04EC0-301F-11D3-BF4B-00C04F79EFBC}") = "ClassLib120", "ClassLib120\ClassLib120.csproj", "{874BB580-EB47-4D0F-8463-7E3EB0E75864}"
EndProject
Project("{FAE04EC0-301F-11D3-BF4B-00C04F79EFBC}") = "ClassLib081", "ClassLib081\ClassLib081.csproj", "{D278B342-DC60-4AB5-B29B-1F39AC50E6D1}"
EndProject
Project("{FAE04EC0-301F-11D3-BF4B-00C04F79EFBC}") = "ClassLib123", "ClassLib123\ClassLib123.csproj", "{F7350538-65D7-4AFC-A8AC-0B57F26CC177}"
EndProject
Project("{FAE04EC0-301F-11D3-BF4B-00C04F79EFBC}") = "ClassLib042", "ClassLib042\ClassLib042.csproj", "{A8A2DA39-B2DA-4CA5-A6B0-1271592E078A}"
EndProject
Project("{FAE04EC0-301F-11D3-BF4B-00C04F79EFBC}") = "ClassLib033", "ClassLib033\ClassLib033.csproj", "{5F0F7E09-35C2-4A4C-B7F0-30F68A98BAB9}"
EndProject
Project("{FAE04EC0-301F-11D3-BF4B-00C04F79EFBC}") = "ClassLib108", "ClassLib108\ClassLib108.csproj", "{B7540580-CAC5-4C94-8790-03BFD160B11C}"
EndProject
Project("{FAE04EC0-301F-11D3-BF4B-00C04F79EFBC}") = "ClassLib097", "ClassLib097\ClassLib097.csproj", "{91BD8C90-0A46-4159-B786-F444CD8BB19F}"
EndProject
Project("{FAE04EC0-301F-11D3-BF4B-00C04F79EFBC}") = "ClassLib048", "ClassLib048\ClassLib048.csproj", "{A084A344-C60A-4618-8E04-6A23BA519F1A}"
EndProject
Project("{FAE04EC0-301F-11D3-BF4B-00C04F79EFBC}") = "ClassLib024", "ClassLib024\ClassLib024.csproj", "{66822A41-ED3C-43E9-B3B7-BCCA213894DE}"
EndProject
Project("{FAE04EC0-301F-11D3-BF4B-00C04F79EFBC}") = "ClassLib019", "ClassLib019\ClassLib019.csproj", "{C797D016-E6CB-44F5-A958-45A43037D89C}"
EndProject
Project("{FAE04EC0-301F-11D3-BF4B-00C04F79EFBC}") = "ClassLib111", "ClassLib111\ClassLib111.csproj", "{7659A721-538F-40A7-AFB3-C4AF07EF95B2}"
EndProject
Project("{FAE04EC0-301F-11D3-BF4B-00C04F79EFBC}") = "ClassLib084", "ClassLib084\ClassLib084.csproj", "{849A7ED7-7A02-494B-85E7-AEB1736DA935}"
EndProject
Project("{FAE04EC0-301F-11D3-BF4B-00C04F79EFBC}") = "ClassLib119", "ClassLib119\ClassLib119.csproj", "{350D144D-E58C-4D84-A3C3-F085AD961856}"
EndProject
Project("{FAE04EC0-301F-11D3-BF4B-00C04F79EFBC}") = "ClassLib060", "ClassLib060\ClassLib060.csproj", "{3235407C-E66A-4AD9-A856-B2597D3A1013}"
EndProject
Project("{FAE04EC0-301F-11D3-BF4B-00C04F79EFBC}") = "ClassLib090", "ClassLib090\ClassLib090.csproj", "{9B60B0B4-F39D-4F8E-9FF3-987CB3B5528D}"
EndProject
Project("{FAE04EC0-301F-11D3-BF4B-00C04F79EFBC}") = "ClassLib028", "ClassLib028\ClassLib028.csproj", "{51FC1CE8-60B3-40FD-9285-0BC98EB971C9}"
EndProject
Project("{FAE04EC0-301F-11D3-BF4B-00C04F79EFBC}") = "ClassLib062", "ClassLib062\ClassLib062.csproj", "{35C33597-105E-4002-9958-4B8EA13D5A90}"
EndProject
Project("{FAE04EC0-301F-11D3-BF4B-00C04F79EFBC}") = "ClassLib106", "ClassLib106\ClassLib106.csproj", "{D3318BED-778F-4DC0-9B5C-A8419DA5A62D}"
EndProject
Project("{FAE04EC0-301F-11D3-BF4B-00C04F79EFBC}") = "ClassLib096", "ClassLib096\ClassLib096.csproj", "{34D4E1D5-7DD0-49E0-A7DD-4739130BA280}"
EndProject
Project("{FAE04EC0-301F-11D3-BF4B-00C04F79EFBC}") = "ClassLib128", "ClassLib128\ClassLib128.csproj", "{6792E8E9-0180-408C-916B-6A8CF59E2256}"
EndProject
Project("{FAE04EC0-301F-11D3-BF4B-00C04F79EFBC}") = "ClassLib082", "ClassLib082\ClassLib082.csproj", "{2A41B2F8-B6FC-4EEE-8E74-FEEC7CD14B70}"
EndProject
Project("{FAE04EC0-301F-11D3-BF4B-00C04F79EFBC}") = "ClassLib013", "ClassLib013\ClassLib013.csproj", "{8616A452-9DDD-4A78-B0F8-CEAD434F1C53}"
EndProject
Project("{FAE04EC0-301F-11D3-BF4B-00C04F79EFBC}") = "ClassLib006", "ClassLib006\ClassLib006.csproj", "{54830D42-52A7-4880-A018-7A176DFE9200}"
EndProject
Project("{FAE04EC0-301F-11D3-BF4B-00C04F79EFBC}") = "ClassLib115", "ClassLib115\ClassLib115.csproj", "{5FE2A2E8-3BF1-4E50-9FDD-3E8B1201A579}"
EndProject
Project("{FAE04EC0-301F-11D3-BF4B-00C04F79EFBC}") = "ClassLib027", "ClassLib027\ClassLib027.csproj", "{C8B9D41B-4146-4740-ACA4-AF8971280949}"
EndProject
Project("{FAE04EC0-301F-11D3-BF4B-00C04F79EFBC}") = "ClassLib102", "ClassLib102\ClassLib102.csproj", "{D495CA5A-B0E5-4561-A066-9B9D31AC9E46}"
EndProject
Project("{FAE04EC0-301F-11D3-BF4B-00C04F79EFBC}") = "ClassLib112", "ClassLib112\ClassLib112.csproj", "{57CD396A-58C9-4317-86E2-77F08E259967}"
EndProject
Project("{FAE04EC0-301F-11D3-BF4B-00C04F79EFBC}") = "ClassLib020", "ClassLib020\ClassLib020.csproj", "{A66A139B-E2F3-49BD-818C-B77015CDCCFE}"
EndProject
Project("{FAE04EC0-301F-11D3-BF4B-00C04F79EFBC}") = "ClassLib032", "ClassLib032\ClassLib032.csproj", "{0175A564-683F-4D87-A905-8797620FC100}"
EndProject
Project("{FAE04EC0-301F-11D3-BF4B-00C04F79EFBC}") = "ClassLib116", "ClassLib116\ClassLib116.csproj", "{39A400E2-7F38-4114-9A33-28BEACCE9DCE}"
EndProject
Project("{FAE04EC0-301F-11D3-BF4B-00C04F79EFBC}") = "ClassLib009", "ClassLib009\ClassLib009.csproj", "{6F8BCEBC-2149-4E68-9D97-CB977D84BA48}"
EndProject
Project("{FAE04EC0-301F-11D3-BF4B-00C04F79EFBC}") = "ClassLib114", "ClassLib114\ClassLib114.csproj", "{49E1A0BF-3283-4C14-AA8F-8A091C47D198}"
EndProject
Project("{FAE04EC0-301F-11D3-BF4B-00C04F79EFBC}") = "ClassLib037", "ClassLib037\ClassLib037.csproj", "{37DA09E5-E71F-4508-BD3B-C2BACF9DB863}"
EndProject
Project("{FAE04EC0-301F-11D3-BF4B-00C04F79EFBC}") = "ClassLib088", "ClassLib088\ClassLib088.csproj", "{821DF46C-00C3-466A-821F-C69D51E53FA9}"
EndProject
Project("{FAE04EC0-301F-11D3-BF4B-00C04F79EFBC}") = "ClassLib109", "ClassLib109\ClassLib109.csproj", "{322DEE9C-C454-4A87-94F7-5AA5B3E02D15}"
EndProject
Project("{FAE04EC0-301F-11D3-BF4B-00C04F79EFBC}") = "ClassLib052", "ClassLib052\ClassLib052.csproj", "{671EA8E0-5A8C-4DB3-BC4E-C2C698D753F5}"
EndProject
Project("{FAE04EC0-301F-11D3-BF4B-00C04F79EFBC}") = "ClassLib004", "ClassLib004\ClassLib004.csproj", "{AC3FC520-E744-4D53-8B67-FB794893AC1B}"
EndProject
Project("{FAE04EC0-301F-11D3-BF4B-00C04F79EFBC}") = "ClassLib104", "ClassLib104\ClassLib104.csproj", "{2839ACC1-0F8E-400C-BB17-607DA365BB14}"
EndProject
Project("{FAE04EC0-301F-11D3-BF4B-00C04F79EFBC}") = "ClassLib086", "ClassLib086\ClassLib086.csproj", "{DDC65758-9018-4B30-8D0D-3331E8CAA044}"
EndProject
Project("{FAE04EC0-301F-11D3-BF4B-00C04F79EFBC}") = "ClassLib089", "ClassLib089\ClassLib089.csproj", "{87B94E16-E6E5-4ED0-8D0A-C242D5A3A35E}"
EndProject
Project("{FAE04EC0-301F-11D3-BF4B-00C04F79EFBC}") = "ClassLib066", "ClassLib066\ClassLib066.csproj", "{86FCBF67-F3EA-40FF-BB32-7284B5E0C81C}"
EndProject
Project("{FAE04EC0-301F-11D3-BF4B-00C04F79EFBC}") = "ClassLib091", "ClassLib091\ClassLib091.csproj", "{EBBA5F7A-9090-473C-9BC9-A39D342F858E}"
EndProject
Project("{FAE04EC0-301F-11D3-BF4B-00C04F79EFBC}") = "ClassLib075", "ClassLib075\ClassLib075.csproj", "{B4D6C5BE-21F2-40E1-8870-E8F1FB419C22}"
EndProject
Project("{FAE04EC0-301F-11D3-BF4B-00C04F79EFBC}") = "ClassLib085", "ClassLib085\ClassLib085.csproj", "{8A85B126-DF69-4977-91FB-3BAF79B138F2}"
EndProject
Project("{FAE04EC0-301F-11D3-BF4B-00C04F79EFBC}") = "ClassLib098", "ClassLib098\ClassLib098.csproj", "{83FC4811-80E4-4D67-8B3D-B46B521661E2}"
EndProject
Project("{FAE04EC0-301F-11D3-BF4B-00C04F79EFBC}") = "ClassLib100", "ClassLib100\ClassLib100.csproj", "{0516BDD6-C008-422A-8089-61C7F6FDB176}"
EndProject
Project("{FAE04EC0-301F-11D3-BF4B-00C04F79EFBC}") = "ClassLib118", "ClassLib118\ClassLib118.csproj", "{7DDC3BF9-9D17-45A0-BC31-3217C34B3D5D}"
EndProject
Project("{FAE04EC0-301F-11D3-BF4B-00C04F79EFBC}") = "ClassLib031", "ClassLib031\ClassLib031.csproj", "{6515924D-3D40-4A37-89C2-804931818F9E}"
EndProject
Project("{FAE04EC0-301F-11D3-BF4B-00C04F79EFBC}") = "ClassLib078", "ClassLib078\ClassLib078.csproj", "{478E3B56-CB8A-481D-9C19-DBA291CDF174}"
EndProject
Project("{FAE04EC0-301F-11D3-BF4B-00C04F79EFBC}") = "ClassLib083", "ClassLib083\ClassLib083.csproj", "{079EDAC0-023D-46E2-8A83-4A0847AD92CA}"
EndProject
Project("{FAE04EC0-301F-11D3-BF4B-00C04F79EFBC}") = "ClassLib001", "ClassLib001\ClassLib001.csproj", "{BD8A532D-1388-4121-8845-9C70B1755B3A}"
EndProject
Project("{FAE04EC0-301F-11D3-BF4B-00C04F79EFBC}") = "ClassLib012", "ClassLib012\ClassLib012.csproj", "{50649A9E-2612-49B3-B426-F45A28F6733D}"
EndProject
Project("{FAE04EC0-301F-11D3-BF4B-00C04F79EFBC}") = "ClassLib101", "ClassLib101\ClassLib101.csproj", "{A2ABF96A-20A7-40E8-B8B1-471EE55FEA21}"
EndProject
Project("{FAE04EC0-301F-11D3-BF4B-00C04F79EFBC}") = "ClassLib002", "ClassLib002\ClassLib002.csproj", "{F128304A-D0DB-4F6A-850F-CEBE544C1573}"
EndProject
Project("{FAE04EC0-301F-11D3-BF4B-00C04F79EFBC}") = "ClassLib092", "ClassLib092\ClassLib092.csproj", "{28902479-41A8-45F2-B53F-0EBEA5AA97B0}"
EndProject
Project("{FAE04EC0-301F-11D3-BF4B-00C04F79EFBC}") = "ClassLib103", "ClassLib103\ClassLib103.csproj", "{36E255CB-D902-4E5A-A249-60C482115333}"
EndProject
Project("{FAE04EC0-301F-11D3-BF4B-00C04F79EFBC}") = "ClassLib011", "ClassLib011\ClassLib011.csproj", "{A0D16F35-496B-49FA-BD6F-3CE3B6666E3B}"
EndProject
Project("{FAE04EC0-301F-11D3-BF4B-00C04F79EFBC}") = "ClassLib099", "ClassLib099\ClassLib099.csproj", "{774BDF51-568D-4C03-B34B-6C890DFA979D}"
EndProject
Project("{FAE04EC0-301F-11D3-BF4B-00C04F79EFBC}") = "ClassLib055", "ClassLib055\ClassLib055.csproj", "{7AB3AA6B-DFBA-422D-A71B-CE7394FD90A6}"
EndProject
Project("{FAE04EC0-301F-11D3-BF4B-00C04F79EFBC}") = "ClassLib053", "ClassLib053\ClassLib053.csproj", "{239B19DE-3AFA-4D0D-98A4-309840A65C55}"
EndProject
Project("{FAE04EC0-301F-11D3-BF4B-00C04F79EFBC}") = "ClassLib107", "ClassLib107\ClassLib107.csproj", "{6B03A4F1-32BC-4FE6-BD71-2CCB0528644D}"
EndProject
Project("{FAE04EC0-301F-11D3-BF4B-00C04F79EFBC}") = "ClassLib063", "ClassLib063\ClassLib063.csproj", "{2F2BA347-30E5-4B0C-92FA-A204A01AA72D}"
EndProject
Project("{FAE04EC0-301F-11D3-BF4B-00C04F79EFBC}") = "ClassLib093", "ClassLib093\ClassLib093.csproj", "{E2B5AA6C-57E5-4469-B04E-E2BD87B88A02}"
EndProject
Project("{FAE04EC0-301F-11D3-BF4B-00C04F79EFBC}") = "ClassLib016", "ClassLib016\ClassLib016.csproj", "{3B2D99C0-0A7B-46C2-8427-ED5172A18ADA}"
EndProject
Project("{FAE04EC0-301F-11D3-BF4B-00C04F79EFBC}") = "ClassLib038", "ClassLib038\ClassLib038.csproj", "{CBE05058-7C8C-42BF-8DE0-9CC233CD2FA8}"
EndProject
Project("{FAE04EC0-301F-11D3-BF4B-00C04F79EFBC}") = "ClassLib061", "ClassLib061\ClassLib061.csproj", "{B0DC2F88-BFBB-4AC9-888E-95B4C4A35DFA}"
EndProject
Project("{FAE04EC0-301F-11D3-BF4B-00C04F79EFBC}") = "ClassLib046", "ClassLib046\ClassLib046.csproj", "{65544CB9-3A0D-45D7-8A51-EBA822B17DFF}"
EndProject
Project("{FAE04EC0-301F-11D3-BF4B-00C04F79EFBC}") = "ClassLib034", "ClassLib034\ClassLib034.csproj", "{26A3AA32-B8A6-496E-9B60-72EC50E05100}"
EndProject
Project("{FAE04EC0-301F-11D3-BF4B-00C04F79EFBC}") = "ClassLib045", "ClassLib045\ClassLib045.csproj", "{F4A54466-EE48-4852-9146-2189340AF75D}"
EndProject
Project("{FAE04EC0-301F-11D3-BF4B-00C04F79EFBC}") = "ClassLib072", "ClassLib072\ClassLib072.csproj", "{3B869085-D9BC-481D-A09C-AF19F86277D9}"
EndProject
Project("{FAE04EC0-301F-11D3-BF4B-00C04F79EFBC}") = "ClassLib039", "ClassLib039\ClassLib039.csproj", "{2523A989-B223-4F5A-9300-9906B20E4736}"
EndProject
Project("{FAE04EC0-301F-11D3-BF4B-00C04F79EFBC}") = "ClassLib051", "ClassLib051\ClassLib051.csproj", "{18E21C57-88D1-4A2C-AD9B-8EACA8CDBCE6}"
EndProject
Project("{FAE04EC0-301F-11D3-BF4B-00C04F79EFBC}") = "ClassLib117", "ClassLib117\ClassLib117.csproj", "{4C9C5266-7752-42A6-94EE-4B4F449339B1}"
EndProject
Project("{FAE04EC0-301F-11D3-BF4B-00C04F79EFBC}") = "ClassLib008", "ClassLib008\ClassLib008.csproj", "{7D26A0A1-A025-490B-B21D-2ABB710ECAB2}"
EndProject
Project("{FAE04EC0-301F-11D3-BF4B-00C04F79EFBC}") = "ClassLib110", "ClassLib110\ClassLib110.csproj", "{4B0EFA67-A204-44A1-B16D-F677E9FDAD22}"
EndProject
Project("{FAE04EC0-301F-11D3-BF4B-00C04F79EFBC}") = "ClassLib059", "ClassLib059\ClassLib059.csproj", "{F69A2FBA-6AB5-4DE3-940F-F27C66BBA648}"
EndProject
Project("{FAE04EC0-301F-11D3-BF4B-00C04F79EFBC}") = "ClassLib077", "ClassLib077\ClassLib077.csproj", "{B2BC6CBE-DD5B-4D2A-B217-B13E1A1FC4B2}"
EndProject
Project("{FAE04EC0-301F-11D3-BF4B-00C04F79EFBC}") = "ClassLib074", "ClassLib074\ClassLib074.csproj", "{2EA7E635-125C-46B5-A7DC-90B1D0A3E8FA}"
EndProject
Project("{FAE04EC0-301F-11D3-BF4B-00C04F79EFBC}") = "ClassLib124", "ClassLib124\ClassLib124.csproj", "{A8F0BFBF-4B6F-4B7E-9F4A-2EA819D9DBDA}"
EndProject
Project("{FAE04EC0-301F-11D3-BF4B-00C04F79EFBC}") = "ClassLib070", "ClassLib070\ClassLib070.csproj", "{2413B136-87C4-4C9D-85F7-9F43B2EA9CF4}"
EndProject
Project("{FAE04EC0-301F-11D3-BF4B-00C04F79EFBC}") = "ClassLib071", "ClassLib071\ClassLib071.csproj", "{C9528FFC-30B8-4108-B8D7-E4BA4434F811}"
EndProject
Project("{FAE04EC0-301F-11D3-BF4B-00C04F79EFBC}") = "ClassLib054", "ClassLib054\ClassLib054.csproj", "{1CC72596-97E6-4077-9B8C-4340C482E6AC}"
EndProject
Project("{FAE04EC0-301F-11D3-BF4B-00C04F79EFBC}") = "ClassLib014", "ClassLib014\ClassLib014.csproj", "{DCAF9597-F1D2-4960-A92B-BB9EE188B6F4}"
EndProject
Project("{FAE04EC0-301F-11D3-BF4B-00C04F79EFBC}") = "ClassLib022", "ClassLib022\ClassLib022.csproj", "{E8E94D6C-D4CD-4B9C-845B-BA44D599ED26}"
EndProject
Project("{FAE04EC0-301F-11D3-BF4B-00C04F79EFBC}") = "ClassLib021", "ClassLib021\ClassLib021.csproj", "{BF2C4C48-354C-44B9-A8EE-0C5B0A1400FB}"
EndProject
Global
	GlobalSection(SolutionConfigurationPlatforms) = preSolution
		Debug|Any CPU = Debug|Any CPU
		Release|Any CPU = Release|Any CPU
	EndGlobalSection
	GlobalSection(ProjectConfigurationPlatforms) = postSolution
		{F9625F4A-BB92-465C-A8A4-2D13A8A99086}.Debug|Any CPU.ActiveCfg = Debug|Any CPU
		{F9625F4A-BB92-465C-A8A4-2D13A8A99086}.Debug|Any CPU.Build.0 = Debug|Any CPU
		{F9625F4A-BB92-465C-A8A4-2D13A8A99086}.Release|Any CPU.ActiveCfg = Release|Any CPU
		{F9625F4A-BB92-465C-A8A4-2D13A8A99086}.Release|Any CPU.Build.0 = Release|Any CPU
		{B4B2DD8D-1F3D-4452-B1AA-FEDDA573A0B9}.Debug|Any CPU.ActiveCfg = Debug|Any CPU
		{B4B2DD8D-1F3D-4452-B1AA-FEDDA573A0B9}.Debug|Any CPU.Build.0 = Debug|Any CPU
		{B4B2DD8D-1F3D-4452-B1AA-FEDDA573A0B9}.Release|Any CPU.ActiveCfg = Debug|Any CPU
		{B4B2DD8D-1F3D-4452-B1AA-FEDDA573A0B9}.Release|Any CPU.Build.0 = Debug|Any CPU
		{D5E3ACA1-9E54-44E6-9051-113FAFDFEE03}.Debug|Any CPU.ActiveCfg = Debug|Any CPU
		{D5E3ACA1-9E54-44E6-9051-113FAFDFEE03}.Debug|Any CPU.Build.0 = Debug|Any CPU
		{D5E3ACA1-9E54-44E6-9051-113FAFDFEE03}.Release|Any CPU.ActiveCfg = Debug|Any CPU
		{D5E3ACA1-9E54-44E6-9051-113FAFDFEE03}.Release|Any CPU.Build.0 = Debug|Any CPU
		{B2A5EC2A-E7A8-4373-BC5F-6357FDCED7B2}.Debug|Any CPU.ActiveCfg = Debug|Any CPU
		{B2A5EC2A-E7A8-4373-BC5F-6357FDCED7B2}.Debug|Any CPU.Build.0 = Debug|Any CPU
		{B2A5EC2A-E7A8-4373-BC5F-6357FDCED7B2}.Release|Any CPU.ActiveCfg = Debug|Any CPU
		{B2A5EC2A-E7A8-4373-BC5F-6357FDCED7B2}.Release|Any CPU.Build.0 = Debug|Any CPU
		{2F9EBBB1-01F6-4C29-A8A7-0CA5DC37B295}.Debug|Any CPU.ActiveCfg = Debug|Any CPU
		{2F9EBBB1-01F6-4C29-A8A7-0CA5DC37B295}.Debug|Any CPU.Build.0 = Debug|Any CPU
		{2F9EBBB1-01F6-4C29-A8A7-0CA5DC37B295}.Release|Any CPU.ActiveCfg = Debug|Any CPU
		{2F9EBBB1-01F6-4C29-A8A7-0CA5DC37B295}.Release|Any CPU.Build.0 = Debug|Any CPU
		{9916F7DB-D3ED-4D35-91C9-52C8DCC442FE}.Debug|Any CPU.ActiveCfg = Debug|Any CPU
		{9916F7DB-D3ED-4D35-91C9-52C8DCC442FE}.Debug|Any CPU.Build.0 = Debug|Any CPU
		{9916F7DB-D3ED-4D35-91C9-52C8DCC442FE}.Release|Any CPU.ActiveCfg = Debug|Any CPU
		{9916F7DB-D3ED-4D35-91C9-52C8DCC442FE}.Release|Any CPU.Build.0 = Debug|Any CPU
		{B8FB29EE-1325-41A8-A109-F5A8E6B60713}.Debug|Any CPU.ActiveCfg = Debug|Any CPU
		{B8FB29EE-1325-41A8-A109-F5A8E6B60713}.Debug|Any CPU.Build.0 = Debug|Any CPU
		{B8FB29EE-1325-41A8-A109-F5A8E6B60713}.Release|Any CPU.ActiveCfg = Debug|Any CPU
		{B8FB29EE-1325-41A8-A109-F5A8E6B60713}.Release|Any CPU.Build.0 = Debug|Any CPU
		{31AA4A57-ECE5-4F40-91C3-326470D8D4DD}.Debug|Any CPU.ActiveCfg = Debug|Any CPU
		{31AA4A57-ECE5-4F40-91C3-326470D8D4DD}.Debug|Any CPU.Build.0 = Debug|Any CPU
		{31AA4A57-ECE5-4F40-91C3-326470D8D4DD}.Release|Any CPU.ActiveCfg = Debug|Any CPU
		{31AA4A57-ECE5-4F40-91C3-326470D8D4DD}.Release|Any CPU.Build.0 = Debug|Any CPU
		{11F99620-4CE4-4F21-B42C-AAA2F919CD8C}.Debug|Any CPU.ActiveCfg = Debug|Any CPU
		{11F99620-4CE4-4F21-B42C-AAA2F919CD8C}.Debug|Any CPU.Build.0 = Debug|Any CPU
		{11F99620-4CE4-4F21-B42C-AAA2F919CD8C}.Release|Any CPU.ActiveCfg = Debug|Any CPU
		{11F99620-4CE4-4F21-B42C-AAA2F919CD8C}.Release|Any CPU.Build.0 = Debug|Any CPU
		{0ADEFC5B-4FAC-4C0A-829A-B2EB0143C457}.Debug|Any CPU.ActiveCfg = Debug|Any CPU
		{0ADEFC5B-4FAC-4C0A-829A-B2EB0143C457}.Debug|Any CPU.Build.0 = Debug|Any CPU
		{0ADEFC5B-4FAC-4C0A-829A-B2EB0143C457}.Release|Any CPU.ActiveCfg = Debug|Any CPU
		{0ADEFC5B-4FAC-4C0A-829A-B2EB0143C457}.Release|Any CPU.Build.0 = Debug|Any CPU
		{E8023C36-5FBF-40C6-BF33-10F2079A16FD}.Debug|Any CPU.ActiveCfg = Debug|Any CPU
		{E8023C36-5FBF-40C6-BF33-10F2079A16FD}.Debug|Any CPU.Build.0 = Debug|Any CPU
		{E8023C36-5FBF-40C6-BF33-10F2079A16FD}.Release|Any CPU.ActiveCfg = Debug|Any CPU
		{E8023C36-5FBF-40C6-BF33-10F2079A16FD}.Release|Any CPU.Build.0 = Debug|Any CPU
		{C3F0AA9D-911D-4288-880E-5DC491BB572E}.Debug|Any CPU.ActiveCfg = Debug|Any CPU
		{C3F0AA9D-911D-4288-880E-5DC491BB572E}.Debug|Any CPU.Build.0 = Debug|Any CPU
		{C3F0AA9D-911D-4288-880E-5DC491BB572E}.Release|Any CPU.ActiveCfg = Debug|Any CPU
		{C3F0AA9D-911D-4288-880E-5DC491BB572E}.Release|Any CPU.Build.0 = Debug|Any CPU
		{B48854AD-C854-4BD6-91C9-DA654745658B}.Debug|Any CPU.ActiveCfg = Debug|Any CPU
		{B48854AD-C854-4BD6-91C9-DA654745658B}.Debug|Any CPU.Build.0 = Debug|Any CPU
		{B48854AD-C854-4BD6-91C9-DA654745658B}.Release|Any CPU.ActiveCfg = Debug|Any CPU
		{B48854AD-C854-4BD6-91C9-DA654745658B}.Release|Any CPU.Build.0 = Debug|Any CPU
		{D0AB09E4-F989-46C1-8474-879609013E12}.Debug|Any CPU.ActiveCfg = Debug|Any CPU
		{D0AB09E4-F989-46C1-8474-879609013E12}.Debug|Any CPU.Build.0 = Debug|Any CPU
		{D0AB09E4-F989-46C1-8474-879609013E12}.Release|Any CPU.ActiveCfg = Debug|Any CPU
		{D0AB09E4-F989-46C1-8474-879609013E12}.Release|Any CPU.Build.0 = Debug|Any CPU
		{A0F8E67E-DE63-4AB9-9891-7E8146E800C7}.Debug|Any CPU.ActiveCfg = Debug|Any CPU
		{A0F8E67E-DE63-4AB9-9891-7E8146E800C7}.Debug|Any CPU.Build.0 = Debug|Any CPU
		{A0F8E67E-DE63-4AB9-9891-7E8146E800C7}.Release|Any CPU.ActiveCfg = Debug|Any CPU
		{A0F8E67E-DE63-4AB9-9891-7E8146E800C7}.Release|Any CPU.Build.0 = Debug|Any CPU
		{E7B95D3D-2F79-460E-A07C-77B664EE1E56}.Debug|Any CPU.ActiveCfg = Debug|Any CPU
		{E7B95D3D-2F79-460E-A07C-77B664EE1E56}.Debug|Any CPU.Build.0 = Debug|Any CPU
		{E7B95D3D-2F79-460E-A07C-77B664EE1E56}.Release|Any CPU.ActiveCfg = Debug|Any CPU
		{E7B95D3D-2F79-460E-A07C-77B664EE1E56}.Release|Any CPU.Build.0 = Debug|Any CPU
		{90481870-4ABA-4F79-BA7F-40E3D21E17BF}.Debug|Any CPU.ActiveCfg = Debug|Any CPU
		{90481870-4ABA-4F79-BA7F-40E3D21E17BF}.Debug|Any CPU.Build.0 = Debug|Any CPU
		{90481870-4ABA-4F79-BA7F-40E3D21E17BF}.Release|Any CPU.ActiveCfg = Debug|Any CPU
		{90481870-4ABA-4F79-BA7F-40E3D21E17BF}.Release|Any CPU.Build.0 = Debug|Any CPU
		{A20BDB19-9816-483A-8A6A-209540B4C755}.Debug|Any CPU.ActiveCfg = Debug|Any CPU
		{A20BDB19-9816-483A-8A6A-209540B4C755}.Debug|Any CPU.Build.0 = Debug|Any CPU
		{A20BDB19-9816-483A-8A6A-209540B4C755}.Release|Any CPU.ActiveCfg = Debug|Any CPU
		{A20BDB19-9816-483A-8A6A-209540B4C755}.Release|Any CPU.Build.0 = Debug|Any CPU
		{5605DD82-60B7-461F-BCCE-100E823DA1F5}.Debug|Any CPU.ActiveCfg = Debug|Any CPU
		{5605DD82-60B7-461F-BCCE-100E823DA1F5}.Debug|Any CPU.Build.0 = Debug|Any CPU
		{5605DD82-60B7-461F-BCCE-100E823DA1F5}.Release|Any CPU.ActiveCfg = Debug|Any CPU
		{5605DD82-60B7-461F-BCCE-100E823DA1F5}.Release|Any CPU.Build.0 = Debug|Any CPU
		{062A43B3-F6DD-47CF-82A1-A20979974D2B}.Debug|Any CPU.ActiveCfg = Debug|Any CPU
		{062A43B3-F6DD-47CF-82A1-A20979974D2B}.Debug|Any CPU.Build.0 = Debug|Any CPU
		{062A43B3-F6DD-47CF-82A1-A20979974D2B}.Release|Any CPU.ActiveCfg = Debug|Any CPU
		{062A43B3-F6DD-47CF-82A1-A20979974D2B}.Release|Any CPU.Build.0 = Debug|Any CPU
		{13EC9A02-D05E-470D-B5DD-B04C5456EB5C}.Debug|Any CPU.ActiveCfg = Debug|Any CPU
		{13EC9A02-D05E-470D-B5DD-B04C5456EB5C}.Debug|Any CPU.Build.0 = Debug|Any CPU
		{13EC9A02-D05E-470D-B5DD-B04C5456EB5C}.Release|Any CPU.ActiveCfg = Debug|Any CPU
		{13EC9A02-D05E-470D-B5DD-B04C5456EB5C}.Release|Any CPU.Build.0 = Debug|Any CPU
		{193F7D63-DB92-4B27-8767-51724595C617}.Debug|Any CPU.ActiveCfg = Debug|Any CPU
		{193F7D63-DB92-4B27-8767-51724595C617}.Debug|Any CPU.Build.0 = Debug|Any CPU
		{193F7D63-DB92-4B27-8767-51724595C617}.Release|Any CPU.ActiveCfg = Debug|Any CPU
		{193F7D63-DB92-4B27-8767-51724595C617}.Release|Any CPU.Build.0 = Debug|Any CPU
		{CAAA2470-AD53-44EB-B822-365456E626A5}.Debug|Any CPU.ActiveCfg = Debug|Any CPU
		{CAAA2470-AD53-44EB-B822-365456E626A5}.Debug|Any CPU.Build.0 = Debug|Any CPU
		{CAAA2470-AD53-44EB-B822-365456E626A5}.Release|Any CPU.ActiveCfg = Debug|Any CPU
		{CAAA2470-AD53-44EB-B822-365456E626A5}.Release|Any CPU.Build.0 = Debug|Any CPU
		{58BA9E2E-6B9A-4791-9619-B980B67D339E}.Debug|Any CPU.ActiveCfg = Debug|Any CPU
		{58BA9E2E-6B9A-4791-9619-B980B67D339E}.Debug|Any CPU.Build.0 = Debug|Any CPU
		{58BA9E2E-6B9A-4791-9619-B980B67D339E}.Release|Any CPU.ActiveCfg = Debug|Any CPU
		{58BA9E2E-6B9A-4791-9619-B980B67D339E}.Release|Any CPU.Build.0 = Debug|Any CPU
		{0443AF3F-0F1F-46C7-B911-25E9F9BDB05E}.Debug|Any CPU.ActiveCfg = Debug|Any CPU
		{0443AF3F-0F1F-46C7-B911-25E9F9BDB05E}.Debug|Any CPU.Build.0 = Debug|Any CPU
		{0443AF3F-0F1F-46C7-B911-25E9F9BDB05E}.Release|Any CPU.ActiveCfg = Debug|Any CPU
		{0443AF3F-0F1F-46C7-B911-25E9F9BDB05E}.Release|Any CPU.Build.0 = Debug|Any CPU
		{6C3E8827-9A4F-422D-A0F5-0EE08841D29A}.Debug|Any CPU.ActiveCfg = Debug|Any CPU
		{6C3E8827-9A4F-422D-A0F5-0EE08841D29A}.Debug|Any CPU.Build.0 = Debug|Any CPU
		{6C3E8827-9A4F-422D-A0F5-0EE08841D29A}.Release|Any CPU.ActiveCfg = Debug|Any CPU
		{6C3E8827-9A4F-422D-A0F5-0EE08841D29A}.Release|Any CPU.Build.0 = Debug|Any CPU
		{EE32CB20-A2A0-47BF-918A-CF1EECB68F6C}.Debug|Any CPU.ActiveCfg = Debug|Any CPU
		{EE32CB20-A2A0-47BF-918A-CF1EECB68F6C}.Debug|Any CPU.Build.0 = Debug|Any CPU
		{EE32CB20-A2A0-47BF-918A-CF1EECB68F6C}.Release|Any CPU.ActiveCfg = Debug|Any CPU
		{EE32CB20-A2A0-47BF-918A-CF1EECB68F6C}.Release|Any CPU.Build.0 = Debug|Any CPU
		{5B233FDD-AA5F-4296-91F5-1822C7F1F506}.Debug|Any CPU.ActiveCfg = Debug|Any CPU
		{5B233FDD-AA5F-4296-91F5-1822C7F1F506}.Debug|Any CPU.Build.0 = Debug|Any CPU
		{5B233FDD-AA5F-4296-91F5-1822C7F1F506}.Release|Any CPU.ActiveCfg = Debug|Any CPU
		{5B233FDD-AA5F-4296-91F5-1822C7F1F506}.Release|Any CPU.Build.0 = Debug|Any CPU
		{68EF782E-43A4-4523-8078-C4EC3F2F6234}.Debug|Any CPU.ActiveCfg = Debug|Any CPU
		{68EF782E-43A4-4523-8078-C4EC3F2F6234}.Debug|Any CPU.Build.0 = Debug|Any CPU
		{68EF782E-43A4-4523-8078-C4EC3F2F6234}.Release|Any CPU.ActiveCfg = Debug|Any CPU
		{68EF782E-43A4-4523-8078-C4EC3F2F6234}.Release|Any CPU.Build.0 = Debug|Any CPU
		{D6A4BC74-7DCF-4642-9DD7-49E99F1F345D}.Debug|Any CPU.ActiveCfg = Debug|Any CPU
		{D6A4BC74-7DCF-4642-9DD7-49E99F1F345D}.Debug|Any CPU.Build.0 = Debug|Any CPU
		{D6A4BC74-7DCF-4642-9DD7-49E99F1F345D}.Release|Any CPU.ActiveCfg = Debug|Any CPU
		{D6A4BC74-7DCF-4642-9DD7-49E99F1F345D}.Release|Any CPU.Build.0 = Debug|Any CPU
		{0EA9EF52-A3F4-43FA-A0D6-07BC2C0D4941}.Debug|Any CPU.ActiveCfg = Debug|Any CPU
		{0EA9EF52-A3F4-43FA-A0D6-07BC2C0D4941}.Debug|Any CPU.Build.0 = Debug|Any CPU
		{0EA9EF52-A3F4-43FA-A0D6-07BC2C0D4941}.Release|Any CPU.ActiveCfg = Debug|Any CPU
		{0EA9EF52-A3F4-43FA-A0D6-07BC2C0D4941}.Release|Any CPU.Build.0 = Debug|Any CPU
		{2936AB23-3628-4288-A966-33C98E8EC1E7}.Debug|Any CPU.ActiveCfg = Debug|Any CPU
		{2936AB23-3628-4288-A966-33C98E8EC1E7}.Debug|Any CPU.Build.0 = Debug|Any CPU
		{2936AB23-3628-4288-A966-33C98E8EC1E7}.Release|Any CPU.ActiveCfg = Debug|Any CPU
		{2936AB23-3628-4288-A966-33C98E8EC1E7}.Release|Any CPU.Build.0 = Debug|Any CPU
		{6E6B58FC-5204-4F20-B1C9-35D510CBBD9E}.Debug|Any CPU.ActiveCfg = Debug|Any CPU
		{6E6B58FC-5204-4F20-B1C9-35D510CBBD9E}.Debug|Any CPU.Build.0 = Debug|Any CPU
		{6E6B58FC-5204-4F20-B1C9-35D510CBBD9E}.Release|Any CPU.ActiveCfg = Debug|Any CPU
		{6E6B58FC-5204-4F20-B1C9-35D510CBBD9E}.Release|Any CPU.Build.0 = Debug|Any CPU
		{3ADFB73B-79B5-4FC9-963B-453C1B11DB72}.Debug|Any CPU.ActiveCfg = Debug|Any CPU
		{3ADFB73B-79B5-4FC9-963B-453C1B11DB72}.Debug|Any CPU.Build.0 = Debug|Any CPU
		{3ADFB73B-79B5-4FC9-963B-453C1B11DB72}.Release|Any CPU.ActiveCfg = Debug|Any CPU
		{3ADFB73B-79B5-4FC9-963B-453C1B11DB72}.Release|Any CPU.Build.0 = Debug|Any CPU
		{D55ECD3D-69E8-4DF9-B90E-D8B7DC65DF0E}.Debug|Any CPU.ActiveCfg = Debug|Any CPU
		{D55ECD3D-69E8-4DF9-B90E-D8B7DC65DF0E}.Debug|Any CPU.Build.0 = Debug|Any CPU
		{D55ECD3D-69E8-4DF9-B90E-D8B7DC65DF0E}.Release|Any CPU.ActiveCfg = Debug|Any CPU
		{D55ECD3D-69E8-4DF9-B90E-D8B7DC65DF0E}.Release|Any CPU.Build.0 = Debug|Any CPU
		{F54CB8E3-7616-435C-9622-8DC8CC5A77BE}.Debug|Any CPU.ActiveCfg = Debug|Any CPU
		{F54CB8E3-7616-435C-9622-8DC8CC5A77BE}.Debug|Any CPU.Build.0 = Debug|Any CPU
		{F54CB8E3-7616-435C-9622-8DC8CC5A77BE}.Release|Any CPU.ActiveCfg = Debug|Any CPU
		{F54CB8E3-7616-435C-9622-8DC8CC5A77BE}.Release|Any CPU.Build.0 = Debug|Any CPU
		{3BF0CD61-7D12-4B35-904F-5415D3250413}.Debug|Any CPU.ActiveCfg = Debug|Any CPU
		{3BF0CD61-7D12-4B35-904F-5415D3250413}.Debug|Any CPU.Build.0 = Debug|Any CPU
		{3BF0CD61-7D12-4B35-904F-5415D3250413}.Release|Any CPU.ActiveCfg = Debug|Any CPU
		{3BF0CD61-7D12-4B35-904F-5415D3250413}.Release|Any CPU.Build.0 = Debug|Any CPU
		{BC9B46ED-3188-46AA-96F2-A663827B5082}.Debug|Any CPU.ActiveCfg = Debug|Any CPU
		{BC9B46ED-3188-46AA-96F2-A663827B5082}.Debug|Any CPU.Build.0 = Debug|Any CPU
		{BC9B46ED-3188-46AA-96F2-A663827B5082}.Release|Any CPU.ActiveCfg = Debug|Any CPU
		{BC9B46ED-3188-46AA-96F2-A663827B5082}.Release|Any CPU.Build.0 = Debug|Any CPU
		{47FD01D2-7EEE-4AC0-8F5D-E79A0526E751}.Debug|Any CPU.ActiveCfg = Debug|Any CPU
		{47FD01D2-7EEE-4AC0-8F5D-E79A0526E751}.Debug|Any CPU.Build.0 = Debug|Any CPU
		{47FD01D2-7EEE-4AC0-8F5D-E79A0526E751}.Release|Any CPU.ActiveCfg = Debug|Any CPU
		{47FD01D2-7EEE-4AC0-8F5D-E79A0526E751}.Release|Any CPU.Build.0 = Debug|Any CPU
		{59B5A8B7-2B6B-41AD-90F6-463869A49B46}.Debug|Any CPU.ActiveCfg = Debug|Any CPU
		{59B5A8B7-2B6B-41AD-90F6-463869A49B46}.Debug|Any CPU.Build.0 = Debug|Any CPU
		{59B5A8B7-2B6B-41AD-90F6-463869A49B46}.Release|Any CPU.ActiveCfg = Debug|Any CPU
		{59B5A8B7-2B6B-41AD-90F6-463869A49B46}.Release|Any CPU.Build.0 = Debug|Any CPU
		{8A2E8E40-B7E3-48B5-AD13-77892FD27A1B}.Debug|Any CPU.ActiveCfg = Debug|Any CPU
		{8A2E8E40-B7E3-48B5-AD13-77892FD27A1B}.Debug|Any CPU.Build.0 = Debug|Any CPU
		{8A2E8E40-B7E3-48B5-AD13-77892FD27A1B}.Release|Any CPU.ActiveCfg = Debug|Any CPU
		{8A2E8E40-B7E3-48B5-AD13-77892FD27A1B}.Release|Any CPU.Build.0 = Debug|Any CPU
		{DD922E38-D311-40F0-8370-3004639162D1}.Debug|Any CPU.ActiveCfg = Debug|Any CPU
		{DD922E38-D311-40F0-8370-3004639162D1}.Debug|Any CPU.Build.0 = Debug|Any CPU
		{DD922E38-D311-40F0-8370-3004639162D1}.Release|Any CPU.ActiveCfg = Debug|Any CPU
		{DD922E38-D311-40F0-8370-3004639162D1}.Release|Any CPU.Build.0 = Debug|Any CPU
		{AE4BB364-AF38-4AB9-B628-C4B2CD1F9A97}.Debug|Any CPU.ActiveCfg = Debug|Any CPU
		{AE4BB364-AF38-4AB9-B628-C4B2CD1F9A97}.Debug|Any CPU.Build.0 = Debug|Any CPU
		{AE4BB364-AF38-4AB9-B628-C4B2CD1F9A97}.Release|Any CPU.ActiveCfg = Debug|Any CPU
		{AE4BB364-AF38-4AB9-B628-C4B2CD1F9A97}.Release|Any CPU.Build.0 = Debug|Any CPU
		{05AD3DC9-841F-4D54-8958-4C3B5B2CD1BE}.Debug|Any CPU.ActiveCfg = Debug|Any CPU
		{05AD3DC9-841F-4D54-8958-4C3B5B2CD1BE}.Debug|Any CPU.Build.0 = Debug|Any CPU
		{05AD3DC9-841F-4D54-8958-4C3B5B2CD1BE}.Release|Any CPU.ActiveCfg = Debug|Any CPU
		{05AD3DC9-841F-4D54-8958-4C3B5B2CD1BE}.Release|Any CPU.Build.0 = Debug|Any CPU
		{874BB580-EB47-4D0F-8463-7E3EB0E75864}.Debug|Any CPU.ActiveCfg = Debug|Any CPU
		{874BB580-EB47-4D0F-8463-7E3EB0E75864}.Debug|Any CPU.Build.0 = Debug|Any CPU
		{874BB580-EB47-4D0F-8463-7E3EB0E75864}.Release|Any CPU.ActiveCfg = Debug|Any CPU
		{874BB580-EB47-4D0F-8463-7E3EB0E75864}.Release|Any CPU.Build.0 = Debug|Any CPU
		{D278B342-DC60-4AB5-B29B-1F39AC50E6D1}.Debug|Any CPU.ActiveCfg = Debug|Any CPU
		{D278B342-DC60-4AB5-B29B-1F39AC50E6D1}.Debug|Any CPU.Build.0 = Debug|Any CPU
		{D278B342-DC60-4AB5-B29B-1F39AC50E6D1}.Release|Any CPU.ActiveCfg = Debug|Any CPU
		{D278B342-DC60-4AB5-B29B-1F39AC50E6D1}.Release|Any CPU.Build.0 = Debug|Any CPU
		{F7350538-65D7-4AFC-A8AC-0B57F26CC177}.Debug|Any CPU.ActiveCfg = Debug|Any CPU
		{F7350538-65D7-4AFC-A8AC-0B57F26CC177}.Debug|Any CPU.Build.0 = Debug|Any CPU
		{F7350538-65D7-4AFC-A8AC-0B57F26CC177}.Release|Any CPU.ActiveCfg = Debug|Any CPU
		{F7350538-65D7-4AFC-A8AC-0B57F26CC177}.Release|Any CPU.Build.0 = Debug|Any CPU
		{A8A2DA39-B2DA-4CA5-A6B0-1271592E078A}.Debug|Any CPU.ActiveCfg = Debug|Any CPU
		{A8A2DA39-B2DA-4CA5-A6B0-1271592E078A}.Debug|Any CPU.Build.0 = Debug|Any CPU
		{A8A2DA39-B2DA-4CA5-A6B0-1271592E078A}.Release|Any CPU.ActiveCfg = Debug|Any CPU
		{A8A2DA39-B2DA-4CA5-A6B0-1271592E078A}.Release|Any CPU.Build.0 = Debug|Any CPU
		{5F0F7E09-35C2-4A4C-B7F0-30F68A98BAB9}.Debug|Any CPU.ActiveCfg = Debug|Any CPU
		{5F0F7E09-35C2-4A4C-B7F0-30F68A98BAB9}.Debug|Any CPU.Build.0 = Debug|Any CPU
		{5F0F7E09-35C2-4A4C-B7F0-30F68A98BAB9}.Release|Any CPU.ActiveCfg = Debug|Any CPU
		{5F0F7E09-35C2-4A4C-B7F0-30F68A98BAB9}.Release|Any CPU.Build.0 = Debug|Any CPU
		{B7540580-CAC5-4C94-8790-03BFD160B11C}.Debug|Any CPU.ActiveCfg = Debug|Any CPU
		{B7540580-CAC5-4C94-8790-03BFD160B11C}.Debug|Any CPU.Build.0 = Debug|Any CPU
		{B7540580-CAC5-4C94-8790-03BFD160B11C}.Release|Any CPU.ActiveCfg = Debug|Any CPU
		{B7540580-CAC5-4C94-8790-03BFD160B11C}.Release|Any CPU.Build.0 = Debug|Any CPU
		{91BD8C90-0A46-4159-B786-F444CD8BB19F}.Debug|Any CPU.ActiveCfg = Debug|Any CPU
		{91BD8C90-0A46-4159-B786-F444CD8BB19F}.Debug|Any CPU.Build.0 = Debug|Any CPU
		{91BD8C90-0A46-4159-B786-F444CD8BB19F}.Release|Any CPU.ActiveCfg = Debug|Any CPU
		{91BD8C90-0A46-4159-B786-F444CD8BB19F}.Release|Any CPU.Build.0 = Debug|Any CPU
		{A084A344-C60A-4618-8E04-6A23BA519F1A}.Debug|Any CPU.ActiveCfg = Debug|Any CPU
		{A084A344-C60A-4618-8E04-6A23BA519F1A}.Debug|Any CPU.Build.0 = Debug|Any CPU
		{A084A344-C60A-4618-8E04-6A23BA519F1A}.Release|Any CPU.ActiveCfg = Debug|Any CPU
		{A084A344-C60A-4618-8E04-6A23BA519F1A}.Release|Any CPU.Build.0 = Debug|Any CPU
		{66822A41-ED3C-43E9-B3B7-BCCA213894DE}.Debug|Any CPU.ActiveCfg = Debug|Any CPU
		{66822A41-ED3C-43E9-B3B7-BCCA213894DE}.Debug|Any CPU.Build.0 = Debug|Any CPU
		{66822A41-ED3C-43E9-B3B7-BCCA213894DE}.Release|Any CPU.ActiveCfg = Debug|Any CPU
		{66822A41-ED3C-43E9-B3B7-BCCA213894DE}.Release|Any CPU.Build.0 = Debug|Any CPU
		{C797D016-E6CB-44F5-A958-45A43037D89C}.Debug|Any CPU.ActiveCfg = Debug|Any CPU
		{C797D016-E6CB-44F5-A958-45A43037D89C}.Debug|Any CPU.Build.0 = Debug|Any CPU
		{C797D016-E6CB-44F5-A958-45A43037D89C}.Release|Any CPU.ActiveCfg = Debug|Any CPU
		{C797D016-E6CB-44F5-A958-45A43037D89C}.Release|Any CPU.Build.0 = Debug|Any CPU
		{7659A721-538F-40A7-AFB3-C4AF07EF95B2}.Debug|Any CPU.ActiveCfg = Debug|Any CPU
		{7659A721-538F-40A7-AFB3-C4AF07EF95B2}.Debug|Any CPU.Build.0 = Debug|Any CPU
		{7659A721-538F-40A7-AFB3-C4AF07EF95B2}.Release|Any CPU.ActiveCfg = Debug|Any CPU
		{7659A721-538F-40A7-AFB3-C4AF07EF95B2}.Release|Any CPU.Build.0 = Debug|Any CPU
		{849A7ED7-7A02-494B-85E7-AEB1736DA935}.Debug|Any CPU.ActiveCfg = Debug|Any CPU
		{849A7ED7-7A02-494B-85E7-AEB1736DA935}.Debug|Any CPU.Build.0 = Debug|Any CPU
		{849A7ED7-7A02-494B-85E7-AEB1736DA935}.Release|Any CPU.ActiveCfg = Debug|Any CPU
		{849A7ED7-7A02-494B-85E7-AEB1736DA935}.Release|Any CPU.Build.0 = Debug|Any CPU
		{350D144D-E58C-4D84-A3C3-F085AD961856}.Debug|Any CPU.ActiveCfg = Debug|Any CPU
		{350D144D-E58C-4D84-A3C3-F085AD961856}.Debug|Any CPU.Build.0 = Debug|Any CPU
		{350D144D-E58C-4D84-A3C3-F085AD961856}.Release|Any CPU.ActiveCfg = Debug|Any CPU
		{350D144D-E58C-4D84-A3C3-F085AD961856}.Release|Any CPU.Build.0 = Debug|Any CPU
		{3235407C-E66A-4AD9-A856-B2597D3A1013}.Debug|Any CPU.ActiveCfg = Debug|Any CPU
		{3235407C-E66A-4AD9-A856-B2597D3A1013}.Debug|Any CPU.Build.0 = Debug|Any CPU
		{3235407C-E66A-4AD9-A856-B2597D3A1013}.Release|Any CPU.ActiveCfg = Debug|Any CPU
		{3235407C-E66A-4AD9-A856-B2597D3A1013}.Release|Any CPU.Build.0 = Debug|Any CPU
		{9B60B0B4-F39D-4F8E-9FF3-987CB3B5528D}.Debug|Any CPU.ActiveCfg = Debug|Any CPU
		{9B60B0B4-F39D-4F8E-9FF3-987CB3B5528D}.Debug|Any CPU.Build.0 = Debug|Any CPU
		{9B60B0B4-F39D-4F8E-9FF3-987CB3B5528D}.Release|Any CPU.ActiveCfg = Debug|Any CPU
		{9B60B0B4-F39D-4F8E-9FF3-987CB3B5528D}.Release|Any CPU.Build.0 = Debug|Any CPU
		{51FC1CE8-60B3-40FD-9285-0BC98EB971C9}.Debug|Any CPU.ActiveCfg = Debug|Any CPU
		{51FC1CE8-60B3-40FD-9285-0BC98EB971C9}.Debug|Any CPU.Build.0 = Debug|Any CPU
		{51FC1CE8-60B3-40FD-9285-0BC98EB971C9}.Release|Any CPU.ActiveCfg = Debug|Any CPU
		{51FC1CE8-60B3-40FD-9285-0BC98EB971C9}.Release|Any CPU.Build.0 = Debug|Any CPU
		{35C33597-105E-4002-9958-4B8EA13D5A90}.Debug|Any CPU.ActiveCfg = Debug|Any CPU
		{35C33597-105E-4002-9958-4B8EA13D5A90}.Debug|Any CPU.Build.0 = Debug|Any CPU
		{35C33597-105E-4002-9958-4B8EA13D5A90}.Release|Any CPU.ActiveCfg = Debug|Any CPU
		{35C33597-105E-4002-9958-4B8EA13D5A90}.Release|Any CPU.Build.0 = Debug|Any CPU
		{D3318BED-778F-4DC0-9B5C-A8419DA5A62D}.Debug|Any CPU.ActiveCfg = Debug|Any CPU
		{D3318BED-778F-4DC0-9B5C-A8419DA5A62D}.Debug|Any CPU.Build.0 = Debug|Any CPU
		{D3318BED-778F-4DC0-9B5C-A8419DA5A62D}.Release|Any CPU.ActiveCfg = Debug|Any CPU
		{D3318BED-778F-4DC0-9B5C-A8419DA5A62D}.Release|Any CPU.Build.0 = Debug|Any CPU
		{34D4E1D5-7DD0-49E0-A7DD-4739130BA280}.Debug|Any CPU.ActiveCfg = Debug|Any CPU
		{34D4E1D5-7DD0-49E0-A7DD-4739130BA280}.Debug|Any CPU.Build.0 = Debug|Any CPU
		{34D4E1D5-7DD0-49E0-A7DD-4739130BA280}.Release|Any CPU.ActiveCfg = Debug|Any CPU
		{34D4E1D5-7DD0-49E0-A7DD-4739130BA280}.Release|Any CPU.Build.0 = Debug|Any CPU
		{6792E8E9-0180-408C-916B-6A8CF59E2256}.Debug|Any CPU.ActiveCfg = Debug|Any CPU
		{6792E8E9-0180-408C-916B-6A8CF59E2256}.Debug|Any CPU.Build.0 = Debug|Any CPU
		{6792E8E9-0180-408C-916B-6A8CF59E2256}.Release|Any CPU.ActiveCfg = Debug|Any CPU
		{6792E8E9-0180-408C-916B-6A8CF59E2256}.Release|Any CPU.Build.0 = Debug|Any CPU
		{2A41B2F8-B6FC-4EEE-8E74-FEEC7CD14B70}.Debug|Any CPU.ActiveCfg = Debug|Any CPU
		{2A41B2F8-B6FC-4EEE-8E74-FEEC7CD14B70}.Debug|Any CPU.Build.0 = Debug|Any CPU
		{2A41B2F8-B6FC-4EEE-8E74-FEEC7CD14B70}.Release|Any CPU.ActiveCfg = Debug|Any CPU
		{2A41B2F8-B6FC-4EEE-8E74-FEEC7CD14B70}.Release|Any CPU.Build.0 = Debug|Any CPU
		{8616A452-9DDD-4A78-B0F8-CEAD434F1C53}.Debug|Any CPU.ActiveCfg = Debug|Any CPU
		{8616A452-9DDD-4A78-B0F8-CEAD434F1C53}.Debug|Any CPU.Build.0 = Debug|Any CPU
		{8616A452-9DDD-4A78-B0F8-CEAD434F1C53}.Release|Any CPU.ActiveCfg = Debug|Any CPU
		{8616A452-9DDD-4A78-B0F8-CEAD434F1C53}.Release|Any CPU.Build.0 = Debug|Any CPU
		{54830D42-52A7-4880-A018-7A176DFE9200}.Debug|Any CPU.ActiveCfg = Debug|Any CPU
		{54830D42-52A7-4880-A018-7A176DFE9200}.Debug|Any CPU.Build.0 = Debug|Any CPU
		{54830D42-52A7-4880-A018-7A176DFE9200}.Release|Any CPU.ActiveCfg = Debug|Any CPU
		{54830D42-52A7-4880-A018-7A176DFE9200}.Release|Any CPU.Build.0 = Debug|Any CPU
		{5FE2A2E8-3BF1-4E50-9FDD-3E8B1201A579}.Debug|Any CPU.ActiveCfg = Debug|Any CPU
		{5FE2A2E8-3BF1-4E50-9FDD-3E8B1201A579}.Debug|Any CPU.Build.0 = Debug|Any CPU
		{5FE2A2E8-3BF1-4E50-9FDD-3E8B1201A579}.Release|Any CPU.ActiveCfg = Debug|Any CPU
		{5FE2A2E8-3BF1-4E50-9FDD-3E8B1201A579}.Release|Any CPU.Build.0 = Debug|Any CPU
		{C8B9D41B-4146-4740-ACA4-AF8971280949}.Debug|Any CPU.ActiveCfg = Debug|Any CPU
		{C8B9D41B-4146-4740-ACA4-AF8971280949}.Debug|Any CPU.Build.0 = Debug|Any CPU
		{C8B9D41B-4146-4740-ACA4-AF8971280949}.Release|Any CPU.ActiveCfg = Debug|Any CPU
		{C8B9D41B-4146-4740-ACA4-AF8971280949}.Release|Any CPU.Build.0 = Debug|Any CPU
		{D495CA5A-B0E5-4561-A066-9B9D31AC9E46}.Debug|Any CPU.ActiveCfg = Debug|Any CPU
		{D495CA5A-B0E5-4561-A066-9B9D31AC9E46}.Debug|Any CPU.Build.0 = Debug|Any CPU
		{D495CA5A-B0E5-4561-A066-9B9D31AC9E46}.Release|Any CPU.ActiveCfg = Debug|Any CPU
		{D495CA5A-B0E5-4561-A066-9B9D31AC9E46}.Release|Any CPU.Build.0 = Debug|Any CPU
		{57CD396A-58C9-4317-86E2-77F08E259967}.Debug|Any CPU.ActiveCfg = Debug|Any CPU
		{57CD396A-58C9-4317-86E2-77F08E259967}.Debug|Any CPU.Build.0 = Debug|Any CPU
		{57CD396A-58C9-4317-86E2-77F08E259967}.Release|Any CPU.ActiveCfg = Debug|Any CPU
		{57CD396A-58C9-4317-86E2-77F08E259967}.Release|Any CPU.Build.0 = Debug|Any CPU
		{A66A139B-E2F3-49BD-818C-B77015CDCCFE}.Debug|Any CPU.ActiveCfg = Debug|Any CPU
		{A66A139B-E2F3-49BD-818C-B77015CDCCFE}.Debug|Any CPU.Build.0 = Debug|Any CPU
		{A66A139B-E2F3-49BD-818C-B77015CDCCFE}.Release|Any CPU.ActiveCfg = Debug|Any CPU
		{A66A139B-E2F3-49BD-818C-B77015CDCCFE}.Release|Any CPU.Build.0 = Debug|Any CPU
		{0175A564-683F-4D87-A905-8797620FC100}.Debug|Any CPU.ActiveCfg = Debug|Any CPU
		{0175A564-683F-4D87-A905-8797620FC100}.Debug|Any CPU.Build.0 = Debug|Any CPU
		{0175A564-683F-4D87-A905-8797620FC100}.Release|Any CPU.ActiveCfg = Debug|Any CPU
		{0175A564-683F-4D87-A905-8797620FC100}.Release|Any CPU.Build.0 = Debug|Any CPU
		{39A400E2-7F38-4114-9A33-28BEACCE9DCE}.Debug|Any CPU.ActiveCfg = Debug|Any CPU
		{39A400E2-7F38-4114-9A33-28BEACCE9DCE}.Debug|Any CPU.Build.0 = Debug|Any CPU
		{39A400E2-7F38-4114-9A33-28BEACCE9DCE}.Release|Any CPU.ActiveCfg = Debug|Any CPU
		{39A400E2-7F38-4114-9A33-28BEACCE9DCE}.Release|Any CPU.Build.0 = Debug|Any CPU
		{6F8BCEBC-2149-4E68-9D97-CB977D84BA48}.Debug|Any CPU.ActiveCfg = Debug|Any CPU
		{6F8BCEBC-2149-4E68-9D97-CB977D84BA48}.Debug|Any CPU.Build.0 = Debug|Any CPU
		{6F8BCEBC-2149-4E68-9D97-CB977D84BA48}.Release|Any CPU.ActiveCfg = Debug|Any CPU
		{6F8BCEBC-2149-4E68-9D97-CB977D84BA48}.Release|Any CPU.Build.0 = Debug|Any CPU
		{49E1A0BF-3283-4C14-AA8F-8A091C47D198}.Debug|Any CPU.ActiveCfg = Debug|Any CPU
		{49E1A0BF-3283-4C14-AA8F-8A091C47D198}.Debug|Any CPU.Build.0 = Debug|Any CPU
		{49E1A0BF-3283-4C14-AA8F-8A091C47D198}.Release|Any CPU.ActiveCfg = Debug|Any CPU
		{49E1A0BF-3283-4C14-AA8F-8A091C47D198}.Release|Any CPU.Build.0 = Debug|Any CPU
		{37DA09E5-E71F-4508-BD3B-C2BACF9DB863}.Debug|Any CPU.ActiveCfg = Debug|Any CPU
		{37DA09E5-E71F-4508-BD3B-C2BACF9DB863}.Debug|Any CPU.Build.0 = Debug|Any CPU
		{37DA09E5-E71F-4508-BD3B-C2BACF9DB863}.Release|Any CPU.ActiveCfg = Debug|Any CPU
		{37DA09E5-E71F-4508-BD3B-C2BACF9DB863}.Release|Any CPU.Build.0 = Debug|Any CPU
		{821DF46C-00C3-466A-821F-C69D51E53FA9}.Debug|Any CPU.ActiveCfg = Debug|Any CPU
		{821DF46C-00C3-466A-821F-C69D51E53FA9}.Debug|Any CPU.Build.0 = Debug|Any CPU
		{821DF46C-00C3-466A-821F-C69D51E53FA9}.Release|Any CPU.ActiveCfg = Debug|Any CPU
		{821DF46C-00C3-466A-821F-C69D51E53FA9}.Release|Any CPU.Build.0 = Debug|Any CPU
		{322DEE9C-C454-4A87-94F7-5AA5B3E02D15}.Debug|Any CPU.ActiveCfg = Debug|Any CPU
		{322DEE9C-C454-4A87-94F7-5AA5B3E02D15}.Debug|Any CPU.Build.0 = Debug|Any CPU
		{322DEE9C-C454-4A87-94F7-5AA5B3E02D15}.Release|Any CPU.ActiveCfg = Debug|Any CPU
		{322DEE9C-C454-4A87-94F7-5AA5B3E02D15}.Release|Any CPU.Build.0 = Debug|Any CPU
		{671EA8E0-5A8C-4DB3-BC4E-C2C698D753F5}.Debug|Any CPU.ActiveCfg = Debug|Any CPU
		{671EA8E0-5A8C-4DB3-BC4E-C2C698D753F5}.Debug|Any CPU.Build.0 = Debug|Any CPU
		{671EA8E0-5A8C-4DB3-BC4E-C2C698D753F5}.Release|Any CPU.ActiveCfg = Debug|Any CPU
		{671EA8E0-5A8C-4DB3-BC4E-C2C698D753F5}.Release|Any CPU.Build.0 = Debug|Any CPU
		{AC3FC520-E744-4D53-8B67-FB794893AC1B}.Debug|Any CPU.ActiveCfg = Debug|Any CPU
		{AC3FC520-E744-4D53-8B67-FB794893AC1B}.Debug|Any CPU.Build.0 = Debug|Any CPU
		{AC3FC520-E744-4D53-8B67-FB794893AC1B}.Release|Any CPU.ActiveCfg = Debug|Any CPU
		{AC3FC520-E744-4D53-8B67-FB794893AC1B}.Release|Any CPU.Build.0 = Debug|Any CPU
		{2839ACC1-0F8E-400C-BB17-607DA365BB14}.Debug|Any CPU.ActiveCfg = Debug|Any CPU
		{2839ACC1-0F8E-400C-BB17-607DA365BB14}.Debug|Any CPU.Build.0 = Debug|Any CPU
		{2839ACC1-0F8E-400C-BB17-607DA365BB14}.Release|Any CPU.ActiveCfg = Debug|Any CPU
		{2839ACC1-0F8E-400C-BB17-607DA365BB14}.Release|Any CPU.Build.0 = Debug|Any CPU
		{DDC65758-9018-4B30-8D0D-3331E8CAA044}.Debug|Any CPU.ActiveCfg = Debug|Any CPU
		{DDC65758-9018-4B30-8D0D-3331E8CAA044}.Debug|Any CPU.Build.0 = Debug|Any CPU
		{DDC65758-9018-4B30-8D0D-3331E8CAA044}.Release|Any CPU.ActiveCfg = Debug|Any CPU
		{DDC65758-9018-4B30-8D0D-3331E8CAA044}.Release|Any CPU.Build.0 = Debug|Any CPU
		{87B94E16-E6E5-4ED0-8D0A-C242D5A3A35E}.Debug|Any CPU.ActiveCfg = Debug|Any CPU
		{87B94E16-E6E5-4ED0-8D0A-C242D5A3A35E}.Debug|Any CPU.Build.0 = Debug|Any CPU
		{87B94E16-E6E5-4ED0-8D0A-C242D5A3A35E}.Release|Any CPU.ActiveCfg = Debug|Any CPU
		{87B94E16-E6E5-4ED0-8D0A-C242D5A3A35E}.Release|Any CPU.Build.0 = Debug|Any CPU
		{86FCBF67-F3EA-40FF-BB32-7284B5E0C81C}.Debug|Any CPU.ActiveCfg = Debug|Any CPU
		{86FCBF67-F3EA-40FF-BB32-7284B5E0C81C}.Debug|Any CPU.Build.0 = Debug|Any CPU
		{86FCBF67-F3EA-40FF-BB32-7284B5E0C81C}.Release|Any CPU.ActiveCfg = Debug|Any CPU
		{86FCBF67-F3EA-40FF-BB32-7284B5E0C81C}.Release|Any CPU.Build.0 = Debug|Any CPU
		{EBBA5F7A-9090-473C-9BC9-A39D342F858E}.Debug|Any CPU.ActiveCfg = Debug|Any CPU
		{EBBA5F7A-9090-473C-9BC9-A39D342F858E}.Debug|Any CPU.Build.0 = Debug|Any CPU
		{EBBA5F7A-9090-473C-9BC9-A39D342F858E}.Release|Any CPU.ActiveCfg = Debug|Any CPU
		{EBBA5F7A-9090-473C-9BC9-A39D342F858E}.Release|Any CPU.Build.0 = Debug|Any CPU
		{B4D6C5BE-21F2-40E1-8870-E8F1FB419C22}.Debug|Any CPU.ActiveCfg = Debug|Any CPU
		{B4D6C5BE-21F2-40E1-8870-E8F1FB419C22}.Debug|Any CPU.Build.0 = Debug|Any CPU
		{B4D6C5BE-21F2-40E1-8870-E8F1FB419C22}.Release|Any CPU.ActiveCfg = Debug|Any CPU
		{B4D6C5BE-21F2-40E1-8870-E8F1FB419C22}.Release|Any CPU.Build.0 = Debug|Any CPU
		{8A85B126-DF69-4977-91FB-3BAF79B138F2}.Debug|Any CPU.ActiveCfg = Debug|Any CPU
		{8A85B126-DF69-4977-91FB-3BAF79B138F2}.Debug|Any CPU.Build.0 = Debug|Any CPU
		{8A85B126-DF69-4977-91FB-3BAF79B138F2}.Release|Any CPU.ActiveCfg = Debug|Any CPU
		{8A85B126-DF69-4977-91FB-3BAF79B138F2}.Release|Any CPU.Build.0 = Debug|Any CPU
		{83FC4811-80E4-4D67-8B3D-B46B521661E2}.Debug|Any CPU.ActiveCfg = Debug|Any CPU
		{83FC4811-80E4-4D67-8B3D-B46B521661E2}.Debug|Any CPU.Build.0 = Debug|Any CPU
		{83FC4811-80E4-4D67-8B3D-B46B521661E2}.Release|Any CPU.ActiveCfg = Debug|Any CPU
		{83FC4811-80E4-4D67-8B3D-B46B521661E2}.Release|Any CPU.Build.0 = Debug|Any CPU
		{0516BDD6-C008-422A-8089-61C7F6FDB176}.Debug|Any CPU.ActiveCfg = Debug|Any CPU
		{0516BDD6-C008-422A-8089-61C7F6FDB176}.Debug|Any CPU.Build.0 = Debug|Any CPU
		{0516BDD6-C008-422A-8089-61C7F6FDB176}.Release|Any CPU.ActiveCfg = Debug|Any CPU
		{0516BDD6-C008-422A-8089-61C7F6FDB176}.Release|Any CPU.Build.0 = Debug|Any CPU
		{7DDC3BF9-9D17-45A0-BC31-3217C34B3D5D}.Debug|Any CPU.ActiveCfg = Debug|Any CPU
		{7DDC3BF9-9D17-45A0-BC31-3217C34B3D5D}.Debug|Any CPU.Build.0 = Debug|Any CPU
		{7DDC3BF9-9D17-45A0-BC31-3217C34B3D5D}.Release|Any CPU.ActiveCfg = Debug|Any CPU
		{7DDC3BF9-9D17-45A0-BC31-3217C34B3D5D}.Release|Any CPU.Build.0 = Debug|Any CPU
		{6515924D-3D40-4A37-89C2-804931818F9E}.Debug|Any CPU.ActiveCfg = Debug|Any CPU
		{6515924D-3D40-4A37-89C2-804931818F9E}.Debug|Any CPU.Build.0 = Debug|Any CPU
		{6515924D-3D40-4A37-89C2-804931818F9E}.Release|Any CPU.ActiveCfg = Debug|Any CPU
		{6515924D-3D40-4A37-89C2-804931818F9E}.Release|Any CPU.Build.0 = Debug|Any CPU
		{478E3B56-CB8A-481D-9C19-DBA291CDF174}.Debug|Any CPU.ActiveCfg = Debug|Any CPU
		{478E3B56-CB8A-481D-9C19-DBA291CDF174}.Debug|Any CPU.Build.0 = Debug|Any CPU
		{478E3B56-CB8A-481D-9C19-DBA291CDF174}.Release|Any CPU.ActiveCfg = Debug|Any CPU
		{478E3B56-CB8A-481D-9C19-DBA291CDF174}.Release|Any CPU.Build.0 = Debug|Any CPU
		{079EDAC0-023D-46E2-8A83-4A0847AD92CA}.Debug|Any CPU.ActiveCfg = Debug|Any CPU
		{079EDAC0-023D-46E2-8A83-4A0847AD92CA}.Debug|Any CPU.Build.0 = Debug|Any CPU
		{079EDAC0-023D-46E2-8A83-4A0847AD92CA}.Release|Any CPU.ActiveCfg = Debug|Any CPU
		{079EDAC0-023D-46E2-8A83-4A0847AD92CA}.Release|Any CPU.Build.0 = Debug|Any CPU
		{BD8A532D-1388-4121-8845-9C70B1755B3A}.Debug|Any CPU.ActiveCfg = Debug|Any CPU
		{BD8A532D-1388-4121-8845-9C70B1755B3A}.Debug|Any CPU.Build.0 = Debug|Any CPU
		{BD8A532D-1388-4121-8845-9C70B1755B3A}.Release|Any CPU.ActiveCfg = Debug|Any CPU
		{BD8A532D-1388-4121-8845-9C70B1755B3A}.Release|Any CPU.Build.0 = Debug|Any CPU
		{50649A9E-2612-49B3-B426-F45A28F6733D}.Debug|Any CPU.ActiveCfg = Debug|Any CPU
		{50649A9E-2612-49B3-B426-F45A28F6733D}.Debug|Any CPU.Build.0 = Debug|Any CPU
		{50649A9E-2612-49B3-B426-F45A28F6733D}.Release|Any CPU.ActiveCfg = Debug|Any CPU
		{50649A9E-2612-49B3-B426-F45A28F6733D}.Release|Any CPU.Build.0 = Debug|Any CPU
		{A2ABF96A-20A7-40E8-B8B1-471EE55FEA21}.Debug|Any CPU.ActiveCfg = Debug|Any CPU
		{A2ABF96A-20A7-40E8-B8B1-471EE55FEA21}.Debug|Any CPU.Build.0 = Debug|Any CPU
		{A2ABF96A-20A7-40E8-B8B1-471EE55FEA21}.Release|Any CPU.ActiveCfg = Debug|Any CPU
		{A2ABF96A-20A7-40E8-B8B1-471EE55FEA21}.Release|Any CPU.Build.0 = Debug|Any CPU
		{F128304A-D0DB-4F6A-850F-CEBE544C1573}.Debug|Any CPU.ActiveCfg = Debug|Any CPU
		{F128304A-D0DB-4F6A-850F-CEBE544C1573}.Debug|Any CPU.Build.0 = Debug|Any CPU
		{F128304A-D0DB-4F6A-850F-CEBE544C1573}.Release|Any CPU.ActiveCfg = Debug|Any CPU
		{F128304A-D0DB-4F6A-850F-CEBE544C1573}.Release|Any CPU.Build.0 = Debug|Any CPU
		{28902479-41A8-45F2-B53F-0EBEA5AA97B0}.Debug|Any CPU.ActiveCfg = Debug|Any CPU
		{28902479-41A8-45F2-B53F-0EBEA5AA97B0}.Debug|Any CPU.Build.0 = Debug|Any CPU
		{28902479-41A8-45F2-B53F-0EBEA5AA97B0}.Release|Any CPU.ActiveCfg = Debug|Any CPU
		{28902479-41A8-45F2-B53F-0EBEA5AA97B0}.Release|Any CPU.Build.0 = Debug|Any CPU
		{36E255CB-D902-4E5A-A249-60C482115333}.Debug|Any CPU.ActiveCfg = Debug|Any CPU
		{36E255CB-D902-4E5A-A249-60C482115333}.Debug|Any CPU.Build.0 = Debug|Any CPU
		{36E255CB-D902-4E5A-A249-60C482115333}.Release|Any CPU.ActiveCfg = Debug|Any CPU
		{36E255CB-D902-4E5A-A249-60C482115333}.Release|Any CPU.Build.0 = Debug|Any CPU
		{A0D16F35-496B-49FA-BD6F-3CE3B6666E3B}.Debug|Any CPU.ActiveCfg = Debug|Any CPU
		{A0D16F35-496B-49FA-BD6F-3CE3B6666E3B}.Debug|Any CPU.Build.0 = Debug|Any CPU
		{A0D16F35-496B-49FA-BD6F-3CE3B6666E3B}.Release|Any CPU.ActiveCfg = Debug|Any CPU
		{A0D16F35-496B-49FA-BD6F-3CE3B6666E3B}.Release|Any CPU.Build.0 = Debug|Any CPU
		{774BDF51-568D-4C03-B34B-6C890DFA979D}.Debug|Any CPU.ActiveCfg = Debug|Any CPU
		{774BDF51-568D-4C03-B34B-6C890DFA979D}.Debug|Any CPU.Build.0 = Debug|Any CPU
		{774BDF51-568D-4C03-B34B-6C890DFA979D}.Release|Any CPU.ActiveCfg = Debug|Any CPU
		{774BDF51-568D-4C03-B34B-6C890DFA979D}.Release|Any CPU.Build.0 = Debug|Any CPU
		{7AB3AA6B-DFBA-422D-A71B-CE7394FD90A6}.Debug|Any CPU.ActiveCfg = Debug|Any CPU
		{7AB3AA6B-DFBA-422D-A71B-CE7394FD90A6}.Debug|Any CPU.Build.0 = Debug|Any CPU
		{7AB3AA6B-DFBA-422D-A71B-CE7394FD90A6}.Release|Any CPU.ActiveCfg = Debug|Any CPU
		{7AB3AA6B-DFBA-422D-A71B-CE7394FD90A6}.Release|Any CPU.Build.0 = Debug|Any CPU
		{239B19DE-3AFA-4D0D-98A4-309840A65C55}.Debug|Any CPU.ActiveCfg = Debug|Any CPU
		{239B19DE-3AFA-4D0D-98A4-309840A65C55}.Debug|Any CPU.Build.0 = Debug|Any CPU
		{239B19DE-3AFA-4D0D-98A4-309840A65C55}.Release|Any CPU.ActiveCfg = Debug|Any CPU
		{239B19DE-3AFA-4D0D-98A4-309840A65C55}.Release|Any CPU.Build.0 = Debug|Any CPU
		{6B03A4F1-32BC-4FE6-BD71-2CCB0528644D}.Debug|Any CPU.ActiveCfg = Debug|Any CPU
		{6B03A4F1-32BC-4FE6-BD71-2CCB0528644D}.Debug|Any CPU.Build.0 = Debug|Any CPU
		{6B03A4F1-32BC-4FE6-BD71-2CCB0528644D}.Release|Any CPU.ActiveCfg = Debug|Any CPU
		{6B03A4F1-32BC-4FE6-BD71-2CCB0528644D}.Release|Any CPU.Build.0 = Debug|Any CPU
		{2F2BA347-30E5-4B0C-92FA-A204A01AA72D}.Debug|Any CPU.ActiveCfg = Debug|Any CPU
		{2F2BA347-30E5-4B0C-92FA-A204A01AA72D}.Debug|Any CPU.Build.0 = Debug|Any CPU
		{2F2BA347-30E5-4B0C-92FA-A204A01AA72D}.Release|Any CPU.ActiveCfg = Debug|Any CPU
		{2F2BA347-30E5-4B0C-92FA-A204A01AA72D}.Release|Any CPU.Build.0 = Debug|Any CPU
		{E2B5AA6C-57E5-4469-B04E-E2BD87B88A02}.Debug|Any CPU.ActiveCfg = Debug|Any CPU
		{E2B5AA6C-57E5-4469-B04E-E2BD87B88A02}.Debug|Any CPU.Build.0 = Debug|Any CPU
		{E2B5AA6C-57E5-4469-B04E-E2BD87B88A02}.Release|Any CPU.ActiveCfg = Debug|Any CPU
		{E2B5AA6C-57E5-4469-B04E-E2BD87B88A02}.Release|Any CPU.Build.0 = Debug|Any CPU
		{3B2D99C0-0A7B-46C2-8427-ED5172A18ADA}.Debug|Any CPU.ActiveCfg = Debug|Any CPU
		{3B2D99C0-0A7B-46C2-8427-ED5172A18ADA}.Debug|Any CPU.Build.0 = Debug|Any CPU
		{3B2D99C0-0A7B-46C2-8427-ED5172A18ADA}.Release|Any CPU.ActiveCfg = Debug|Any CPU
		{3B2D99C0-0A7B-46C2-8427-ED5172A18ADA}.Release|Any CPU.Build.0 = Debug|Any CPU
		{CBE05058-7C8C-42BF-8DE0-9CC233CD2FA8}.Debug|Any CPU.ActiveCfg = Debug|Any CPU
		{CBE05058-7C8C-42BF-8DE0-9CC233CD2FA8}.Debug|Any CPU.Build.0 = Debug|Any CPU
		{CBE05058-7C8C-42BF-8DE0-9CC233CD2FA8}.Release|Any CPU.ActiveCfg = Debug|Any CPU
		{CBE05058-7C8C-42BF-8DE0-9CC233CD2FA8}.Release|Any CPU.Build.0 = Debug|Any CPU
		{B0DC2F88-BFBB-4AC9-888E-95B4C4A35DFA}.Debug|Any CPU.ActiveCfg = Debug|Any CPU
		{B0DC2F88-BFBB-4AC9-888E-95B4C4A35DFA}.Debug|Any CPU.Build.0 = Debug|Any CPU
		{B0DC2F88-BFBB-4AC9-888E-95B4C4A35DFA}.Release|Any CPU.ActiveCfg = Debug|Any CPU
		{B0DC2F88-BFBB-4AC9-888E-95B4C4A35DFA}.Release|Any CPU.Build.0 = Debug|Any CPU
		{65544CB9-3A0D-45D7-8A51-EBA822B17DFF}.Debug|Any CPU.ActiveCfg = Debug|Any CPU
		{65544CB9-3A0D-45D7-8A51-EBA822B17DFF}.Debug|Any CPU.Build.0 = Debug|Any CPU
		{65544CB9-3A0D-45D7-8A51-EBA822B17DFF}.Release|Any CPU.ActiveCfg = Debug|Any CPU
		{65544CB9-3A0D-45D7-8A51-EBA822B17DFF}.Release|Any CPU.Build.0 = Debug|Any CPU
		{26A3AA32-B8A6-496E-9B60-72EC50E05100}.Debug|Any CPU.ActiveCfg = Debug|Any CPU
		{26A3AA32-B8A6-496E-9B60-72EC50E05100}.Debug|Any CPU.Build.0 = Debug|Any CPU
		{26A3AA32-B8A6-496E-9B60-72EC50E05100}.Release|Any CPU.ActiveCfg = Debug|Any CPU
		{26A3AA32-B8A6-496E-9B60-72EC50E05100}.Release|Any CPU.Build.0 = Debug|Any CPU
		{F4A54466-EE48-4852-9146-2189340AF75D}.Debug|Any CPU.ActiveCfg = Debug|Any CPU
		{F4A54466-EE48-4852-9146-2189340AF75D}.Debug|Any CPU.Build.0 = Debug|Any CPU
		{F4A54466-EE48-4852-9146-2189340AF75D}.Release|Any CPU.ActiveCfg = Debug|Any CPU
		{F4A54466-EE48-4852-9146-2189340AF75D}.Release|Any CPU.Build.0 = Debug|Any CPU
		{3B869085-D9BC-481D-A09C-AF19F86277D9}.Debug|Any CPU.ActiveCfg = Debug|Any CPU
		{3B869085-D9BC-481D-A09C-AF19F86277D9}.Debug|Any CPU.Build.0 = Debug|Any CPU
		{3B869085-D9BC-481D-A09C-AF19F86277D9}.Release|Any CPU.ActiveCfg = Debug|Any CPU
		{3B869085-D9BC-481D-A09C-AF19F86277D9}.Release|Any CPU.Build.0 = Debug|Any CPU
		{2523A989-B223-4F5A-9300-9906B20E4736}.Debug|Any CPU.ActiveCfg = Debug|Any CPU
		{2523A989-B223-4F5A-9300-9906B20E4736}.Debug|Any CPU.Build.0 = Debug|Any CPU
		{2523A989-B223-4F5A-9300-9906B20E4736}.Release|Any CPU.ActiveCfg = Debug|Any CPU
		{2523A989-B223-4F5A-9300-9906B20E4736}.Release|Any CPU.Build.0 = Debug|Any CPU
		{18E21C57-88D1-4A2C-AD9B-8EACA8CDBCE6}.Debug|Any CPU.ActiveCfg = Debug|Any CPU
		{18E21C57-88D1-4A2C-AD9B-8EACA8CDBCE6}.Debug|Any CPU.Build.0 = Debug|Any CPU
		{18E21C57-88D1-4A2C-AD9B-8EACA8CDBCE6}.Release|Any CPU.ActiveCfg = Debug|Any CPU
		{18E21C57-88D1-4A2C-AD9B-8EACA8CDBCE6}.Release|Any CPU.Build.0 = Debug|Any CPU
		{4C9C5266-7752-42A6-94EE-4B4F449339B1}.Debug|Any CPU.ActiveCfg = Debug|Any CPU
		{4C9C5266-7752-42A6-94EE-4B4F449339B1}.Debug|Any CPU.Build.0 = Debug|Any CPU
		{4C9C5266-7752-42A6-94EE-4B4F449339B1}.Release|Any CPU.ActiveCfg = Debug|Any CPU
		{4C9C5266-7752-42A6-94EE-4B4F449339B1}.Release|Any CPU.Build.0 = Debug|Any CPU
		{7D26A0A1-A025-490B-B21D-2ABB710ECAB2}.Debug|Any CPU.ActiveCfg = Debug|Any CPU
		{7D26A0A1-A025-490B-B21D-2ABB710ECAB2}.Debug|Any CPU.Build.0 = Debug|Any CPU
		{7D26A0A1-A025-490B-B21D-2ABB710ECAB2}.Release|Any CPU.ActiveCfg = Debug|Any CPU
		{7D26A0A1-A025-490B-B21D-2ABB710ECAB2}.Release|Any CPU.Build.0 = Debug|Any CPU
		{4B0EFA67-A204-44A1-B16D-F677E9FDAD22}.Debug|Any CPU.ActiveCfg = Debug|Any CPU
		{4B0EFA67-A204-44A1-B16D-F677E9FDAD22}.Debug|Any CPU.Build.0 = Debug|Any CPU
		{4B0EFA67-A204-44A1-B16D-F677E9FDAD22}.Release|Any CPU.ActiveCfg = Debug|Any CPU
		{4B0EFA67-A204-44A1-B16D-F677E9FDAD22}.Release|Any CPU.Build.0 = Debug|Any CPU
		{F69A2FBA-6AB5-4DE3-940F-F27C66BBA648}.Debug|Any CPU.ActiveCfg = Debug|Any CPU
		{F69A2FBA-6AB5-4DE3-940F-F27C66BBA648}.Debug|Any CPU.Build.0 = Debug|Any CPU
		{F69A2FBA-6AB5-4DE3-940F-F27C66BBA648}.Release|Any CPU.ActiveCfg = Debug|Any CPU
		{F69A2FBA-6AB5-4DE3-940F-F27C66BBA648}.Release|Any CPU.Build.0 = Debug|Any CPU
		{B2BC6CBE-DD5B-4D2A-B217-B13E1A1FC4B2}.Debug|Any CPU.ActiveCfg = Debug|Any CPU
		{B2BC6CBE-DD5B-4D2A-B217-B13E1A1FC4B2}.Debug|Any CPU.Build.0 = Debug|Any CPU
		{B2BC6CBE-DD5B-4D2A-B217-B13E1A1FC4B2}.Release|Any CPU.ActiveCfg = Debug|Any CPU
		{B2BC6CBE-DD5B-4D2A-B217-B13E1A1FC4B2}.Release|Any CPU.Build.0 = Debug|Any CPU
		{2EA7E635-125C-46B5-A7DC-90B1D0A3E8FA}.Debug|Any CPU.ActiveCfg = Debug|Any CPU
		{2EA7E635-125C-46B5-A7DC-90B1D0A3E8FA}.Debug|Any CPU.Build.0 = Debug|Any CPU
		{2EA7E635-125C-46B5-A7DC-90B1D0A3E8FA}.Release|Any CPU.ActiveCfg = Debug|Any CPU
		{2EA7E635-125C-46B5-A7DC-90B1D0A3E8FA}.Release|Any CPU.Build.0 = Debug|Any CPU
		{A8F0BFBF-4B6F-4B7E-9F4A-2EA819D9DBDA}.Debug|Any CPU.ActiveCfg = Debug|Any CPU
		{A8F0BFBF-4B6F-4B7E-9F4A-2EA819D9DBDA}.Debug|Any CPU.Build.0 = Debug|Any CPU
		{A8F0BFBF-4B6F-4B7E-9F4A-2EA819D9DBDA}.Release|Any CPU.ActiveCfg = Debug|Any CPU
		{A8F0BFBF-4B6F-4B7E-9F4A-2EA819D9DBDA}.Release|Any CPU.Build.0 = Debug|Any CPU
		{2413B136-87C4-4C9D-85F7-9F43B2EA9CF4}.Debug|Any CPU.ActiveCfg = Debug|Any CPU
		{2413B136-87C4-4C9D-85F7-9F43B2EA9CF4}.Debug|Any CPU.Build.0 = Debug|Any CPU
		{2413B136-87C4-4C9D-85F7-9F43B2EA9CF4}.Release|Any CPU.ActiveCfg = Debug|Any CPU
		{2413B136-87C4-4C9D-85F7-9F43B2EA9CF4}.Release|Any CPU.Build.0 = Debug|Any CPU
		{C9528FFC-30B8-4108-B8D7-E4BA4434F811}.Debug|Any CPU.ActiveCfg = Debug|Any CPU
		{C9528FFC-30B8-4108-B8D7-E4BA4434F811}.Debug|Any CPU.Build.0 = Debug|Any CPU
		{C9528FFC-30B8-4108-B8D7-E4BA4434F811}.Release|Any CPU.ActiveCfg = Debug|Any CPU
		{C9528FFC-30B8-4108-B8D7-E4BA4434F811}.Release|Any CPU.Build.0 = Debug|Any CPU
		{1CC72596-97E6-4077-9B8C-4340C482E6AC}.Debug|Any CPU.ActiveCfg = Debug|Any CPU
		{1CC72596-97E6-4077-9B8C-4340C482E6AC}.Debug|Any CPU.Build.0 = Debug|Any CPU
		{1CC72596-97E6-4077-9B8C-4340C482E6AC}.Release|Any CPU.ActiveCfg = Debug|Any CPU
		{1CC72596-97E6-4077-9B8C-4340C482E6AC}.Release|Any CPU.Build.0 = Debug|Any CPU
		{DCAF9597-F1D2-4960-A92B-BB9EE188B6F4}.Debug|Any CPU.ActiveCfg = Debug|Any CPU
		{DCAF9597-F1D2-4960-A92B-BB9EE188B6F4}.Debug|Any CPU.Build.0 = Debug|Any CPU
		{DCAF9597-F1D2-4960-A92B-BB9EE188B6F4}.Release|Any CPU.ActiveCfg = Debug|Any CPU
		{DCAF9597-F1D2-4960-A92B-BB9EE188B6F4}.Release|Any CPU.Build.0 = Debug|Any CPU
		{E8E94D6C-D4CD-4B9C-845B-BA44D599ED26}.Debug|Any CPU.ActiveCfg = Debug|Any CPU
		{E8E94D6C-D4CD-4B9C-845B-BA44D599ED26}.Debug|Any CPU.Build.0 = Debug|Any CPU
		{E8E94D6C-D4CD-4B9C-845B-BA44D599ED26}.Release|Any CPU.ActiveCfg = Debug|Any CPU
		{E8E94D6C-D4CD-4B9C-845B-BA44D599ED26}.Release|Any CPU.Build.0 = Debug|Any CPU
		{BF2C4C48-354C-44B9-A8EE-0C5B0A1400FB}.Debug|Any CPU.ActiveCfg = Debug|Any CPU
		{BF2C4C48-354C-44B9-A8EE-0C5B0A1400FB}.Debug|Any CPU.Build.0 = Debug|Any CPU
		{BF2C4C48-354C-44B9-A8EE-0C5B0A1400FB}.Release|Any CPU.ActiveCfg = Debug|Any CPU
		{BF2C4C48-354C-44B9-A8EE-0C5B0A1400FB}.Release|Any CPU.Build.0 = Debug|Any CPU
	EndGlobalSection
	GlobalSection(SolutionProperties) = preSolution
		HideSolutionNode = FALSE
	EndGlobalSection
	GlobalSection(ExtensibilityGlobals) = postSolution
		SolutionGuid = {4C3CD7C8-2758-4DC5-BD83-5FDF578356BB}
	EndGlobalSection
EndGlobal
