
Microsoft Visual Studio Solution File, Format Version 12.00
# Visual Studio 15
VisualStudioVersion = 15.0.27109.1
MinimumVisualStudioVersion = 10.0.40219.1
Project("{FAE04EC0-301F-11D3-BF4B-00C04F79EFBC}") = "mvc", "mvc\mvc.csproj", "{F9625F4A-BB92-465C-A8A4-2D13A8A99086}"
EndProject
Project("{FAE04EC0-301F-11D3-BF4B-00C04F79EFBC}") = "ClassLib090", "ClassLib090\ClassLib090.csproj", "{FF87DE05-52D8-4EBF-8679-8EDB203EA108}"
EndProject
Project("{FAE04EC0-301F-11D3-BF4B-00C04F79EFBC}") = "ClassLib085", "ClassLib085\ClassLib085.csproj", "{4BA62BCA-AE33-4882-9D3D-76E5AA452FBA}"
EndProject
Project("{FAE04EC0-301F-11D3-BF4B-00C04F79EFBC}") = "ClassLib069", "ClassLib069\ClassLib069.csproj", "{42D89791-5B93-48A2-9FDE-76091DE4211D}"
EndProject
Project("{FAE04EC0-301F-11D3-BF4B-00C04F79EFBC}") = "ClassLib108", "ClassLib108\ClassLib108.csproj", "{9426AFF5-A0D5-417F-A305-450CD9148B43}"
EndProject
Project("{FAE04EC0-301F-11D3-BF4B-00C04F79EFBC}") = "ClassLib119", "ClassLib119\ClassLib119.csproj", "{D62104EA-417A-4B30-986D-47C7402D6EEC}"
EndProject
Project("{FAE04EC0-301F-11D3-BF4B-00C04F79EFBC}") = "ClassLib004", "ClassLib004\ClassLib004.csproj", "{647686CC-FC3B-4274-A517-5FDE4939A43F}"
EndProject
Project("{FAE04EC0-301F-11D3-BF4B-00C04F79EFBC}") = "ClassLib024", "ClassLib024\ClassLib024.csproj", "{A211A4B3-FB07-41EE-A3E7-9A0410DF22DB}"
EndProject
Project("{FAE04EC0-301F-11D3-BF4B-00C04F79EFBC}") = "ClassLib075", "ClassLib075\ClassLib075.csproj", "{086B5B9D-FEC5-481E-8BD9-C8F6FE7EB824}"
EndProject
Project("{FAE04EC0-301F-11D3-BF4B-00C04F79EFBC}") = "ClassLib030", "ClassLib030\ClassLib030.csproj", "{A970DAFF-CC7D-4054-B7A3-54A0546A3790}"
EndProject
Project("{FAE04EC0-301F-11D3-BF4B-00C04F79EFBC}") = "ClassLib017", "ClassLib017\ClassLib017.csproj", "{85585024-AA82-4D49-B0FB-221DBE469A16}"
EndProject
Project("{FAE04EC0-301F-11D3-BF4B-00C04F79EFBC}") = "ClassLib120", "ClassLib120\ClassLib120.csproj", "{8E47B422-78DE-4099-82EA-A19146AE21E1}"
EndProject
Project("{FAE04EC0-301F-11D3-BF4B-00C04F79EFBC}") = "ClassLib068", "ClassLib068\ClassLib068.csproj", "{1D4F1D94-EE49-40F6-B6A4-71006A995EBF}"
EndProject
Project("{FAE04EC0-301F-11D3-BF4B-00C04F79EFBC}") = "ClassLib079", "ClassLib079\ClassLib079.csproj", "{E5408598-FC3A-4A5F-A343-3350F011A439}"
EndProject
Project("{FAE04EC0-301F-11D3-BF4B-00C04F79EFBC}") = "ClassLib029", "ClassLib029\ClassLib029.csproj", "{8E494410-08A1-4A45-9405-73F7257C7AC5}"
EndProject
Project("{FAE04EC0-301F-11D3-BF4B-00C04F79EFBC}") = "ClassLib125", "ClassLib125\ClassLib125.csproj", "{6973B17E-DDB4-436A-9C0B-35BC31B926BE}"
EndProject
Project("{FAE04EC0-301F-11D3-BF4B-00C04F79EFBC}") = "ClassLib027", "ClassLib027\ClassLib027.csproj", "{78BFB5BE-59F0-474B-B690-D6B63666E193}"
EndProject
Project("{FAE04EC0-301F-11D3-BF4B-00C04F79EFBC}") = "ClassLib122", "ClassLib122\ClassLib122.csproj", "{EDD38943-93B0-4047-8DD2-FD4C284282D1}"
EndProject
Project("{FAE04EC0-301F-11D3-BF4B-00C04F79EFBC}") = "ClassLib046", "ClassLib046\ClassLib046.csproj", "{51F2A998-909D-4CCB-93FB-8572C16C49A9}"
EndProject
Project("{FAE04EC0-301F-11D3-BF4B-00C04F79EFBC}") = "ClassLib054", "ClassLib054\ClassLib054.csproj", "{FB37C112-5360-473F-96AC-53FB9FE6E1C9}"
EndProject
Project("{FAE04EC0-301F-11D3-BF4B-00C04F79EFBC}") = "ClassLib043", "ClassLib043\ClassLib043.csproj", "{CDC5652E-5B23-4D3A-A922-87F0F4ECB2C3}"
EndProject
Project("{FAE04EC0-301F-11D3-BF4B-00C04F79EFBC}") = "ClassLib110", "ClassLib110\ClassLib110.csproj", "{0A91EF61-6B9B-4171-9352-47C7938AA9A2}"
EndProject
Project("{FAE04EC0-301F-11D3-BF4B-00C04F79EFBC}") = "ClassLib107", "ClassLib107\ClassLib107.csproj", "{CFC7D07D-18D0-407A-9870-2C9B653137E7}"
EndProject
Project("{FAE04EC0-301F-11D3-BF4B-00C04F79EFBC}") = "ClassLib073", "ClassLib073\ClassLib073.csproj", "{77F0C759-6D52-476C-9BA1-6FBAB39E86C9}"
EndProject
Project("{FAE04EC0-301F-11D3-BF4B-00C04F79EFBC}") = "ClassLib109", "ClassLib109\ClassLib109.csproj", "{E328A87E-3E0A-41F7-8985-88B4AA5D4BA2}"
EndProject
Project("{FAE04EC0-301F-11D3-BF4B-00C04F79EFBC}") = "ClassLib006", "ClassLib006\ClassLib006.csproj", "{B3C4D527-1103-4C49-AC4C-7EDD8D960096}"
EndProject
Project("{FAE04EC0-301F-11D3-BF4B-00C04F79EFBC}") = "ClassLib097", "ClassLib097\ClassLib097.csproj", "{2451F074-FA5F-437A-B965-BECE87B3CAE7}"
EndProject
Project("{FAE04EC0-301F-11D3-BF4B-00C04F79EFBC}") = "ClassLib057", "ClassLib057\ClassLib057.csproj", "{A9B1BE1D-818B-4017-9CEC-0FE9C8734538}"
EndProject
Project("{FAE04EC0-301F-11D3-BF4B-00C04F79EFBC}") = "ClassLib114", "ClassLib114\ClassLib114.csproj", "{6B9AC6F6-A07C-4DBC-9666-C8DFBCF8F537}"
EndProject
Project("{FAE04EC0-301F-11D3-BF4B-00C04F79EFBC}") = "ClassLib099", "ClassLib099\ClassLib099.csproj", "{A2335402-0A9A-4A35-86E1-DABA7683F460}"
EndProject
Project("{FAE04EC0-301F-11D3-BF4B-00C04F79EFBC}") = "ClassLib002", "ClassLib002\ClassLib002.csproj", "{763186F5-6713-4F26-8DE5-C604C87A6B3F}"
EndProject
Project("{FAE04EC0-301F-11D3-BF4B-00C04F79EFBC}") = "ClassLib056", "ClassLib056\ClassLib056.csproj", "{81004AEC-C22F-45D9-A690-34C8752913FB}"
EndProject
Project("{FAE04EC0-301F-11D3-BF4B-00C04F79EFBC}") = "ClassLib123", "ClassLib123\ClassLib123.csproj", "{E434E513-9CD8-4DD8-8A26-BC92012F1951}"
EndProject
Project("{FAE04EC0-301F-11D3-BF4B-00C04F79EFBC}") = "ClassLib070", "ClassLib070\ClassLib070.csproj", "{1040931B-1CC5-4ECA-B099-B6250D0C567A}"
EndProject
Project("{FAE04EC0-301F-11D3-BF4B-00C04F79EFBC}") = "ClassLib050", "ClassLib050\ClassLib050.csproj", "{905329ED-8F0E-42FB-B629-0186F81FD02B}"
EndProject
Project("{FAE04EC0-301F-11D3-BF4B-00C04F79EFBC}") = "ClassLib096", "ClassLib096\ClassLib096.csproj", "{130CE1FC-D7B4-4097-9273-A77C327F6949}"
EndProject
Project("{FAE04EC0-301F-11D3-BF4B-00C04F79EFBC}") = "ClassLib007", "ClassLib007\ClassLib007.csproj", "{C5389500-4BB6-4567-9949-DB05C3C8DAB7}"
EndProject
Project("{FAE04EC0-301F-11D3-BF4B-00C04F79EFBC}") = "ClassLib089", "ClassLib089\ClassLib089.csproj", "{0DF36908-C22B-4333-AEF2-EF0BD31796A0}"
EndProject
Project("{FAE04EC0-301F-11D3-BF4B-00C04F79EFBC}") = "ClassLib116", "ClassLib116\ClassLib116.csproj", "{C230BF70-BDDF-4AD0-866B-589B210EF69F}"
EndProject
Project("{FAE04EC0-301F-11D3-BF4B-00C04F79EFBC}") = "ClassLib080", "ClassLib080\ClassLib080.csproj", "{FD8EF570-909E-4866-B2C0-A5A76B245101}"
EndProject
Project("{FAE04EC0-301F-11D3-BF4B-00C04F79EFBC}") = "ClassLib012", "ClassLib012\ClassLib012.csproj", "{9415794F-F9EC-4ADE-93B4-1EDC1D1D0A11}"
EndProject
Project("{FAE04EC0-301F-11D3-BF4B-00C04F79EFBC}") = "ClassLib124", "ClassLib124\ClassLib124.csproj", "{61742C2B-B624-4BB8-8C48-1EB57405F9E4}"
EndProject
Project("{FAE04EC0-301F-11D3-BF4B-00C04F79EFBC}") = "ClassLib040", "ClassLib040\ClassLib040.csproj", "{07D708E7-8811-46B8-BB52-623AA5A3C0CF}"
EndProject
Project("{FAE04EC0-301F-11D3-BF4B-00C04F79EFBC}") = "ClassLib059", "ClassLib059\ClassLib059.csproj", "{CC922DBA-7125-41D3-AA05-6176CAC1DB77}"
EndProject
Project("{FAE04EC0-301F-11D3-BF4B-00C04F79EFBC}") = "ClassLib106", "ClassLib106\ClassLib106.csproj", "{468779A0-0312-44AC-B6EC-3ECFEAFA631C}"
EndProject
Project("{FAE04EC0-301F-11D3-BF4B-00C04F79EFBC}") = "ClassLib016", "ClassLib016\ClassLib016.csproj", "{AA620D31-8EE8-4DB5-B7C4-F25C559D0B20}"
EndProject
Project("{FAE04EC0-301F-11D3-BF4B-00C04F79EFBC}") = "ClassLib065", "ClassLib065\ClassLib065.csproj", "{47E4FCAC-D22C-4160-B902-B6AD1C74E514}"
EndProject
Project("{FAE04EC0-301F-11D3-BF4B-00C04F79EFBC}") = "ClassLib060", "ClassLib060\ClassLib060.csproj", "{3C2BA859-C2FC-455F-AA5D-63D56B321207}"
EndProject
Project("{FAE04EC0-301F-11D3-BF4B-00C04F79EFBC}") = "ClassLib063", "ClassLib063\ClassLib063.csproj", "{D7A5DF3F-3323-4E33-B26F-40BF28AA9DBB}"
EndProject
Project("{FAE04EC0-301F-11D3-BF4B-00C04F79EFBC}") = "ClassLib015", "ClassLib015\ClassLib015.csproj", "{6999C6BA-55DA-4969-9959-A06C102A43C4}"
EndProject
Project("{FAE04EC0-301F-11D3-BF4B-00C04F79EFBC}") = "ClassLib049", "ClassLib049\ClassLib049.csproj", "{012A71DC-3F17-4F56-ACC3-07E805726244}"
EndProject
Project("{FAE04EC0-301F-11D3-BF4B-00C04F79EFBC}") = "ClassLib117", "ClassLib117\ClassLib117.csproj", "{EB3C726A-DE87-44BA-82C8-BCCC8B2C0FE3}"
EndProject
Project("{FAE04EC0-301F-11D3-BF4B-00C04F79EFBC}") = "ClassLib055", "ClassLib055\ClassLib055.csproj", "{2DD8D63B-82BE-4101-8806-8440ABA63C74}"
EndProject
Project("{FAE04EC0-301F-11D3-BF4B-00C04F79EFBC}") = "ClassLib019", "ClassLib019\ClassLib019.csproj", "{C782D852-301B-4728-9072-055F6B09C441}"
EndProject
Project("{FAE04EC0-301F-11D3-BF4B-00C04F79EFBC}") = "ClassLib010", "ClassLib010\ClassLib010.csproj", "{5D20C20E-11E1-4D12-9B6A-10689BA4919D}"
EndProject
Project("{FAE04EC0-301F-11D3-BF4B-00C04F79EFBC}") = "ClassLib087", "ClassLib087\ClassLib087.csproj", "{581A9115-9F1A-493E-98EB-CD32BD3C279A}"
EndProject
Project("{FAE04EC0-301F-11D3-BF4B-00C04F79EFBC}") = "ClassLib118", "ClassLib118\ClassLib118.csproj", "{402E1BC7-A188-43CE-A1E1-70271C029FF8}"
EndProject
Project("{FAE04EC0-301F-11D3-BF4B-00C04F79EFBC}") = "ClassLib100", "ClassLib100\ClassLib100.csproj", "{B9616A2D-E2CB-41A6-8391-A8857231C6BB}"
EndProject
Project("{FAE04EC0-301F-11D3-BF4B-00C04F79EFBC}") = "ClassLib008", "ClassLib008\ClassLib008.csproj", "{42ED991F-027A-47D5-B881-D50494B7559E}"
EndProject
Project("{FAE04EC0-301F-11D3-BF4B-00C04F79EFBC}") = "ClassLib018", "ClassLib018\ClassLib018.csproj", "{1125E963-AE44-4C49-B0B7-E4D1E5E6C544}"
EndProject
Project("{FAE04EC0-301F-11D3-BF4B-00C04F79EFBC}") = "ClassLib093", "ClassLib093\ClassLib093.csproj", "{4784B2FB-8360-41D8-85FC-F4A42106FE18}"
EndProject
Project("{FAE04EC0-301F-11D3-BF4B-00C04F79EFBC}") = "ClassLib039", "ClassLib039\ClassLib039.csproj", "{1FE4E5BA-B923-4703-9850-99F8A6900CA1}"
EndProject
Project("{FAE04EC0-301F-11D3-BF4B-00C04F79EFBC}") = "ClassLib036", "ClassLib036\ClassLib036.csproj", "{BF3EBC66-17B2-4D80-AA93-818A63B8D673}"
EndProject
Project("{FAE04EC0-301F-11D3-BF4B-00C04F79EFBC}") = "ClassLib067", "ClassLib067\ClassLib067.csproj", "{6575423D-067C-49AA-AC13-A58F1E944D63}"
EndProject
Project("{FAE04EC0-301F-11D3-BF4B-00C04F79EFBC}") = "ClassLib098", "ClassLib098\ClassLib098.csproj", "{2DE02412-8F52-4BA4-B648-FDEE14348E5F}"
EndProject
Project("{FAE04EC0-301F-11D3-BF4B-00C04F79EFBC}") = "ClassLib009", "ClassLib009\ClassLib009.csproj", "{C6AF5B1B-B9B4-46A3-BD5D-CE46BE07FD21}"
EndProject
Project("{FAE04EC0-301F-11D3-BF4B-00C04F79EFBC}") = "ClassLib035", "ClassLib035\ClassLib035.csproj", "{10A57945-CF24-45DF-AF8E-A08C2D2F7A6D}"
EndProject
Project("{FAE04EC0-301F-11D3-BF4B-00C04F79EFBC}") = "ClassLib047", "ClassLib047\ClassLib047.csproj", "{E6CFE639-C8D1-46D1-AAD2-F4FB89BDCB4C}"
EndProject
Project("{FAE04EC0-301F-11D3-BF4B-00C04F79EFBC}") = "ClassLib058", "ClassLib058\ClassLib058.csproj", "{DC0DA98B-7949-4686-9B8F-890AF1DCE1F2}"
EndProject
Project("{FAE04EC0-301F-11D3-BF4B-00C04F79EFBC}") = "ClassLib126", "ClassLib126\ClassLib126.csproj", "{E25FEEDA-9B03-4273-A717-6EE54C6BE697}"
EndProject
Project("{FAE04EC0-301F-11D3-BF4B-00C04F79EFBC}") = "ClassLib077", "ClassLib077\ClassLib077.csproj", "{A6BCDD99-F8C9-46D2-B841-289F6F055353}"
EndProject
Project("{FAE04EC0-301F-11D3-BF4B-00C04F79EFBC}") = "ClassLib020", "ClassLib020\ClassLib020.csproj", "{EA94767A-F44C-4709-955C-06C1CEC356F3}"
EndProject
Project("{FAE04EC0-301F-11D3-BF4B-00C04F79EFBC}") = "ClassLib021", "ClassLib021\ClassLib021.csproj", "{663A1E3C-5303-4354-9FD3-4A560228574A}"
EndProject
Project("{FAE04EC0-301F-11D3-BF4B-00C04F79EFBC}") = "ClassLib038", "ClassLib038\ClassLib038.csproj", "{AD9C841D-6569-4040-8250-3F3535CD4E58}"
EndProject
Project("{FAE04EC0-301F-11D3-BF4B-00C04F79EFBC}") = "ClassLib025", "ClassLib025\ClassLib025.csproj", "{280968DA-FD2E-4F76-9739-48F87F91D124}"
EndProject
Project("{FAE04EC0-301F-11D3-BF4B-00C04F79EFBC}") = "ClassLib078", "ClassLib078\ClassLib078.csproj", "{01679396-77D2-42F6-A0CD-D7A4BFD605EA}"
EndProject
Project("{FAE04EC0-301F-11D3-BF4B-00C04F79EFBC}") = "ClassLib028", "ClassLib028\ClassLib028.csproj", "{EF1CF350-5FA6-4C8E-86FE-1A05A2C72649}"
EndProject
Project("{FAE04EC0-301F-11D3-BF4B-00C04F79EFBC}") = "ClassLib026", "ClassLib026\ClassLib026.csproj", "{25401B32-F4C6-45D6-A8FA-A7A93F65B2B5}"
EndProject
Project("{FAE04EC0-301F-11D3-BF4B-00C04F79EFBC}") = "ClassLib088", "ClassLib088\ClassLib088.csproj", "{2FBE8399-454A-4A79-A59B-4AFB5FBA64C5}"
EndProject
Project("{FAE04EC0-301F-11D3-BF4B-00C04F79EFBC}") = "ClassLib001", "ClassLib001\ClassLib001.csproj", "{744CC592-4248-42E3-902A-3B38AB92CA62}"
EndProject
Project("{FAE04EC0-301F-11D3-BF4B-00C04F79EFBC}") = "ClassLib091", "ClassLib091\ClassLib091.csproj", "{9E141565-02CA-4B28-84F9-86371F9B5C5A}"
EndProject
Project("{FAE04EC0-301F-11D3-BF4B-00C04F79EFBC}") = "ClassLib005", "ClassLib005\ClassLib005.csproj", "{3C018D80-9C5F-4DF1-90C3-C046732B7EF1}"
EndProject
Project("{FAE04EC0-301F-11D3-BF4B-00C04F79EFBC}") = "ClassLib066", "ClassLib066\ClassLib066.csproj", "{61BE268F-4017-4082-902E-9FB1880DE233}"
EndProject
Project("{FAE04EC0-301F-11D3-BF4B-00C04F79EFBC}") = "ClassLib121", "ClassLib121\ClassLib121.csproj", "{EF48BF84-D273-49E3-AF8B-D63813ABBCA1}"
EndProject
Project("{FAE04EC0-301F-11D3-BF4B-00C04F79EFBC}") = "ClassLib051", "ClassLib051\ClassLib051.csproj", "{A5BD964F-3E95-479B-9F69-EE22BEEC617A}"
EndProject
Project("{FAE04EC0-301F-11D3-BF4B-00C04F79EFBC}") = "ClassLib014", "ClassLib014\ClassLib014.csproj", "{CDD37493-AAAA-4990-A49A-00768C5AAC60}"
EndProject
Project("{FAE04EC0-301F-11D3-BF4B-00C04F79EFBC}") = "ClassLib061", "ClassLib061\ClassLib061.csproj", "{2FDB7A24-3557-4B83-9F60-30AD223E1CAC}"
EndProject
Project("{FAE04EC0-301F-11D3-BF4B-00C04F79EFBC}") = "ClassLib072", "ClassLib072\ClassLib072.csproj", "{C969FB74-5E55-4DF7-B148-066415564C57}"
EndProject
Project("{FAE04EC0-301F-11D3-BF4B-00C04F79EFBC}") = "ClassLib111", "ClassLib111\ClassLib111.csproj", "{8D44D493-9EC4-4A96-AD90-30BF0C2E9CF9}"
EndProject
Project("{FAE04EC0-301F-11D3-BF4B-00C04F79EFBC}") = "ClassLib042", "ClassLib042\ClassLib042.csproj", "{7BE2A462-5039-476F-A520-22B7B716D83B}"
EndProject
Project("{FAE04EC0-301F-11D3-BF4B-00C04F79EFBC}") = "ClassLib045", "ClassLib045\ClassLib045.csproj", "{F82A05D8-A7DE-4101-AEFD-1D645D544BE7}"
EndProject
Project("{FAE04EC0-301F-11D3-BF4B-00C04F79EFBC}") = "ClassLib101", "ClassLib101\ClassLib101.csproj", "{D4636B60-2385-4ECF-B025-A98A5CBEC796}"
EndProject
Project("{FAE04EC0-301F-11D3-BF4B-00C04F79EFBC}") = "ClassLib034", "ClassLib034\ClassLib034.csproj", "{11004F8B-CF25-4C59-A1A8-315534E31677}"
EndProject
Project("{FAE04EC0-301F-11D3-BF4B-00C04F79EFBC}") = "ClassLib115", "ClassLib115\ClassLib115.csproj", "{5BA26A62-F246-4B3D-81DA-105F31261F9D}"
EndProject
Project("{FAE04EC0-301F-11D3-BF4B-00C04F79EFBC}") = "ClassLib113", "ClassLib113\ClassLib113.csproj", "{30084349-1D6F-489D-A960-8FC8F3B9099D}"
EndProject
Project("{FAE04EC0-301F-11D3-BF4B-00C04F79EFBC}") = "ClassLib084", "ClassLib084\ClassLib084.csproj", "{000A4793-B0D1-45AF-B256-0F8C0F9997A5}"
EndProject
Project("{FAE04EC0-301F-11D3-BF4B-00C04F79EFBC}") = "ClassLib074", "ClassLib074\ClassLib074.csproj", "{2FFEC077-4738-41E7-ADAE-FEABE306287D}"
EndProject
Project("{FAE04EC0-301F-11D3-BF4B-00C04F79EFBC}") = "ClassLib037", "ClassLib037\ClassLib037.csproj", "{B401B500-A794-4C37-8BB4-6AA8AC20E064}"
EndProject
Project("{FAE04EC0-301F-11D3-BF4B-00C04F79EFBC}") = "ClassLib048", "ClassLib048\ClassLib048.csproj", "{400DF4FE-6E47-4444-85F5-08F56EFB5D2B}"
EndProject
Project("{FAE04EC0-301F-11D3-BF4B-00C04F79EFBC}") = "ClassLib064", "ClassLib064\ClassLib064.csproj", "{25CD1612-444D-40C1-988C-DD3400D7C3EB}"
EndProject
Project("{FAE04EC0-301F-11D3-BF4B-00C04F79EFBC}") = "ClassLib044", "ClassLib044\ClassLib044.csproj", "{39F950B5-7C16-4213-ACD2-1509E83BA586}"
EndProject
Project("{FAE04EC0-301F-11D3-BF4B-00C04F79EFBC}") = "ClassLib102", "ClassLib102\ClassLib102.csproj", "{583BEC15-4084-4874-B73B-1A06EF014E82}"
EndProject
Project("{FAE04EC0-301F-11D3-BF4B-00C04F79EFBC}") = "ClassLib081", "ClassLib081\ClassLib081.csproj", "{C621C909-37C5-4175-9778-65C1D2CCBC49}"
EndProject
Project("{FAE04EC0-301F-11D3-BF4B-00C04F79EFBC}") = "ClassLib033", "ClassLib033\ClassLib033.csproj", "{DDA6FED1-E0B2-4DB6-8569-D8B0152B8953}"
EndProject
Project("{FAE04EC0-301F-11D3-BF4B-00C04F79EFBC}") = "ClassLib112", "ClassLib112\ClassLib112.csproj", "{FC3F1AC6-CDB9-4343-B7C6-CECFDD916F76}"
EndProject
Project("{FAE04EC0-301F-11D3-BF4B-00C04F79EFBC}") = "ClassLib095", "ClassLib095\ClassLib095.csproj", "{3376AD3F-574A-4599-85EB-10016A6D6F50}"
EndProject
Project("{FAE04EC0-301F-11D3-BF4B-00C04F79EFBC}") = "ClassLib003", "ClassLib003\ClassLib003.csproj", "{E49C04FA-4321-404A-9383-A53DFD0FD598}"
EndProject
Project("{FAE04EC0-301F-11D3-BF4B-00C04F79EFBC}") = "ClassLib103", "ClassLib103\ClassLib103.csproj", "{5A35B75E-236B-47D9-8BE1-9C314C6C1E9F}"
EndProject
Project("{FAE04EC0-301F-11D3-BF4B-00C04F79EFBC}") = "ClassLib023", "ClassLib023\ClassLib023.csproj", "{C8FB8284-3589-46F9-81EE-C8AECC673FF3}"
EndProject
Project("{FAE04EC0-301F-11D3-BF4B-00C04F79EFBC}") = "ClassLib094", "ClassLib094\ClassLib094.csproj", "{EDADD3BD-4B35-4D16-843F-F7906233E75F}"
EndProject
Project("{FAE04EC0-301F-11D3-BF4B-00C04F79EFBC}") = "ClassLib076", "ClassLib076\ClassLib076.csproj", "{9C6831F2-BE5D-43BF-B8D9-CC7A56486107}"
EndProject
Project("{FAE04EC0-301F-11D3-BF4B-00C04F79EFBC}") = "ClassLib011", "ClassLib011\ClassLib011.csproj", "{7C7878DE-6996-4A68-BF78-F760C6AE9857}"
EndProject
Project("{FAE04EC0-301F-11D3-BF4B-00C04F79EFBC}") = "ClassLib022", "ClassLib022\ClassLib022.csproj", "{C7250E3A-FC18-4B12-A574-ED29B7A7EDEC}"
EndProject
Project("{FAE04EC0-301F-11D3-BF4B-00C04F79EFBC}") = "ClassLib041", "ClassLib041\ClassLib041.csproj", "{FA4D0079-0D9F-4569-AB89-8AADECD03482}"
EndProject
Project("{FAE04EC0-301F-11D3-BF4B-00C04F79EFBC}") = "ClassLib086", "ClassLib086\ClassLib086.csproj", "{9B1B3A73-B96D-422A-99DC-60BB9344C98D}"
EndProject
Project("{FAE04EC0-301F-11D3-BF4B-00C04F79EFBC}") = "ClassLib071", "ClassLib071\ClassLib071.csproj", "{52C8D9AC-1426-4239-ACDE-BFA8E76395D2}"
EndProject
Project("{FAE04EC0-301F-11D3-BF4B-00C04F79EFBC}") = "ClassLib053", "ClassLib053\ClassLib053.csproj", "{05FB1896-8DDE-4ED6-A50A-18AB7163279D}"
EndProject
Project("{FAE04EC0-301F-11D3-BF4B-00C04F79EFBC}") = "ClassLib104", "ClassLib104\ClassLib104.csproj", "{530ABEFF-E349-43A4-A984-9C2D90840FE2}"
EndProject
Project("{FAE04EC0-301F-11D3-BF4B-00C04F79EFBC}") = "ClassLib062", "ClassLib062\ClassLib062.csproj", "{73C56679-0963-411F-A9CD-8B27CCB5FC9C}"
EndProject
Project("{FAE04EC0-301F-11D3-BF4B-00C04F79EFBC}") = "ClassLib083", "ClassLib083\ClassLib083.csproj", "{AE061473-ACE4-447A-8976-544307E598DF}"
EndProject
Project("{FAE04EC0-301F-11D3-BF4B-00C04F79EFBC}") = "ClassLib031", "ClassLib031\ClassLib031.csproj", "{744D3AC3-6B9B-4C5F-81CB-859C68A628B9}"
EndProject
Project("{FAE04EC0-301F-11D3-BF4B-00C04F79EFBC}") = "ClassLib105", "ClassLib105\ClassLib105.csproj", "{26CF220D-C836-4025-8E28-EB0F002FF9A4}"
EndProject
Project("{FAE04EC0-301F-11D3-BF4B-00C04F79EFBC}") = "ClassLib052", "ClassLib052\ClassLib052.csproj", "{0A2D88E6-C447-4543-8718-A1456C8B0589}"
EndProject
Project("{FAE04EC0-301F-11D3-BF4B-00C04F79EFBC}") = "ClassLib013", "ClassLib013\ClassLib013.csproj", "{17441EE9-3DC2-428E-A653-BE53F0C58706}"
EndProject
Project("{FAE04EC0-301F-11D3-BF4B-00C04F79EFBC}") = "ClassLib082", "ClassLib082\ClassLib082.csproj", "{5826E4A7-95B1-495E-AC37-37C998D9373F}"
EndProject
Project("{FAE04EC0-301F-11D3-BF4B-00C04F79EFBC}") = "ClassLib032", "ClassLib032\ClassLib032.csproj", "{CBC92A38-FCFC-4327-826A-E78A1B2138DC}"
EndProject
Project("{FAE04EC0-301F-11D3-BF4B-00C04F79EFBC}") = "ClassLib092", "ClassLib092\ClassLib092.csproj", "{5242DF2F-9270-4B72-8734-FE794AFD982F}"
EndProject
Global
	GlobalSection(SolutionConfigurationPlatforms) = preSolution
		Debug|Any CPU = Debug|Any CPU
		Release|Any CPU = Release|Any CPU
	EndGlobalSection
	GlobalSection(ProjectConfigurationPlatforms) = postSolution
		{F9625F4A-BB92-465C-A8A4-2D13A8A99086}.Debug|Any CPU.ActiveCfg = Debug|Any CPU
		{F9625F4A-BB92-465C-A8A4-2D13A8A99086}.Debug|Any CPU.Build.0 = Debug|Any CPU
		{F9625F4A-BB92-465C-A8A4-2D13A8A99086}.Release|Any CPU.ActiveCfg = Release|Any CPU
		{F9625F4A-BB92-465C-A8A4-2D13A8A99086}.Release|Any CPU.Build.0 = Release|Any CPU
		{FF87DE05-52D8-4EBF-8679-8EDB203EA108}.Debug|Any CPU.ActiveCfg = Debug|Any CPU
		{FF87DE05-52D8-4EBF-8679-8EDB203EA108}.Debug|Any CPU.Build.0 = Debug|Any CPU
		{FF87DE05-52D8-4EBF-8679-8EDB203EA108}.Release|Any CPU.ActiveCfg = Debug|Any CPU
		{FF87DE05-52D8-4EBF-8679-8EDB203EA108}.Release|Any CPU.Build.0 = Debug|Any CPU
		{4BA62BCA-AE33-4882-9D3D-76E5AA452FBA}.Debug|Any CPU.ActiveCfg = Debug|Any CPU
		{4BA62BCA-AE33-4882-9D3D-76E5AA452FBA}.Debug|Any CPU.Build.0 = Debug|Any CPU
		{4BA62BCA-AE33-4882-9D3D-76E5AA452FBA}.Release|Any CPU.ActiveCfg = Debug|Any CPU
		{4BA62BCA-AE33-4882-9D3D-76E5AA452FBA}.Release|Any CPU.Build.0 = Debug|Any CPU
		{42D89791-5B93-48A2-9FDE-76091DE4211D}.Debug|Any CPU.ActiveCfg = Debug|Any CPU
		{42D89791-5B93-48A2-9FDE-76091DE4211D}.Debug|Any CPU.Build.0 = Debug|Any CPU
		{42D89791-5B93-48A2-9FDE-76091DE4211D}.Release|Any CPU.ActiveCfg = Debug|Any CPU
		{42D89791-5B93-48A2-9FDE-76091DE4211D}.Release|Any CPU.Build.0 = Debug|Any CPU
		{9426AFF5-A0D5-417F-A305-450CD9148B43}.Debug|Any CPU.ActiveCfg = Debug|Any CPU
		{9426AFF5-A0D5-417F-A305-450CD9148B43}.Debug|Any CPU.Build.0 = Debug|Any CPU
		{9426AFF5-A0D5-417F-A305-450CD9148B43}.Release|Any CPU.ActiveCfg = Debug|Any CPU
		{9426AFF5-A0D5-417F-A305-450CD9148B43}.Release|Any CPU.Build.0 = Debug|Any CPU
		{D62104EA-417A-4B30-986D-47C7402D6EEC}.Debug|Any CPU.ActiveCfg = Debug|Any CPU
		{D62104EA-417A-4B30-986D-47C7402D6EEC}.Debug|Any CPU.Build.0 = Debug|Any CPU
		{D62104EA-417A-4B30-986D-47C7402D6EEC}.Release|Any CPU.ActiveCfg = Debug|Any CPU
		{D62104EA-417A-4B30-986D-47C7402D6EEC}.Release|Any CPU.Build.0 = Debug|Any CPU
		{647686CC-FC3B-4274-A517-5FDE4939A43F}.Debug|Any CPU.ActiveCfg = Debug|Any CPU
		{647686CC-FC3B-4274-A517-5FDE4939A43F}.Debug|Any CPU.Build.0 = Debug|Any CPU
		{647686CC-FC3B-4274-A517-5FDE4939A43F}.Release|Any CPU.ActiveCfg = Debug|Any CPU
		{647686CC-FC3B-4274-A517-5FDE4939A43F}.Release|Any CPU.Build.0 = Debug|Any CPU
		{A211A4B3-FB07-41EE-A3E7-9A0410DF22DB}.Debug|Any CPU.ActiveCfg = Debug|Any CPU
		{A211A4B3-FB07-41EE-A3E7-9A0410DF22DB}.Debug|Any CPU.Build.0 = Debug|Any CPU
		{A211A4B3-FB07-41EE-A3E7-9A0410DF22DB}.Release|Any CPU.ActiveCfg = Debug|Any CPU
		{A211A4B3-FB07-41EE-A3E7-9A0410DF22DB}.Release|Any CPU.Build.0 = Debug|Any CPU
		{086B5B9D-FEC5-481E-8BD9-C8F6FE7EB824}.Debug|Any CPU.ActiveCfg = Debug|Any CPU
		{086B5B9D-FEC5-481E-8BD9-C8F6FE7EB824}.Debug|Any CPU.Build.0 = Debug|Any CPU
		{086B5B9D-FEC5-481E-8BD9-C8F6FE7EB824}.Release|Any CPU.ActiveCfg = Debug|Any CPU
		{086B5B9D-FEC5-481E-8BD9-C8F6FE7EB824}.Release|Any CPU.Build.0 = Debug|Any CPU
		{A970DAFF-CC7D-4054-B7A3-54A0546A3790}.Debug|Any CPU.ActiveCfg = Debug|Any CPU
		{A970DAFF-CC7D-4054-B7A3-54A0546A3790}.Debug|Any CPU.Build.0 = Debug|Any CPU
		{A970DAFF-CC7D-4054-B7A3-54A0546A3790}.Release|Any CPU.ActiveCfg = Debug|Any CPU
		{A970DAFF-CC7D-4054-B7A3-54A0546A3790}.Release|Any CPU.Build.0 = Debug|Any CPU
		{85585024-AA82-4D49-B0FB-221DBE469A16}.Debug|Any CPU.ActiveCfg = Debug|Any CPU
		{85585024-AA82-4D49-B0FB-221DBE469A16}.Debug|Any CPU.Build.0 = Debug|Any CPU
		{85585024-AA82-4D49-B0FB-221DBE469A16}.Release|Any CPU.ActiveCfg = Debug|Any CPU
		{85585024-AA82-4D49-B0FB-221DBE469A16}.Release|Any CPU.Build.0 = Debug|Any CPU
		{8E47B422-78DE-4099-82EA-A19146AE21E1}.Debug|Any CPU.ActiveCfg = Debug|Any CPU
		{8E47B422-78DE-4099-82EA-A19146AE21E1}.Debug|Any CPU.Build.0 = Debug|Any CPU
		{8E47B422-78DE-4099-82EA-A19146AE21E1}.Release|Any CPU.ActiveCfg = Debug|Any CPU
		{8E47B422-78DE-4099-82EA-A19146AE21E1}.Release|Any CPU.Build.0 = Debug|Any CPU
		{1D4F1D94-EE49-40F6-B6A4-71006A995EBF}.Debug|Any CPU.ActiveCfg = Debug|Any CPU
		{1D4F1D94-EE49-40F6-B6A4-71006A995EBF}.Debug|Any CPU.Build.0 = Debug|Any CPU
		{1D4F1D94-EE49-40F6-B6A4-71006A995EBF}.Release|Any CPU.ActiveCfg = Debug|Any CPU
		{1D4F1D94-EE49-40F6-B6A4-71006A995EBF}.Release|Any CPU.Build.0 = Debug|Any CPU
		{E5408598-FC3A-4A5F-A343-3350F011A439}.Debug|Any CPU.ActiveCfg = Debug|Any CPU
		{E5408598-FC3A-4A5F-A343-3350F011A439}.Debug|Any CPU.Build.0 = Debug|Any CPU
		{E5408598-FC3A-4A5F-A343-3350F011A439}.Release|Any CPU.ActiveCfg = Debug|Any CPU
		{E5408598-FC3A-4A5F-A343-3350F011A439}.Release|Any CPU.Build.0 = Debug|Any CPU
		{8E494410-08A1-4A45-9405-73F7257C7AC5}.Debug|Any CPU.ActiveCfg = Debug|Any CPU
		{8E494410-08A1-4A45-9405-73F7257C7AC5}.Debug|Any CPU.Build.0 = Debug|Any CPU
		{8E494410-08A1-4A45-9405-73F7257C7AC5}.Release|Any CPU.ActiveCfg = Debug|Any CPU
		{8E494410-08A1-4A45-9405-73F7257C7AC5}.Release|Any CPU.Build.0 = Debug|Any CPU
		{6973B17E-DDB4-436A-9C0B-35BC31B926BE}.Debug|Any CPU.ActiveCfg = Debug|Any CPU
		{6973B17E-DDB4-436A-9C0B-35BC31B926BE}.Debug|Any CPU.Build.0 = Debug|Any CPU
		{6973B17E-DDB4-436A-9C0B-35BC31B926BE}.Release|Any CPU.ActiveCfg = Debug|Any CPU
		{6973B17E-DDB4-436A-9C0B-35BC31B926BE}.Release|Any CPU.Build.0 = Debug|Any CPU
		{78BFB5BE-59F0-474B-B690-D6B63666E193}.Debug|Any CPU.ActiveCfg = Debug|Any CPU
		{78BFB5BE-59F0-474B-B690-D6B63666E193}.Debug|Any CPU.Build.0 = Debug|Any CPU
		{78BFB5BE-59F0-474B-B690-D6B63666E193}.Release|Any CPU.ActiveCfg = Debug|Any CPU
		{78BFB5BE-59F0-474B-B690-D6B63666E193}.Release|Any CPU.Build.0 = Debug|Any CPU
		{EDD38943-93B0-4047-8DD2-FD4C284282D1}.Debug|Any CPU.ActiveCfg = Debug|Any CPU
		{EDD38943-93B0-4047-8DD2-FD4C284282D1}.Debug|Any CPU.Build.0 = Debug|Any CPU
		{EDD38943-93B0-4047-8DD2-FD4C284282D1}.Release|Any CPU.ActiveCfg = Debug|Any CPU
		{EDD38943-93B0-4047-8DD2-FD4C284282D1}.Release|Any CPU.Build.0 = Debug|Any CPU
		{51F2A998-909D-4CCB-93FB-8572C16C49A9}.Debug|Any CPU.ActiveCfg = Debug|Any CPU
		{51F2A998-909D-4CCB-93FB-8572C16C49A9}.Debug|Any CPU.Build.0 = Debug|Any CPU
		{51F2A998-909D-4CCB-93FB-8572C16C49A9}.Release|Any CPU.ActiveCfg = Debug|Any CPU
		{51F2A998-909D-4CCB-93FB-8572C16C49A9}.Release|Any CPU.Build.0 = Debug|Any CPU
		{FB37C112-5360-473F-96AC-53FB9FE6E1C9}.Debug|Any CPU.ActiveCfg = Debug|Any CPU
		{FB37C112-5360-473F-96AC-53FB9FE6E1C9}.Debug|Any CPU.Build.0 = Debug|Any CPU
		{FB37C112-5360-473F-96AC-53FB9FE6E1C9}.Release|Any CPU.ActiveCfg = Debug|Any CPU
		{FB37C112-5360-473F-96AC-53FB9FE6E1C9}.Release|Any CPU.Build.0 = Debug|Any CPU
		{CDC5652E-5B23-4D3A-A922-87F0F4ECB2C3}.Debug|Any CPU.ActiveCfg = Debug|Any CPU
		{CDC5652E-5B23-4D3A-A922-87F0F4ECB2C3}.Debug|Any CPU.Build.0 = Debug|Any CPU
		{CDC5652E-5B23-4D3A-A922-87F0F4ECB2C3}.Release|Any CPU.ActiveCfg = Debug|Any CPU
		{CDC5652E-5B23-4D3A-A922-87F0F4ECB2C3}.Release|Any CPU.Build.0 = Debug|Any CPU
		{0A91EF61-6B9B-4171-9352-47C7938AA9A2}.Debug|Any CPU.ActiveCfg = Debug|Any CPU
		{0A91EF61-6B9B-4171-9352-47C7938AA9A2}.Debug|Any CPU.Build.0 = Debug|Any CPU
		{0A91EF61-6B9B-4171-9352-47C7938AA9A2}.Release|Any CPU.ActiveCfg = Debug|Any CPU
		{0A91EF61-6B9B-4171-9352-47C7938AA9A2}.Release|Any CPU.Build.0 = Debug|Any CPU
		{CFC7D07D-18D0-407A-9870-2C9B653137E7}.Debug|Any CPU.ActiveCfg = Debug|Any CPU
		{CFC7D07D-18D0-407A-9870-2C9B653137E7}.Debug|Any CPU.Build.0 = Debug|Any CPU
		{CFC7D07D-18D0-407A-9870-2C9B653137E7}.Release|Any CPU.ActiveCfg = Debug|Any CPU
		{CFC7D07D-18D0-407A-9870-2C9B653137E7}.Release|Any CPU.Build.0 = Debug|Any CPU
		{77F0C759-6D52-476C-9BA1-6FBAB39E86C9}.Debug|Any CPU.ActiveCfg = Debug|Any CPU
		{77F0C759-6D52-476C-9BA1-6FBAB39E86C9}.Debug|Any CPU.Build.0 = Debug|Any CPU
		{77F0C759-6D52-476C-9BA1-6FBAB39E86C9}.Release|Any CPU.ActiveCfg = Debug|Any CPU
		{77F0C759-6D52-476C-9BA1-6FBAB39E86C9}.Release|Any CPU.Build.0 = Debug|Any CPU
		{E328A87E-3E0A-41F7-8985-88B4AA5D4BA2}.Debug|Any CPU.ActiveCfg = Debug|Any CPU
		{E328A87E-3E0A-41F7-8985-88B4AA5D4BA2}.Debug|Any CPU.Build.0 = Debug|Any CPU
		{E328A87E-3E0A-41F7-8985-88B4AA5D4BA2}.Release|Any CPU.ActiveCfg = Debug|Any CPU
		{E328A87E-3E0A-41F7-8985-88B4AA5D4BA2}.Release|Any CPU.Build.0 = Debug|Any CPU
		{B3C4D527-1103-4C49-AC4C-7EDD8D960096}.Debug|Any CPU.ActiveCfg = Debug|Any CPU
		{B3C4D527-1103-4C49-AC4C-7EDD8D960096}.Debug|Any CPU.Build.0 = Debug|Any CPU
		{B3C4D527-1103-4C49-AC4C-7EDD8D960096}.Release|Any CPU.ActiveCfg = Debug|Any CPU
		{B3C4D527-1103-4C49-AC4C-7EDD8D960096}.Release|Any CPU.Build.0 = Debug|Any CPU
		{2451F074-FA5F-437A-B965-BECE87B3CAE7}.Debug|Any CPU.ActiveCfg = Debug|Any CPU
		{2451F074-FA5F-437A-B965-BECE87B3CAE7}.Debug|Any CPU.Build.0 = Debug|Any CPU
		{2451F074-FA5F-437A-B965-BECE87B3CAE7}.Release|Any CPU.ActiveCfg = Debug|Any CPU
		{2451F074-FA5F-437A-B965-BECE87B3CAE7}.Release|Any CPU.Build.0 = Debug|Any CPU
		{A9B1BE1D-818B-4017-9CEC-0FE9C8734538}.Debug|Any CPU.ActiveCfg = Debug|Any CPU
		{A9B1BE1D-818B-4017-9CEC-0FE9C8734538}.Debug|Any CPU.Build.0 = Debug|Any CPU
		{A9B1BE1D-818B-4017-9CEC-0FE9C8734538}.Release|Any CPU.ActiveCfg = Debug|Any CPU
		{A9B1BE1D-818B-4017-9CEC-0FE9C8734538}.Release|Any CPU.Build.0 = Debug|Any CPU
		{6B9AC6F6-A07C-4DBC-9666-C8DFBCF8F537}.Debug|Any CPU.ActiveCfg = Debug|Any CPU
		{6B9AC6F6-A07C-4DBC-9666-C8DFBCF8F537}.Debug|Any CPU.Build.0 = Debug|Any CPU
		{6B9AC6F6-A07C-4DBC-9666-C8DFBCF8F537}.Release|Any CPU.ActiveCfg = Debug|Any CPU
		{6B9AC6F6-A07C-4DBC-9666-C8DFBCF8F537}.Release|Any CPU.Build.0 = Debug|Any CPU
		{A2335402-0A9A-4A35-86E1-DABA7683F460}.Debug|Any CPU.ActiveCfg = Debug|Any CPU
		{A2335402-0A9A-4A35-86E1-DABA7683F460}.Debug|Any CPU.Build.0 = Debug|Any CPU
		{A2335402-0A9A-4A35-86E1-DABA7683F460}.Release|Any CPU.ActiveCfg = Debug|Any CPU
		{A2335402-0A9A-4A35-86E1-DABA7683F460}.Release|Any CPU.Build.0 = Debug|Any CPU
		{763186F5-6713-4F26-8DE5-C604C87A6B3F}.Debug|Any CPU.ActiveCfg = Debug|Any CPU
		{763186F5-6713-4F26-8DE5-C604C87A6B3F}.Debug|Any CPU.Build.0 = Debug|Any CPU
		{763186F5-6713-4F26-8DE5-C604C87A6B3F}.Release|Any CPU.ActiveCfg = Debug|Any CPU
		{763186F5-6713-4F26-8DE5-C604C87A6B3F}.Release|Any CPU.Build.0 = Debug|Any CPU
		{81004AEC-C22F-45D9-A690-34C8752913FB}.Debug|Any CPU.ActiveCfg = Debug|Any CPU
		{81004AEC-C22F-45D9-A690-34C8752913FB}.Debug|Any CPU.Build.0 = Debug|Any CPU
		{81004AEC-C22F-45D9-A690-34C8752913FB}.Release|Any CPU.ActiveCfg = Debug|Any CPU
		{81004AEC-C22F-45D9-A690-34C8752913FB}.Release|Any CPU.Build.0 = Debug|Any CPU
		{E434E513-9CD8-4DD8-8A26-BC92012F1951}.Debug|Any CPU.ActiveCfg = Debug|Any CPU
		{E434E513-9CD8-4DD8-8A26-BC92012F1951}.Debug|Any CPU.Build.0 = Debug|Any CPU
		{E434E513-9CD8-4DD8-8A26-BC92012F1951}.Release|Any CPU.ActiveCfg = Debug|Any CPU
		{E434E513-9CD8-4DD8-8A26-BC92012F1951}.Release|Any CPU.Build.0 = Debug|Any CPU
		{1040931B-1CC5-4ECA-B099-B6250D0C567A}.Debug|Any CPU.ActiveCfg = Debug|Any CPU
		{1040931B-1CC5-4ECA-B099-B6250D0C567A}.Debug|Any CPU.Build.0 = Debug|Any CPU
		{1040931B-1CC5-4ECA-B099-B6250D0C567A}.Release|Any CPU.ActiveCfg = Debug|Any CPU
		{1040931B-1CC5-4ECA-B099-B6250D0C567A}.Release|Any CPU.Build.0 = Debug|Any CPU
		{905329ED-8F0E-42FB-B629-0186F81FD02B}.Debug|Any CPU.ActiveCfg = Debug|Any CPU
		{905329ED-8F0E-42FB-B629-0186F81FD02B}.Debug|Any CPU.Build.0 = Debug|Any CPU
		{905329ED-8F0E-42FB-B629-0186F81FD02B}.Release|Any CPU.ActiveCfg = Debug|Any CPU
		{905329ED-8F0E-42FB-B629-0186F81FD02B}.Release|Any CPU.Build.0 = Debug|Any CPU
		{130CE1FC-D7B4-4097-9273-A77C327F6949}.Debug|Any CPU.ActiveCfg = Debug|Any CPU
		{130CE1FC-D7B4-4097-9273-A77C327F6949}.Debug|Any CPU.Build.0 = Debug|Any CPU
		{130CE1FC-D7B4-4097-9273-A77C327F6949}.Release|Any CPU.ActiveCfg = Debug|Any CPU
		{130CE1FC-D7B4-4097-9273-A77C327F6949}.Release|Any CPU.Build.0 = Debug|Any CPU
		{C5389500-4BB6-4567-9949-DB05C3C8DAB7}.Debug|Any CPU.ActiveCfg = Debug|Any CPU
		{C5389500-4BB6-4567-9949-DB05C3C8DAB7}.Debug|Any CPU.Build.0 = Debug|Any CPU
		{C5389500-4BB6-4567-9949-DB05C3C8DAB7}.Release|Any CPU.ActiveCfg = Debug|Any CPU
		{C5389500-4BB6-4567-9949-DB05C3C8DAB7}.Release|Any CPU.Build.0 = Debug|Any CPU
		{0DF36908-C22B-4333-AEF2-EF0BD31796A0}.Debug|Any CPU.ActiveCfg = Debug|Any CPU
		{0DF36908-C22B-4333-AEF2-EF0BD31796A0}.Debug|Any CPU.Build.0 = Debug|Any CPU
		{0DF36908-C22B-4333-AEF2-EF0BD31796A0}.Release|Any CPU.ActiveCfg = Debug|Any CPU
		{0DF36908-C22B-4333-AEF2-EF0BD31796A0}.Release|Any CPU.Build.0 = Debug|Any CPU
		{C230BF70-BDDF-4AD0-866B-589B210EF69F}.Debug|Any CPU.ActiveCfg = Debug|Any CPU
		{C230BF70-BDDF-4AD0-866B-589B210EF69F}.Debug|Any CPU.Build.0 = Debug|Any CPU
		{C230BF70-BDDF-4AD0-866B-589B210EF69F}.Release|Any CPU.ActiveCfg = Debug|Any CPU
		{C230BF70-BDDF-4AD0-866B-589B210EF69F}.Release|Any CPU.Build.0 = Debug|Any CPU
		{FD8EF570-909E-4866-B2C0-A5A76B245101}.Debug|Any CPU.ActiveCfg = Debug|Any CPU
		{FD8EF570-909E-4866-B2C0-A5A76B245101}.Debug|Any CPU.Build.0 = Debug|Any CPU
		{FD8EF570-909E-4866-B2C0-A5A76B245101}.Release|Any CPU.ActiveCfg = Debug|Any CPU
		{FD8EF570-909E-4866-B2C0-A5A76B245101}.Release|Any CPU.Build.0 = Debug|Any CPU
		{9415794F-F9EC-4ADE-93B4-1EDC1D1D0A11}.Debug|Any CPU.ActiveCfg = Debug|Any CPU
		{9415794F-F9EC-4ADE-93B4-1EDC1D1D0A11}.Debug|Any CPU.Build.0 = Debug|Any CPU
		{9415794F-F9EC-4ADE-93B4-1EDC1D1D0A11}.Release|Any CPU.ActiveCfg = Debug|Any CPU
		{9415794F-F9EC-4ADE-93B4-1EDC1D1D0A11}.Release|Any CPU.Build.0 = Debug|Any CPU
		{61742C2B-B624-4BB8-8C48-1EB57405F9E4}.Debug|Any CPU.ActiveCfg = Debug|Any CPU
		{61742C2B-B624-4BB8-8C48-1EB57405F9E4}.Debug|Any CPU.Build.0 = Debug|Any CPU
		{61742C2B-B624-4BB8-8C48-1EB57405F9E4}.Release|Any CPU.ActiveCfg = Debug|Any CPU
		{61742C2B-B624-4BB8-8C48-1EB57405F9E4}.Release|Any CPU.Build.0 = Debug|Any CPU
		{07D708E7-8811-46B8-BB52-623AA5A3C0CF}.Debug|Any CPU.ActiveCfg = Debug|Any CPU
		{07D708E7-8811-46B8-BB52-623AA5A3C0CF}.Debug|Any CPU.Build.0 = Debug|Any CPU
		{07D708E7-8811-46B8-BB52-623AA5A3C0CF}.Release|Any CPU.ActiveCfg = Debug|Any CPU
		{07D708E7-8811-46B8-BB52-623AA5A3C0CF}.Release|Any CPU.Build.0 = Debug|Any CPU
		{CC922DBA-7125-41D3-AA05-6176CAC1DB77}.Debug|Any CPU.ActiveCfg = Debug|Any CPU
		{CC922DBA-7125-41D3-AA05-6176CAC1DB77}.Debug|Any CPU.Build.0 = Debug|Any CPU
		{CC922DBA-7125-41D3-AA05-6176CAC1DB77}.Release|Any CPU.ActiveCfg = Debug|Any CPU
		{CC922DBA-7125-41D3-AA05-6176CAC1DB77}.Release|Any CPU.Build.0 = Debug|Any CPU
		{468779A0-0312-44AC-B6EC-3ECFEAFA631C}.Debug|Any CPU.ActiveCfg = Debug|Any CPU
		{468779A0-0312-44AC-B6EC-3ECFEAFA631C}.Debug|Any CPU.Build.0 = Debug|Any CPU
		{468779A0-0312-44AC-B6EC-3ECFEAFA631C}.Release|Any CPU.ActiveCfg = Debug|Any CPU
		{468779A0-0312-44AC-B6EC-3ECFEAFA631C}.Release|Any CPU.Build.0 = Debug|Any CPU
		{AA620D31-8EE8-4DB5-B7C4-F25C559D0B20}.Debug|Any CPU.ActiveCfg = Debug|Any CPU
		{AA620D31-8EE8-4DB5-B7C4-F25C559D0B20}.Debug|Any CPU.Build.0 = Debug|Any CPU
		{AA620D31-8EE8-4DB5-B7C4-F25C559D0B20}.Release|Any CPU.ActiveCfg = Debug|Any CPU
		{AA620D31-8EE8-4DB5-B7C4-F25C559D0B20}.Release|Any CPU.Build.0 = Debug|Any CPU
		{47E4FCAC-D22C-4160-B902-B6AD1C74E514}.Debug|Any CPU.ActiveCfg = Debug|Any CPU
		{47E4FCAC-D22C-4160-B902-B6AD1C74E514}.Debug|Any CPU.Build.0 = Debug|Any CPU
		{47E4FCAC-D22C-4160-B902-B6AD1C74E514}.Release|Any CPU.ActiveCfg = Debug|Any CPU
		{47E4FCAC-D22C-4160-B902-B6AD1C74E514}.Release|Any CPU.Build.0 = Debug|Any CPU
		{3C2BA859-C2FC-455F-AA5D-63D56B321207}.Debug|Any CPU.ActiveCfg = Debug|Any CPU
		{3C2BA859-C2FC-455F-AA5D-63D56B321207}.Debug|Any CPU.Build.0 = Debug|Any CPU
		{3C2BA859-C2FC-455F-AA5D-63D56B321207}.Release|Any CPU.ActiveCfg = Debug|Any CPU
		{3C2BA859-C2FC-455F-AA5D-63D56B321207}.Release|Any CPU.Build.0 = Debug|Any CPU
		{D7A5DF3F-3323-4E33-B26F-40BF28AA9DBB}.Debug|Any CPU.ActiveCfg = Debug|Any CPU
		{D7A5DF3F-3323-4E33-B26F-40BF28AA9DBB}.Debug|Any CPU.Build.0 = Debug|Any CPU
		{D7A5DF3F-3323-4E33-B26F-40BF28AA9DBB}.Release|Any CPU.ActiveCfg = Debug|Any CPU
		{D7A5DF3F-3323-4E33-B26F-40BF28AA9DBB}.Release|Any CPU.Build.0 = Debug|Any CPU
		{6999C6BA-55DA-4969-9959-A06C102A43C4}.Debug|Any CPU.ActiveCfg = Debug|Any CPU
		{6999C6BA-55DA-4969-9959-A06C102A43C4}.Debug|Any CPU.Build.0 = Debug|Any CPU
		{6999C6BA-55DA-4969-9959-A06C102A43C4}.Release|Any CPU.ActiveCfg = Debug|Any CPU
		{6999C6BA-55DA-4969-9959-A06C102A43C4}.Release|Any CPU.Build.0 = Debug|Any CPU
		{012A71DC-3F17-4F56-ACC3-07E805726244}.Debug|Any CPU.ActiveCfg = Debug|Any CPU
		{012A71DC-3F17-4F56-ACC3-07E805726244}.Debug|Any CPU.Build.0 = Debug|Any CPU
		{012A71DC-3F17-4F56-ACC3-07E805726244}.Release|Any CPU.ActiveCfg = Debug|Any CPU
		{012A71DC-3F17-4F56-ACC3-07E805726244}.Release|Any CPU.Build.0 = Debug|Any CPU
		{EB3C726A-DE87-44BA-82C8-BCCC8B2C0FE3}.Debug|Any CPU.ActiveCfg = Debug|Any CPU
		{EB3C726A-DE87-44BA-82C8-BCCC8B2C0FE3}.Debug|Any CPU.Build.0 = Debug|Any CPU
		{EB3C726A-DE87-44BA-82C8-BCCC8B2C0FE3}.Release|Any CPU.ActiveCfg = Debug|Any CPU
		{EB3C726A-DE87-44BA-82C8-BCCC8B2C0FE3}.Release|Any CPU.Build.0 = Debug|Any CPU
		{2DD8D63B-82BE-4101-8806-8440ABA63C74}.Debug|Any CPU.ActiveCfg = Debug|Any CPU
		{2DD8D63B-82BE-4101-8806-8440ABA63C74}.Debug|Any CPU.Build.0 = Debug|Any CPU
		{2DD8D63B-82BE-4101-8806-8440ABA63C74}.Release|Any CPU.ActiveCfg = Debug|Any CPU
		{2DD8D63B-82BE-4101-8806-8440ABA63C74}.Release|Any CPU.Build.0 = Debug|Any CPU
		{C782D852-301B-4728-9072-055F6B09C441}.Debug|Any CPU.ActiveCfg = Debug|Any CPU
		{C782D852-301B-4728-9072-055F6B09C441}.Debug|Any CPU.Build.0 = Debug|Any CPU
		{C782D852-301B-4728-9072-055F6B09C441}.Release|Any CPU.ActiveCfg = Debug|Any CPU
		{C782D852-301B-4728-9072-055F6B09C441}.Release|Any CPU.Build.0 = Debug|Any CPU
		{5D20C20E-11E1-4D12-9B6A-10689BA4919D}.Debug|Any CPU.ActiveCfg = Debug|Any CPU
		{5D20C20E-11E1-4D12-9B6A-10689BA4919D}.Debug|Any CPU.Build.0 = Debug|Any CPU
		{5D20C20E-11E1-4D12-9B6A-10689BA4919D}.Release|Any CPU.ActiveCfg = Debug|Any CPU
		{5D20C20E-11E1-4D12-9B6A-10689BA4919D}.Release|Any CPU.Build.0 = Debug|Any CPU
		{581A9115-9F1A-493E-98EB-CD32BD3C279A}.Debug|Any CPU.ActiveCfg = Debug|Any CPU
		{581A9115-9F1A-493E-98EB-CD32BD3C279A}.Debug|Any CPU.Build.0 = Debug|Any CPU
		{581A9115-9F1A-493E-98EB-CD32BD3C279A}.Release|Any CPU.ActiveCfg = Debug|Any CPU
		{581A9115-9F1A-493E-98EB-CD32BD3C279A}.Release|Any CPU.Build.0 = Debug|Any CPU
		{402E1BC7-A188-43CE-A1E1-70271C029FF8}.Debug|Any CPU.ActiveCfg = Debug|Any CPU
		{402E1BC7-A188-43CE-A1E1-70271C029FF8}.Debug|Any CPU.Build.0 = Debug|Any CPU
		{402E1BC7-A188-43CE-A1E1-70271C029FF8}.Release|Any CPU.ActiveCfg = Debug|Any CPU
		{402E1BC7-A188-43CE-A1E1-70271C029FF8}.Release|Any CPU.Build.0 = Debug|Any CPU
		{B9616A2D-E2CB-41A6-8391-A8857231C6BB}.Debug|Any CPU.ActiveCfg = Debug|Any CPU
		{B9616A2D-E2CB-41A6-8391-A8857231C6BB}.Debug|Any CPU.Build.0 = Debug|Any CPU
		{B9616A2D-E2CB-41A6-8391-A8857231C6BB}.Release|Any CPU.ActiveCfg = Debug|Any CPU
		{B9616A2D-E2CB-41A6-8391-A8857231C6BB}.Release|Any CPU.Build.0 = Debug|Any CPU
		{42ED991F-027A-47D5-B881-D50494B7559E}.Debug|Any CPU.ActiveCfg = Debug|Any CPU
		{42ED991F-027A-47D5-B881-D50494B7559E}.Debug|Any CPU.Build.0 = Debug|Any CPU
		{42ED991F-027A-47D5-B881-D50494B7559E}.Release|Any CPU.ActiveCfg = Debug|Any CPU
		{42ED991F-027A-47D5-B881-D50494B7559E}.Release|Any CPU.Build.0 = Debug|Any CPU
		{1125E963-AE44-4C49-B0B7-E4D1E5E6C544}.Debug|Any CPU.ActiveCfg = Debug|Any CPU
		{1125E963-AE44-4C49-B0B7-E4D1E5E6C544}.Debug|Any CPU.Build.0 = Debug|Any CPU
		{1125E963-AE44-4C49-B0B7-E4D1E5E6C544}.Release|Any CPU.ActiveCfg = Debug|Any CPU
		{1125E963-AE44-4C49-B0B7-E4D1E5E6C544}.Release|Any CPU.Build.0 = Debug|Any CPU
		{4784B2FB-8360-41D8-85FC-F4A42106FE18}.Debug|Any CPU.ActiveCfg = Debug|Any CPU
		{4784B2FB-8360-41D8-85FC-F4A42106FE18}.Debug|Any CPU.Build.0 = Debug|Any CPU
		{4784B2FB-8360-41D8-85FC-F4A42106FE18}.Release|Any CPU.ActiveCfg = Debug|Any CPU
		{4784B2FB-8360-41D8-85FC-F4A42106FE18}.Release|Any CPU.Build.0 = Debug|Any CPU
		{1FE4E5BA-B923-4703-9850-99F8A6900CA1}.Debug|Any CPU.ActiveCfg = Debug|Any CPU
		{1FE4E5BA-B923-4703-9850-99F8A6900CA1}.Debug|Any CPU.Build.0 = Debug|Any CPU
		{1FE4E5BA-B923-4703-9850-99F8A6900CA1}.Release|Any CPU.ActiveCfg = Debug|Any CPU
		{1FE4E5BA-B923-4703-9850-99F8A6900CA1}.Release|Any CPU.Build.0 = Debug|Any CPU
		{BF3EBC66-17B2-4D80-AA93-818A63B8D673}.Debug|Any CPU.ActiveCfg = Debug|Any CPU
		{BF3EBC66-17B2-4D80-AA93-818A63B8D673}.Debug|Any CPU.Build.0 = Debug|Any CPU
		{BF3EBC66-17B2-4D80-AA93-818A63B8D673}.Release|Any CPU.ActiveCfg = Debug|Any CPU
		{BF3EBC66-17B2-4D80-AA93-818A63B8D673}.Release|Any CPU.Build.0 = Debug|Any CPU
		{6575423D-067C-49AA-AC13-A58F1E944D63}.Debug|Any CPU.ActiveCfg = Debug|Any CPU
		{6575423D-067C-49AA-AC13-A58F1E944D63}.Debug|Any CPU.Build.0 = Debug|Any CPU
		{6575423D-067C-49AA-AC13-A58F1E944D63}.Release|Any CPU.ActiveCfg = Debug|Any CPU
		{6575423D-067C-49AA-AC13-A58F1E944D63}.Release|Any CPU.Build.0 = Debug|Any CPU
		{2DE02412-8F52-4BA4-B648-FDEE14348E5F}.Debug|Any CPU.ActiveCfg = Debug|Any CPU
		{2DE02412-8F52-4BA4-B648-FDEE14348E5F}.Debug|Any CPU.Build.0 = Debug|Any CPU
		{2DE02412-8F52-4BA4-B648-FDEE14348E5F}.Release|Any CPU.ActiveCfg = Debug|Any CPU
		{2DE02412-8F52-4BA4-B648-FDEE14348E5F}.Release|Any CPU.Build.0 = Debug|Any CPU
		{C6AF5B1B-B9B4-46A3-BD5D-CE46BE07FD21}.Debug|Any CPU.ActiveCfg = Debug|Any CPU
		{C6AF5B1B-B9B4-46A3-BD5D-CE46BE07FD21}.Debug|Any CPU.Build.0 = Debug|Any CPU
		{C6AF5B1B-B9B4-46A3-BD5D-CE46BE07FD21}.Release|Any CPU.ActiveCfg = Debug|Any CPU
		{C6AF5B1B-B9B4-46A3-BD5D-CE46BE07FD21}.Release|Any CPU.Build.0 = Debug|Any CPU
		{10A57945-CF24-45DF-AF8E-A08C2D2F7A6D}.Debug|Any CPU.ActiveCfg = Debug|Any CPU
		{10A57945-CF24-45DF-AF8E-A08C2D2F7A6D}.Debug|Any CPU.Build.0 = Debug|Any CPU
		{10A57945-CF24-45DF-AF8E-A08C2D2F7A6D}.Release|Any CPU.ActiveCfg = Debug|Any CPU
		{10A57945-CF24-45DF-AF8E-A08C2D2F7A6D}.Release|Any CPU.Build.0 = Debug|Any CPU
		{E6CFE639-C8D1-46D1-AAD2-F4FB89BDCB4C}.Debug|Any CPU.ActiveCfg = Debug|Any CPU
		{E6CFE639-C8D1-46D1-AAD2-F4FB89BDCB4C}.Debug|Any CPU.Build.0 = Debug|Any CPU
		{E6CFE639-C8D1-46D1-AAD2-F4FB89BDCB4C}.Release|Any CPU.ActiveCfg = Debug|Any CPU
		{E6CFE639-C8D1-46D1-AAD2-F4FB89BDCB4C}.Release|Any CPU.Build.0 = Debug|Any CPU
		{DC0DA98B-7949-4686-9B8F-890AF1DCE1F2}.Debug|Any CPU.ActiveCfg = Debug|Any CPU
		{DC0DA98B-7949-4686-9B8F-890AF1DCE1F2}.Debug|Any CPU.Build.0 = Debug|Any CPU
		{DC0DA98B-7949-4686-9B8F-890AF1DCE1F2}.Release|Any CPU.ActiveCfg = Debug|Any CPU
		{DC0DA98B-7949-4686-9B8F-890AF1DCE1F2}.Release|Any CPU.Build.0 = Debug|Any CPU
		{E25FEEDA-9B03-4273-A717-6EE54C6BE697}.Debug|Any CPU.ActiveCfg = Debug|Any CPU
		{E25FEEDA-9B03-4273-A717-6EE54C6BE697}.Debug|Any CPU.Build.0 = Debug|Any CPU
		{E25FEEDA-9B03-4273-A717-6EE54C6BE697}.Release|Any CPU.ActiveCfg = Debug|Any CPU
		{E25FEEDA-9B03-4273-A717-6EE54C6BE697}.Release|Any CPU.Build.0 = Debug|Any CPU
		{A6BCDD99-F8C9-46D2-B841-289F6F055353}.Debug|Any CPU.ActiveCfg = Debug|Any CPU
		{A6BCDD99-F8C9-46D2-B841-289F6F055353}.Debug|Any CPU.Build.0 = Debug|Any CPU
		{A6BCDD99-F8C9-46D2-B841-289F6F055353}.Release|Any CPU.ActiveCfg = Debug|Any CPU
		{A6BCDD99-F8C9-46D2-B841-289F6F055353}.Release|Any CPU.Build.0 = Debug|Any CPU
		{EA94767A-F44C-4709-955C-06C1CEC356F3}.Debug|Any CPU.ActiveCfg = Debug|Any CPU
		{EA94767A-F44C-4709-955C-06C1CEC356F3}.Debug|Any CPU.Build.0 = Debug|Any CPU
		{EA94767A-F44C-4709-955C-06C1CEC356F3}.Release|Any CPU.ActiveCfg = Debug|Any CPU
		{EA94767A-F44C-4709-955C-06C1CEC356F3}.Release|Any CPU.Build.0 = Debug|Any CPU
		{663A1E3C-5303-4354-9FD3-4A560228574A}.Debug|Any CPU.ActiveCfg = Debug|Any CPU
		{663A1E3C-5303-4354-9FD3-4A560228574A}.Debug|Any CPU.Build.0 = Debug|Any CPU
		{663A1E3C-5303-4354-9FD3-4A560228574A}.Release|Any CPU.ActiveCfg = Debug|Any CPU
		{663A1E3C-5303-4354-9FD3-4A560228574A}.Release|Any CPU.Build.0 = Debug|Any CPU
		{AD9C841D-6569-4040-8250-3F3535CD4E58}.Debug|Any CPU.ActiveCfg = Debug|Any CPU
		{AD9C841D-6569-4040-8250-3F3535CD4E58}.Debug|Any CPU.Build.0 = Debug|Any CPU
		{AD9C841D-6569-4040-8250-3F3535CD4E58}.Release|Any CPU.ActiveCfg = Debug|Any CPU
		{AD9C841D-6569-4040-8250-3F3535CD4E58}.Release|Any CPU.Build.0 = Debug|Any CPU
		{280968DA-FD2E-4F76-9739-48F87F91D124}.Debug|Any CPU.ActiveCfg = Debug|Any CPU
		{280968DA-FD2E-4F76-9739-48F87F91D124}.Debug|Any CPU.Build.0 = Debug|Any CPU
		{280968DA-FD2E-4F76-9739-48F87F91D124}.Release|Any CPU.ActiveCfg = Debug|Any CPU
		{280968DA-FD2E-4F76-9739-48F87F91D124}.Release|Any CPU.Build.0 = Debug|Any CPU
		{01679396-77D2-42F6-A0CD-D7A4BFD605EA}.Debug|Any CPU.ActiveCfg = Debug|Any CPU
		{01679396-77D2-42F6-A0CD-D7A4BFD605EA}.Debug|Any CPU.Build.0 = Debug|Any CPU
		{01679396-77D2-42F6-A0CD-D7A4BFD605EA}.Release|Any CPU.ActiveCfg = Debug|Any CPU
		{01679396-77D2-42F6-A0CD-D7A4BFD605EA}.Release|Any CPU.Build.0 = Debug|Any CPU
		{EF1CF350-5FA6-4C8E-86FE-1A05A2C72649}.Debug|Any CPU.ActiveCfg = Debug|Any CPU
		{EF1CF350-5FA6-4C8E-86FE-1A05A2C72649}.Debug|Any CPU.Build.0 = Debug|Any CPU
		{EF1CF350-5FA6-4C8E-86FE-1A05A2C72649}.Release|Any CPU.ActiveCfg = Debug|Any CPU
		{EF1CF350-5FA6-4C8E-86FE-1A05A2C72649}.Release|Any CPU.Build.0 = Debug|Any CPU
		{25401B32-F4C6-45D6-A8FA-A7A93F65B2B5}.Debug|Any CPU.ActiveCfg = Debug|Any CPU
		{25401B32-F4C6-45D6-A8FA-A7A93F65B2B5}.Debug|Any CPU.Build.0 = Debug|Any CPU
		{25401B32-F4C6-45D6-A8FA-A7A93F65B2B5}.Release|Any CPU.ActiveCfg = Debug|Any CPU
		{25401B32-F4C6-45D6-A8FA-A7A93F65B2B5}.Release|Any CPU.Build.0 = Debug|Any CPU
		{2FBE8399-454A-4A79-A59B-4AFB5FBA64C5}.Debug|Any CPU.ActiveCfg = Debug|Any CPU
		{2FBE8399-454A-4A79-A59B-4AFB5FBA64C5}.Debug|Any CPU.Build.0 = Debug|Any CPU
		{2FBE8399-454A-4A79-A59B-4AFB5FBA64C5}.Release|Any CPU.ActiveCfg = Debug|Any CPU
		{2FBE8399-454A-4A79-A59B-4AFB5FBA64C5}.Release|Any CPU.Build.0 = Debug|Any CPU
		{744CC592-4248-42E3-902A-3B38AB92CA62}.Debug|Any CPU.ActiveCfg = Debug|Any CPU
		{744CC592-4248-42E3-902A-3B38AB92CA62}.Debug|Any CPU.Build.0 = Debug|Any CPU
		{744CC592-4248-42E3-902A-3B38AB92CA62}.Release|Any CPU.ActiveCfg = Debug|Any CPU
		{744CC592-4248-42E3-902A-3B38AB92CA62}.Release|Any CPU.Build.0 = Debug|Any CPU
		{9E141565-02CA-4B28-84F9-86371F9B5C5A}.Debug|Any CPU.ActiveCfg = Debug|Any CPU
		{9E141565-02CA-4B28-84F9-86371F9B5C5A}.Debug|Any CPU.Build.0 = Debug|Any CPU
		{9E141565-02CA-4B28-84F9-86371F9B5C5A}.Release|Any CPU.ActiveCfg = Debug|Any CPU
		{9E141565-02CA-4B28-84F9-86371F9B5C5A}.Release|Any CPU.Build.0 = Debug|Any CPU
		{3C018D80-9C5F-4DF1-90C3-C046732B7EF1}.Debug|Any CPU.ActiveCfg = Debug|Any CPU
		{3C018D80-9C5F-4DF1-90C3-C046732B7EF1}.Debug|Any CPU.Build.0 = Debug|Any CPU
		{3C018D80-9C5F-4DF1-90C3-C046732B7EF1}.Release|Any CPU.ActiveCfg = Debug|Any CPU
		{3C018D80-9C5F-4DF1-90C3-C046732B7EF1}.Release|Any CPU.Build.0 = Debug|Any CPU
		{61BE268F-4017-4082-902E-9FB1880DE233}.Debug|Any CPU.ActiveCfg = Debug|Any CPU
		{61BE268F-4017-4082-902E-9FB1880DE233}.Debug|Any CPU.Build.0 = Debug|Any CPU
		{61BE268F-4017-4082-902E-9FB1880DE233}.Release|Any CPU.ActiveCfg = Debug|Any CPU
		{61BE268F-4017-4082-902E-9FB1880DE233}.Release|Any CPU.Build.0 = Debug|Any CPU
		{EF48BF84-D273-49E3-AF8B-D63813ABBCA1}.Debug|Any CPU.ActiveCfg = Debug|Any CPU
		{EF48BF84-D273-49E3-AF8B-D63813ABBCA1}.Debug|Any CPU.Build.0 = Debug|Any CPU
		{EF48BF84-D273-49E3-AF8B-D63813ABBCA1}.Release|Any CPU.ActiveCfg = Debug|Any CPU
		{EF48BF84-D273-49E3-AF8B-D63813ABBCA1}.Release|Any CPU.Build.0 = Debug|Any CPU
		{A5BD964F-3E95-479B-9F69-EE22BEEC617A}.Debug|Any CPU.ActiveCfg = Debug|Any CPU
		{A5BD964F-3E95-479B-9F69-EE22BEEC617A}.Debug|Any CPU.Build.0 = Debug|Any CPU
		{A5BD964F-3E95-479B-9F69-EE22BEEC617A}.Release|Any CPU.ActiveCfg = Debug|Any CPU
		{A5BD964F-3E95-479B-9F69-EE22BEEC617A}.Release|Any CPU.Build.0 = Debug|Any CPU
		{CDD37493-AAAA-4990-A49A-00768C5AAC60}.Debug|Any CPU.ActiveCfg = Debug|Any CPU
		{CDD37493-AAAA-4990-A49A-00768C5AAC60}.Debug|Any CPU.Build.0 = Debug|Any CPU
		{CDD37493-AAAA-4990-A49A-00768C5AAC60}.Release|Any CPU.ActiveCfg = Debug|Any CPU
		{CDD37493-AAAA-4990-A49A-00768C5AAC60}.Release|Any CPU.Build.0 = Debug|Any CPU
		{2FDB7A24-3557-4B83-9F60-30AD223E1CAC}.Debug|Any CPU.ActiveCfg = Debug|Any CPU
		{2FDB7A24-3557-4B83-9F60-30AD223E1CAC}.Debug|Any CPU.Build.0 = Debug|Any CPU
		{2FDB7A24-3557-4B83-9F60-30AD223E1CAC}.Release|Any CPU.ActiveCfg = Debug|Any CPU
		{2FDB7A24-3557-4B83-9F60-30AD223E1CAC}.Release|Any CPU.Build.0 = Debug|Any CPU
		{C969FB74-5E55-4DF7-B148-066415564C57}.Debug|Any CPU.ActiveCfg = Debug|Any CPU
		{C969FB74-5E55-4DF7-B148-066415564C57}.Debug|Any CPU.Build.0 = Debug|Any CPU
		{C969FB74-5E55-4DF7-B148-066415564C57}.Release|Any CPU.ActiveCfg = Debug|Any CPU
		{C969FB74-5E55-4DF7-B148-066415564C57}.Release|Any CPU.Build.0 = Debug|Any CPU
		{8D44D493-9EC4-4A96-AD90-30BF0C2E9CF9}.Debug|Any CPU.ActiveCfg = Debug|Any CPU
		{8D44D493-9EC4-4A96-AD90-30BF0C2E9CF9}.Debug|Any CPU.Build.0 = Debug|Any CPU
		{8D44D493-9EC4-4A96-AD90-30BF0C2E9CF9}.Release|Any CPU.ActiveCfg = Debug|Any CPU
		{8D44D493-9EC4-4A96-AD90-30BF0C2E9CF9}.Release|Any CPU.Build.0 = Debug|Any CPU
		{7BE2A462-5039-476F-A520-22B7B716D83B}.Debug|Any CPU.ActiveCfg = Debug|Any CPU
		{7BE2A462-5039-476F-A520-22B7B716D83B}.Debug|Any CPU.Build.0 = Debug|Any CPU
		{7BE2A462-5039-476F-A520-22B7B716D83B}.Release|Any CPU.ActiveCfg = Debug|Any CPU
		{7BE2A462-5039-476F-A520-22B7B716D83B}.Release|Any CPU.Build.0 = Debug|Any CPU
		{F82A05D8-A7DE-4101-AEFD-1D645D544BE7}.Debug|Any CPU.ActiveCfg = Debug|Any CPU
		{F82A05D8-A7DE-4101-AEFD-1D645D544BE7}.Debug|Any CPU.Build.0 = Debug|Any CPU
		{F82A05D8-A7DE-4101-AEFD-1D645D544BE7}.Release|Any CPU.ActiveCfg = Debug|Any CPU
		{F82A05D8-A7DE-4101-AEFD-1D645D544BE7}.Release|Any CPU.Build.0 = Debug|Any CPU
		{D4636B60-2385-4ECF-B025-A98A5CBEC796}.Debug|Any CPU.ActiveCfg = Debug|Any CPU
		{D4636B60-2385-4ECF-B025-A98A5CBEC796}.Debug|Any CPU.Build.0 = Debug|Any CPU
		{D4636B60-2385-4ECF-B025-A98A5CBEC796}.Release|Any CPU.ActiveCfg = Debug|Any CPU
		{D4636B60-2385-4ECF-B025-A98A5CBEC796}.Release|Any CPU.Build.0 = Debug|Any CPU
		{11004F8B-CF25-4C59-A1A8-315534E31677}.Debug|Any CPU.ActiveCfg = Debug|Any CPU
		{11004F8B-CF25-4C59-A1A8-315534E31677}.Debug|Any CPU.Build.0 = Debug|Any CPU
		{11004F8B-CF25-4C59-A1A8-315534E31677}.Release|Any CPU.ActiveCfg = Debug|Any CPU
		{11004F8B-CF25-4C59-A1A8-315534E31677}.Release|Any CPU.Build.0 = Debug|Any CPU
		{5BA26A62-F246-4B3D-81DA-105F31261F9D}.Debug|Any CPU.ActiveCfg = Debug|Any CPU
		{5BA26A62-F246-4B3D-81DA-105F31261F9D}.Debug|Any CPU.Build.0 = Debug|Any CPU
		{5BA26A62-F246-4B3D-81DA-105F31261F9D}.Release|Any CPU.ActiveCfg = Debug|Any CPU
		{5BA26A62-F246-4B3D-81DA-105F31261F9D}.Release|Any CPU.Build.0 = Debug|Any CPU
		{30084349-1D6F-489D-A960-8FC8F3B9099D}.Debug|Any CPU.ActiveCfg = Debug|Any CPU
		{30084349-1D6F-489D-A960-8FC8F3B9099D}.Debug|Any CPU.Build.0 = Debug|Any CPU
		{30084349-1D6F-489D-A960-8FC8F3B9099D}.Release|Any CPU.ActiveCfg = Debug|Any CPU
		{30084349-1D6F-489D-A960-8FC8F3B9099D}.Release|Any CPU.Build.0 = Debug|Any CPU
		{000A4793-B0D1-45AF-B256-0F8C0F9997A5}.Debug|Any CPU.ActiveCfg = Debug|Any CPU
		{000A4793-B0D1-45AF-B256-0F8C0F9997A5}.Debug|Any CPU.Build.0 = Debug|Any CPU
		{000A4793-B0D1-45AF-B256-0F8C0F9997A5}.Release|Any CPU.ActiveCfg = Debug|Any CPU
		{000A4793-B0D1-45AF-B256-0F8C0F9997A5}.Release|Any CPU.Build.0 = Debug|Any CPU
		{2FFEC077-4738-41E7-ADAE-FEABE306287D}.Debug|Any CPU.ActiveCfg = Debug|Any CPU
		{2FFEC077-4738-41E7-ADAE-FEABE306287D}.Debug|Any CPU.Build.0 = Debug|Any CPU
		{2FFEC077-4738-41E7-ADAE-FEABE306287D}.Release|Any CPU.ActiveCfg = Debug|Any CPU
		{2FFEC077-4738-41E7-ADAE-FEABE306287D}.Release|Any CPU.Build.0 = Debug|Any CPU
		{B401B500-A794-4C37-8BB4-6AA8AC20E064}.Debug|Any CPU.ActiveCfg = Debug|Any CPU
		{B401B500-A794-4C37-8BB4-6AA8AC20E064}.Debug|Any CPU.Build.0 = Debug|Any CPU
		{B401B500-A794-4C37-8BB4-6AA8AC20E064}.Release|Any CPU.ActiveCfg = Debug|Any CPU
		{B401B500-A794-4C37-8BB4-6AA8AC20E064}.Release|Any CPU.Build.0 = Debug|Any CPU
		{400DF4FE-6E47-4444-85F5-08F56EFB5D2B}.Debug|Any CPU.ActiveCfg = Debug|Any CPU
		{400DF4FE-6E47-4444-85F5-08F56EFB5D2B}.Debug|Any CPU.Build.0 = Debug|Any CPU
		{400DF4FE-6E47-4444-85F5-08F56EFB5D2B}.Release|Any CPU.ActiveCfg = Debug|Any CPU
		{400DF4FE-6E47-4444-85F5-08F56EFB5D2B}.Release|Any CPU.Build.0 = Debug|Any CPU
		{25CD1612-444D-40C1-988C-DD3400D7C3EB}.Debug|Any CPU.ActiveCfg = Debug|Any CPU
		{25CD1612-444D-40C1-988C-DD3400D7C3EB}.Debug|Any CPU.Build.0 = Debug|Any CPU
		{25CD1612-444D-40C1-988C-DD3400D7C3EB}.Release|Any CPU.ActiveCfg = Debug|Any CPU
		{25CD1612-444D-40C1-988C-DD3400D7C3EB}.Release|Any CPU.Build.0 = Debug|Any CPU
		{39F950B5-7C16-4213-ACD2-1509E83BA586}.Debug|Any CPU.ActiveCfg = Debug|Any CPU
		{39F950B5-7C16-4213-ACD2-1509E83BA586}.Debug|Any CPU.Build.0 = Debug|Any CPU
		{39F950B5-7C16-4213-ACD2-1509E83BA586}.Release|Any CPU.ActiveCfg = Debug|Any CPU
		{39F950B5-7C16-4213-ACD2-1509E83BA586}.Release|Any CPU.Build.0 = Debug|Any CPU
		{583BEC15-4084-4874-B73B-1A06EF014E82}.Debug|Any CPU.ActiveCfg = Debug|Any CPU
		{583BEC15-4084-4874-B73B-1A06EF014E82}.Debug|Any CPU.Build.0 = Debug|Any CPU
		{583BEC15-4084-4874-B73B-1A06EF014E82}.Release|Any CPU.ActiveCfg = Debug|Any CPU
		{583BEC15-4084-4874-B73B-1A06EF014E82}.Release|Any CPU.Build.0 = Debug|Any CPU
		{C621C909-37C5-4175-9778-65C1D2CCBC49}.Debug|Any CPU.ActiveCfg = Debug|Any CPU
		{C621C909-37C5-4175-9778-65C1D2CCBC49}.Debug|Any CPU.Build.0 = Debug|Any CPU
		{C621C909-37C5-4175-9778-65C1D2CCBC49}.Release|Any CPU.ActiveCfg = Debug|Any CPU
		{C621C909-37C5-4175-9778-65C1D2CCBC49}.Release|Any CPU.Build.0 = Debug|Any CPU
		{DDA6FED1-E0B2-4DB6-8569-D8B0152B8953}.Debug|Any CPU.ActiveCfg = Debug|Any CPU
		{DDA6FED1-E0B2-4DB6-8569-D8B0152B8953}.Debug|Any CPU.Build.0 = Debug|Any CPU
		{DDA6FED1-E0B2-4DB6-8569-D8B0152B8953}.Release|Any CPU.ActiveCfg = Debug|Any CPU
		{DDA6FED1-E0B2-4DB6-8569-D8B0152B8953}.Release|Any CPU.Build.0 = Debug|Any CPU
		{FC3F1AC6-CDB9-4343-B7C6-CECFDD916F76}.Debug|Any CPU.ActiveCfg = Debug|Any CPU
		{FC3F1AC6-CDB9-4343-B7C6-CECFDD916F76}.Debug|Any CPU.Build.0 = Debug|Any CPU
		{FC3F1AC6-CDB9-4343-B7C6-CECFDD916F76}.Release|Any CPU.ActiveCfg = Debug|Any CPU
		{FC3F1AC6-CDB9-4343-B7C6-CECFDD916F76}.Release|Any CPU.Build.0 = Debug|Any CPU
		{3376AD3F-574A-4599-85EB-10016A6D6F50}.Debug|Any CPU.ActiveCfg = Debug|Any CPU
		{3376AD3F-574A-4599-85EB-10016A6D6F50}.Debug|Any CPU.Build.0 = Debug|Any CPU
		{3376AD3F-574A-4599-85EB-10016A6D6F50}.Release|Any CPU.ActiveCfg = Debug|Any CPU
		{3376AD3F-574A-4599-85EB-10016A6D6F50}.Release|Any CPU.Build.0 = Debug|Any CPU
		{E49C04FA-4321-404A-9383-A53DFD0FD598}.Debug|Any CPU.ActiveCfg = Debug|Any CPU
		{E49C04FA-4321-404A-9383-A53DFD0FD598}.Debug|Any CPU.Build.0 = Debug|Any CPU
		{E49C04FA-4321-404A-9383-A53DFD0FD598}.Release|Any CPU.ActiveCfg = Debug|Any CPU
		{E49C04FA-4321-404A-9383-A53DFD0FD598}.Release|Any CPU.Build.0 = Debug|Any CPU
		{5A35B75E-236B-47D9-8BE1-9C314C6C1E9F}.Debug|Any CPU.ActiveCfg = Debug|Any CPU
		{5A35B75E-236B-47D9-8BE1-9C314C6C1E9F}.Debug|Any CPU.Build.0 = Debug|Any CPU
		{5A35B75E-236B-47D9-8BE1-9C314C6C1E9F}.Release|Any CPU.ActiveCfg = Debug|Any CPU
		{5A35B75E-236B-47D9-8BE1-9C314C6C1E9F}.Release|Any CPU.Build.0 = Debug|Any CPU
		{C8FB8284-3589-46F9-81EE-C8AECC673FF3}.Debug|Any CPU.ActiveCfg = Debug|Any CPU
		{C8FB8284-3589-46F9-81EE-C8AECC673FF3}.Debug|Any CPU.Build.0 = Debug|Any CPU
		{C8FB8284-3589-46F9-81EE-C8AECC673FF3}.Release|Any CPU.ActiveCfg = Debug|Any CPU
		{C8FB8284-3589-46F9-81EE-C8AECC673FF3}.Release|Any CPU.Build.0 = Debug|Any CPU
		{EDADD3BD-4B35-4D16-843F-F7906233E75F}.Debug|Any CPU.ActiveCfg = Debug|Any CPU
		{EDADD3BD-4B35-4D16-843F-F7906233E75F}.Debug|Any CPU.Build.0 = Debug|Any CPU
		{EDADD3BD-4B35-4D16-843F-F7906233E75F}.Release|Any CPU.ActiveCfg = Debug|Any CPU
		{EDADD3BD-4B35-4D16-843F-F7906233E75F}.Release|Any CPU.Build.0 = Debug|Any CPU
		{9C6831F2-BE5D-43BF-B8D9-CC7A56486107}.Debug|Any CPU.ActiveCfg = Debug|Any CPU
		{9C6831F2-BE5D-43BF-B8D9-CC7A56486107}.Debug|Any CPU.Build.0 = Debug|Any CPU
		{9C6831F2-BE5D-43BF-B8D9-CC7A56486107}.Release|Any CPU.ActiveCfg = Debug|Any CPU
		{9C6831F2-BE5D-43BF-B8D9-CC7A56486107}.Release|Any CPU.Build.0 = Debug|Any CPU
		{7C7878DE-6996-4A68-BF78-F760C6AE9857}.Debug|Any CPU.ActiveCfg = Debug|Any CPU
		{7C7878DE-6996-4A68-BF78-F760C6AE9857}.Debug|Any CPU.Build.0 = Debug|Any CPU
		{7C7878DE-6996-4A68-BF78-F760C6AE9857}.Release|Any CPU.ActiveCfg = Debug|Any CPU
		{7C7878DE-6996-4A68-BF78-F760C6AE9857}.Release|Any CPU.Build.0 = Debug|Any CPU
		{C7250E3A-FC18-4B12-A574-ED29B7A7EDEC}.Debug|Any CPU.ActiveCfg = Debug|Any CPU
		{C7250E3A-FC18-4B12-A574-ED29B7A7EDEC}.Debug|Any CPU.Build.0 = Debug|Any CPU
		{C7250E3A-FC18-4B12-A574-ED29B7A7EDEC}.Release|Any CPU.ActiveCfg = Debug|Any CPU
		{C7250E3A-FC18-4B12-A574-ED29B7A7EDEC}.Release|Any CPU.Build.0 = Debug|Any CPU
		{FA4D0079-0D9F-4569-AB89-8AADECD03482}.Debug|Any CPU.ActiveCfg = Debug|Any CPU
		{FA4D0079-0D9F-4569-AB89-8AADECD03482}.Debug|Any CPU.Build.0 = Debug|Any CPU
		{FA4D0079-0D9F-4569-AB89-8AADECD03482}.Release|Any CPU.ActiveCfg = Debug|Any CPU
		{FA4D0079-0D9F-4569-AB89-8AADECD03482}.Release|Any CPU.Build.0 = Debug|Any CPU
		{9B1B3A73-B96D-422A-99DC-60BB9344C98D}.Debug|Any CPU.ActiveCfg = Debug|Any CPU
		{9B1B3A73-B96D-422A-99DC-60BB9344C98D}.Debug|Any CPU.Build.0 = Debug|Any CPU
		{9B1B3A73-B96D-422A-99DC-60BB9344C98D}.Release|Any CPU.ActiveCfg = Debug|Any CPU
		{9B1B3A73-B96D-422A-99DC-60BB9344C98D}.Release|Any CPU.Build.0 = Debug|Any CPU
		{52C8D9AC-1426-4239-ACDE-BFA8E76395D2}.Debug|Any CPU.ActiveCfg = Debug|Any CPU
		{52C8D9AC-1426-4239-ACDE-BFA8E76395D2}.Debug|Any CPU.Build.0 = Debug|Any CPU
		{52C8D9AC-1426-4239-ACDE-BFA8E76395D2}.Release|Any CPU.ActiveCfg = Debug|Any CPU
		{52C8D9AC-1426-4239-ACDE-BFA8E76395D2}.Release|Any CPU.Build.0 = Debug|Any CPU
		{05FB1896-8DDE-4ED6-A50A-18AB7163279D}.Debug|Any CPU.ActiveCfg = Debug|Any CPU
		{05FB1896-8DDE-4ED6-A50A-18AB7163279D}.Debug|Any CPU.Build.0 = Debug|Any CPU
		{05FB1896-8DDE-4ED6-A50A-18AB7163279D}.Release|Any CPU.ActiveCfg = Debug|Any CPU
		{05FB1896-8DDE-4ED6-A50A-18AB7163279D}.Release|Any CPU.Build.0 = Debug|Any CPU
		{530ABEFF-E349-43A4-A984-9C2D90840FE2}.Debug|Any CPU.ActiveCfg = Debug|Any CPU
		{530ABEFF-E349-43A4-A984-9C2D90840FE2}.Debug|Any CPU.Build.0 = Debug|Any CPU
		{530ABEFF-E349-43A4-A984-9C2D90840FE2}.Release|Any CPU.ActiveCfg = Debug|Any CPU
		{530ABEFF-E349-43A4-A984-9C2D90840FE2}.Release|Any CPU.Build.0 = Debug|Any CPU
		{73C56679-0963-411F-A9CD-8B27CCB5FC9C}.Debug|Any CPU.ActiveCfg = Debug|Any CPU
		{73C56679-0963-411F-A9CD-8B27CCB5FC9C}.Debug|Any CPU.Build.0 = Debug|Any CPU
		{73C56679-0963-411F-A9CD-8B27CCB5FC9C}.Release|Any CPU.ActiveCfg = Debug|Any CPU
		{73C56679-0963-411F-A9CD-8B27CCB5FC9C}.Release|Any CPU.Build.0 = Debug|Any CPU
		{AE061473-ACE4-447A-8976-544307E598DF}.Debug|Any CPU.ActiveCfg = Debug|Any CPU
		{AE061473-ACE4-447A-8976-544307E598DF}.Debug|Any CPU.Build.0 = Debug|Any CPU
		{AE061473-ACE4-447A-8976-544307E598DF}.Release|Any CPU.ActiveCfg = Debug|Any CPU
		{AE061473-ACE4-447A-8976-544307E598DF}.Release|Any CPU.Build.0 = Debug|Any CPU
		{744D3AC3-6B9B-4C5F-81CB-859C68A628B9}.Debug|Any CPU.ActiveCfg = Debug|Any CPU
		{744D3AC3-6B9B-4C5F-81CB-859C68A628B9}.Debug|Any CPU.Build.0 = Debug|Any CPU
		{744D3AC3-6B9B-4C5F-81CB-859C68A628B9}.Release|Any CPU.ActiveCfg = Debug|Any CPU
		{744D3AC3-6B9B-4C5F-81CB-859C68A628B9}.Release|Any CPU.Build.0 = Debug|Any CPU
		{26CF220D-C836-4025-8E28-EB0F002FF9A4}.Debug|Any CPU.ActiveCfg = Debug|Any CPU
		{26CF220D-C836-4025-8E28-EB0F002FF9A4}.Debug|Any CPU.Build.0 = Debug|Any CPU
		{26CF220D-C836-4025-8E28-EB0F002FF9A4}.Release|Any CPU.ActiveCfg = Debug|Any CPU
		{26CF220D-C836-4025-8E28-EB0F002FF9A4}.Release|Any CPU.Build.0 = Debug|Any CPU
		{0A2D88E6-C447-4543-8718-A1456C8B0589}.Debug|Any CPU.ActiveCfg = Debug|Any CPU
		{0A2D88E6-C447-4543-8718-A1456C8B0589}.Debug|Any CPU.Build.0 = Debug|Any CPU
		{0A2D88E6-C447-4543-8718-A1456C8B0589}.Release|Any CPU.ActiveCfg = Debug|Any CPU
		{0A2D88E6-C447-4543-8718-A1456C8B0589}.Release|Any CPU.Build.0 = Debug|Any CPU
		{17441EE9-3DC2-428E-A653-BE53F0C58706}.Debug|Any CPU.ActiveCfg = Debug|Any CPU
		{17441EE9-3DC2-428E-A653-BE53F0C58706}.Debug|Any CPU.Build.0 = Debug|Any CPU
		{17441EE9-3DC2-428E-A653-BE53F0C58706}.Release|Any CPU.ActiveCfg = Debug|Any CPU
		{17441EE9-3DC2-428E-A653-BE53F0C58706}.Release|Any CPU.Build.0 = Debug|Any CPU
		{5826E4A7-95B1-495E-AC37-37C998D9373F}.Debug|Any CPU.ActiveCfg = Debug|Any CPU
		{5826E4A7-95B1-495E-AC37-37C998D9373F}.Debug|Any CPU.Build.0 = Debug|Any CPU
		{5826E4A7-95B1-495E-AC37-37C998D9373F}.Release|Any CPU.ActiveCfg = Debug|Any CPU
		{5826E4A7-95B1-495E-AC37-37C998D9373F}.Release|Any CPU.Build.0 = Debug|Any CPU
		{CBC92A38-FCFC-4327-826A-E78A1B2138DC}.Debug|Any CPU.ActiveCfg = Debug|Any CPU
		{CBC92A38-FCFC-4327-826A-E78A1B2138DC}.Debug|Any CPU.Build.0 = Debug|Any CPU
		{CBC92A38-FCFC-4327-826A-E78A1B2138DC}.Release|Any CPU.ActiveCfg = Debug|Any CPU
		{CBC92A38-FCFC-4327-826A-E78A1B2138DC}.Release|Any CPU.Build.0 = Debug|Any CPU
		{5242DF2F-9270-4B72-8734-FE794AFD982F}.Debug|Any CPU.ActiveCfg = Debug|Any CPU
		{5242DF2F-9270-4B72-8734-FE794AFD982F}.Debug|Any CPU.Build.0 = Debug|Any CPU
		{5242DF2F-9270-4B72-8734-FE794AFD982F}.Release|Any CPU.ActiveCfg = Debug|Any CPU
		{5242DF2F-9270-4B72-8734-FE794AFD982F}.Release|Any CPU.Build.0 = Debug|Any CPU
	EndGlobalSection
	GlobalSection(SolutionProperties) = preSolution
		HideSolutionNode = FALSE
	EndGlobalSection
	GlobalSection(ExtensibilityGlobals) = postSolution
		SolutionGuid = {4C3CD7C8-2758-4DC5-BD83-5FDF578356BB}
	EndGlobalSection
EndGlobal
