
Microsoft Visual Studio Solution File, Format Version 12.00
# Visual Studio 15
VisualStudioVersion = 15.0.27109.1
MinimumVisualStudioVersion = 10.0.40219.1
Project("{FAE04EC0-301F-11D3-BF4B-00C04F79EFBC}") = "mvc", "mvc\mvc.csproj", "{F9625F4A-BB92-465C-A8A4-2D13A8A99086}"
EndProject
Project("{FAE04EC0-301F-11D3-BF4B-00C04F79EFBC}") = "ClassLib032", "ClassLib032\ClassLib032.csproj", "{6B10D137-0060-4B5A-A276-5A8D5677BCFA}"
EndProject
Project("{FAE04EC0-301F-11D3-BF4B-00C04F79EFBC}") = "ClassLib009", "ClassLib009\ClassLib009.csproj", "{E9F08FF9-FEB8-4D0E-AC0A-09D0B831A022}"
EndProject
Project("{FAE04EC0-301F-11D3-BF4B-00C04F79EFBC}") = "ClassLib125", "ClassLib125\ClassLib125.csproj", "{38EC6A39-AF76-440A-BF04-932AB2F7029F}"
EndProject
Project("{FAE04EC0-301F-11D3-BF4B-00C04F79EFBC}") = "ClassLib078", "ClassLib078\ClassLib078.csproj", "{53812D4B-2A05-4A24-B0F5-7242E788C700}"
EndProject
Project("{FAE04EC0-301F-11D3-BF4B-00C04F79EFBC}") = "ClassLib066", "ClassLib066\ClassLib066.csproj", "{BEEC4A81-92CF-46FF-8304-3021F23B1927}"
EndProject
Project("{FAE04EC0-301F-11D3-BF4B-00C04F79EFBC}") = "ClassLib059", "ClassLib059\ClassLib059.csproj", "{14506995-9DCC-47B6-9E87-77830492EE5F}"
EndProject
Project("{FAE04EC0-301F-11D3-BF4B-00C04F79EFBC}") = "ClassLib034", "ClassLib034\ClassLib034.csproj", "{6D05182E-BB2B-4633-B0B0-792E3E8826AB}"
EndProject
Project("{FAE04EC0-301F-11D3-BF4B-00C04F79EFBC}") = "ClassLib073", "ClassLib073\ClassLib073.csproj", "{78424A0F-68B2-402F-9C27-C29EDE90B971}"
EndProject
Project("{FAE04EC0-301F-11D3-BF4B-00C04F79EFBC}") = "ClassLib070", "ClassLib070\ClassLib070.csproj", "{8B4D9D76-0A1C-4DBE-AA5F-8D0AB65295EB}"
EndProject
Project("{FAE04EC0-301F-11D3-BF4B-00C04F79EFBC}") = "ClassLib065", "ClassLib065\ClassLib065.csproj", "{62C4074F-D16B-493E-8B79-2B477E2D5F8B}"
EndProject
Project("{FAE04EC0-301F-11D3-BF4B-00C04F79EFBC}") = "ClassLib119", "ClassLib119\ClassLib119.csproj", "{691B1DC6-682E-4527-A064-872A9165F29F}"
EndProject
Project("{FAE04EC0-301F-11D3-BF4B-00C04F79EFBC}") = "ClassLib123", "ClassLib123\ClassLib123.csproj", "{D7617F0F-0EE1-4CF7-929C-01A1C544504D}"
EndProject
Project("{FAE04EC0-301F-11D3-BF4B-00C04F79EFBC}") = "ClassLib082", "ClassLib082\ClassLib082.csproj", "{558234B4-3D79-42FF-8CC6-CD85A4F7BBD4}"
EndProject
Project("{FAE04EC0-301F-11D3-BF4B-00C04F79EFBC}") = "ClassLib114", "ClassLib114\ClassLib114.csproj", "{BE66F1FB-BC7B-468B-BE80-706D69A98C39}"
EndProject
Project("{FAE04EC0-301F-11D3-BF4B-00C04F79EFBC}") = "ClassLib035", "ClassLib035\ClassLib035.csproj", "{10EC126C-0514-40A9-9922-9A2EA1068859}"
EndProject
Project("{FAE04EC0-301F-11D3-BF4B-00C04F79EFBC}") = "ClassLib008", "ClassLib008\ClassLib008.csproj", "{2FBF7A2F-4129-4DE3-9123-F44D91A6FCFD}"
EndProject
Project("{FAE04EC0-301F-11D3-BF4B-00C04F79EFBC}") = "ClassLib110", "ClassLib110\ClassLib110.csproj", "{7E043FC5-E361-4FB2-A4EA-E3EB12DF4705}"
EndProject
Project("{FAE04EC0-301F-11D3-BF4B-00C04F79EFBC}") = "ClassLib108", "ClassLib108\ClassLib108.csproj", "{21FA489B-EFE8-442B-85A7-2811C733E856}"
EndProject
Project("{FAE04EC0-301F-11D3-BF4B-00C04F79EFBC}") = "ClassLib081", "ClassLib081\ClassLib081.csproj", "{28E9D3A2-03CD-4347-BD7E-9990B4A27128}"
EndProject
Project("{FAE04EC0-301F-11D3-BF4B-00C04F79EFBC}") = "ClassLib062", "ClassLib062\ClassLib062.csproj", "{4743590D-09B2-4E4C-B3AB-4020DCAD6474}"
EndProject
Project("{FAE04EC0-301F-11D3-BF4B-00C04F79EFBC}") = "ClassLib122", "ClassLib122\ClassLib122.csproj", "{D0579E48-7645-4CD3-B315-5F65D5097E19}"
EndProject
Project("{FAE04EC0-301F-11D3-BF4B-00C04F79EFBC}") = "ClassLib103", "ClassLib103\ClassLib103.csproj", "{8FE14401-67C5-412D-920C-F572AA882BE7}"
EndProject
Project("{FAE04EC0-301F-11D3-BF4B-00C04F79EFBC}") = "ClassLib100", "ClassLib100\ClassLib100.csproj", "{DAF6C0F2-EF68-469C-ABBA-9BDFFA199B8D}"
EndProject
Project("{FAE04EC0-301F-11D3-BF4B-00C04F79EFBC}") = "ClassLib022", "ClassLib022\ClassLib022.csproj", "{BF8E1FA7-4C0D-4043-9EB6-FE6597EC3AB9}"
EndProject
Project("{FAE04EC0-301F-11D3-BF4B-00C04F79EFBC}") = "ClassLib030", "ClassLib030\ClassLib030.csproj", "{DB92B344-4DFF-4349-8DDF-752B2AFD846C}"
EndProject
Project("{FAE04EC0-301F-11D3-BF4B-00C04F79EFBC}") = "ClassLib094", "ClassLib094\ClassLib094.csproj", "{CCBA93C1-0AD7-4001-8DB1-464E8E234A99}"
EndProject
Project("{FAE04EC0-301F-11D3-BF4B-00C04F79EFBC}") = "ClassLib115", "ClassLib115\ClassLib115.csproj", "{68942902-FB99-4422-A824-320379DC3651}"
EndProject
Project("{FAE04EC0-301F-11D3-BF4B-00C04F79EFBC}") = "ClassLib051", "ClassLib051\ClassLib051.csproj", "{1AB86E61-1ECF-4B19-8F64-E93A32A8104A}"
EndProject
Project("{FAE04EC0-301F-11D3-BF4B-00C04F79EFBC}") = "ClassLib067", "ClassLib067\ClassLib067.csproj", "{382C2990-06E2-4F07-9100-5C1536A199BB}"
EndProject
Project("{FAE04EC0-301F-11D3-BF4B-00C04F79EFBC}") = "ClassLib006", "ClassLib006\ClassLib006.csproj", "{2B9EE2B6-E435-4B15-A8BF-73E1870629BA}"
EndProject
Project("{FAE04EC0-301F-11D3-BF4B-00C04F79EFBC}") = "ClassLib017", "ClassLib017\ClassLib017.csproj", "{3882E987-D23B-424E-9FA6-3C1486AA1C9B}"
EndProject
Project("{FAE04EC0-301F-11D3-BF4B-00C04F79EFBC}") = "ClassLib120", "ClassLib120\ClassLib120.csproj", "{3DB9D190-735C-4D5D-AFFE-13253F12ECC7}"
EndProject
Project("{FAE04EC0-301F-11D3-BF4B-00C04F79EFBC}") = "ClassLib019", "ClassLib019\ClassLib019.csproj", "{94CE7982-95B2-4CE2-B60D-5127F486C6EF}"
EndProject
Project("{FAE04EC0-301F-11D3-BF4B-00C04F79EFBC}") = "ClassLib052", "ClassLib052\ClassLib052.csproj", "{278092B7-3AED-4ED7-A640-C949C2D68A75}"
EndProject
Project("{FAE04EC0-301F-11D3-BF4B-00C04F79EFBC}") = "ClassLib093", "ClassLib093\ClassLib093.csproj", "{1E8A21B6-1C7C-408B-9B0E-7FF064D788FE}"
EndProject
Project("{FAE04EC0-301F-11D3-BF4B-00C04F79EFBC}") = "ClassLib069", "ClassLib069\ClassLib069.csproj", "{27891B80-B676-4B5C-9CC4-7FE39C7EBEE9}"
EndProject
Project("{FAE04EC0-301F-11D3-BF4B-00C04F79EFBC}") = "ClassLib116", "ClassLib116\ClassLib116.csproj", "{A8D16BBE-71B5-48A1-9A0F-ECE970CC0699}"
EndProject
Project("{FAE04EC0-301F-11D3-BF4B-00C04F79EFBC}") = "ClassLib111", "ClassLib111\ClassLib111.csproj", "{8FEF42D0-0472-4328-B21E-7FAD2DFECE62}"
EndProject
Project("{FAE04EC0-301F-11D3-BF4B-00C04F79EFBC}") = "ClassLib085", "ClassLib085\ClassLib085.csproj", "{C915B92F-02BA-485D-8FE8-EB4633828AE2}"
EndProject
Project("{FAE04EC0-301F-11D3-BF4B-00C04F79EFBC}") = "ClassLib090", "ClassLib090\ClassLib090.csproj", "{02B9DECD-CCDE-4BBD-9460-457F5F1F1140}"
EndProject
Project("{FAE04EC0-301F-11D3-BF4B-00C04F79EFBC}") = "ClassLib050", "ClassLib050\ClassLib050.csproj", "{F11FF392-C75C-4CFA-84F5-08A2D636DC2B}"
EndProject
Project("{FAE04EC0-301F-11D3-BF4B-00C04F79EFBC}") = "ClassLib011", "ClassLib011\ClassLib011.csproj", "{CF1A90AB-8BAE-4B26-AE83-2910E78B5AB1}"
EndProject
Project("{FAE04EC0-301F-11D3-BF4B-00C04F79EFBC}") = "ClassLib057", "ClassLib057\ClassLib057.csproj", "{D1327668-DDC3-48D6-A4CE-B5E56E7AF353}"
EndProject
Project("{FAE04EC0-301F-11D3-BF4B-00C04F79EFBC}") = "ClassLib084", "ClassLib084\ClassLib084.csproj", "{6755B118-B7DE-4B0D-8A74-4920615A3D73}"
EndProject
Project("{FAE04EC0-301F-11D3-BF4B-00C04F79EFBC}") = "ClassLib121", "ClassLib121\ClassLib121.csproj", "{129B5277-FA2B-477C-879A-61FBF780A873}"
EndProject
Project("{FAE04EC0-301F-11D3-BF4B-00C04F79EFBC}") = "ClassLib016", "ClassLib016\ClassLib016.csproj", "{A8A0C7CE-9686-4620-B4F4-BB6DAA3EFEF8}"
EndProject
Project("{FAE04EC0-301F-11D3-BF4B-00C04F79EFBC}") = "ClassLib106", "ClassLib106\ClassLib106.csproj", "{CE16F1AD-D80D-461B-BFDB-6986D2FCBB71}"
EndProject
Project("{FAE04EC0-301F-11D3-BF4B-00C04F79EFBC}") = "ClassLib029", "ClassLib029\ClassLib029.csproj", "{45E3C579-5CF6-4251-AD00-CA2BFA507722}"
EndProject
Project("{FAE04EC0-301F-11D3-BF4B-00C04F79EFBC}") = "ClassLib048", "ClassLib048\ClassLib048.csproj", "{7A89163F-6804-416B-A419-958A37ED2678}"
EndProject
Project("{FAE04EC0-301F-11D3-BF4B-00C04F79EFBC}") = "ClassLib007", "ClassLib007\ClassLib007.csproj", "{7F69A014-6525-43FF-8B29-3447CCF4AF03}"
EndProject
Project("{FAE04EC0-301F-11D3-BF4B-00C04F79EFBC}") = "ClassLib056", "ClassLib056\ClassLib056.csproj", "{9327F4E5-B9EE-4C2F-A0B7-1984EB5FE55D}"
EndProject
Project("{FAE04EC0-301F-11D3-BF4B-00C04F79EFBC}") = "ClassLib044", "ClassLib044\ClassLib044.csproj", "{06E855EA-B760-4FCC-A2BF-B1955DD71DB0}"
EndProject
Project("{FAE04EC0-301F-11D3-BF4B-00C04F79EFBC}") = "ClassLib025", "ClassLib025\ClassLib025.csproj", "{A2A3190F-A3A2-4BA9-8C0C-545B60BDD080}"
EndProject
Project("{FAE04EC0-301F-11D3-BF4B-00C04F79EFBC}") = "ClassLib127", "ClassLib127\ClassLib127.csproj", "{6C1A1769-D3B3-465F-860B-0E2D8A0C63C4}"
EndProject
Project("{FAE04EC0-301F-11D3-BF4B-00C04F79EFBC}") = "ClassLib104", "ClassLib104\ClassLib104.csproj", "{D5E14CF7-981D-44D0-95D8-DAA2A423199A}"
EndProject
Project("{FAE04EC0-301F-11D3-BF4B-00C04F79EFBC}") = "ClassLib118", "ClassLib118\ClassLib118.csproj", "{9106A004-72BF-495A-9D83-ECF2702A0BB3}"
EndProject
Project("{FAE04EC0-301F-11D3-BF4B-00C04F79EFBC}") = "ClassLib117", "ClassLib117\ClassLib117.csproj", "{001AB320-65FE-4097-A95A-8C7D894C2A55}"
EndProject
Project("{FAE04EC0-301F-11D3-BF4B-00C04F79EFBC}") = "ClassLib058", "ClassLib058\ClassLib058.csproj", "{EF2AE1E4-83C7-45AB-BBDA-2314F638217C}"
EndProject
Project("{FAE04EC0-301F-11D3-BF4B-00C04F79EFBC}") = "ClassLib126", "ClassLib126\ClassLib126.csproj", "{3B586FCA-7163-45A6-9D59-8D87A3BABCBB}"
EndProject
Project("{FAE04EC0-301F-11D3-BF4B-00C04F79EFBC}") = "ClassLib113", "ClassLib113\ClassLib113.csproj", "{842C9CF6-8728-403C-BAED-74C7E13DC027}"
EndProject
Project("{FAE04EC0-301F-11D3-BF4B-00C04F79EFBC}") = "ClassLib027", "ClassLib027\ClassLib027.csproj", "{CEECAD25-A086-48A6-A502-A93BD3EE342C}"
EndProject
Project("{FAE04EC0-301F-11D3-BF4B-00C04F79EFBC}") = "ClassLib074", "ClassLib074\ClassLib074.csproj", "{68F19165-404F-4452-8D4C-7B2324C7AF8F}"
EndProject
Project("{FAE04EC0-301F-11D3-BF4B-00C04F79EFBC}") = "ClassLib046", "ClassLib046\ClassLib046.csproj", "{AF5FD24C-ADF4-45B7-84D6-A96E603C5175}"
EndProject
Project("{FAE04EC0-301F-11D3-BF4B-00C04F79EFBC}") = "ClassLib054", "ClassLib054\ClassLib054.csproj", "{869B1E2D-D7D0-43B1-83A3-106807232D19}"
EndProject
Project("{FAE04EC0-301F-11D3-BF4B-00C04F79EFBC}") = "ClassLib036", "ClassLib036\ClassLib036.csproj", "{5D9C6F78-7865-4FC5-9A33-8DBD24F66C21}"
EndProject
Project("{FAE04EC0-301F-11D3-BF4B-00C04F79EFBC}") = "ClassLib071", "ClassLib071\ClassLib071.csproj", "{1B85CCB8-5B63-4EC6-AF7D-FA5A9907202A}"
EndProject
Project("{FAE04EC0-301F-11D3-BF4B-00C04F79EFBC}") = "ClassLib020", "ClassLib020\ClassLib020.csproj", "{01521B60-B382-4827-B0C9-782F57803723}"
EndProject
Project("{FAE04EC0-301F-11D3-BF4B-00C04F79EFBC}") = "ClassLib033", "ClassLib033\ClassLib033.csproj", "{0D38B74A-A5CC-4980-BD54-B0885F543CFC}"
EndProject
Project("{FAE04EC0-301F-11D3-BF4B-00C04F79EFBC}") = "ClassLib001", "ClassLib001\ClassLib001.csproj", "{F971D13C-A634-4414-B027-FDB9D337DEC5}"
EndProject
Project("{FAE04EC0-301F-11D3-BF4B-00C04F79EFBC}") = "ClassLib049", "ClassLib049\ClassLib049.csproj", "{9A1C9810-CBC0-4674-AE1E-76C4EB2AC984}"
EndProject
Project("{FAE04EC0-301F-11D3-BF4B-00C04F79EFBC}") = "ClassLib102", "ClassLib102\ClassLib102.csproj", "{5923052C-FDBE-480E-BE9A-32FFDE383950}"
EndProject
Project("{FAE04EC0-301F-11D3-BF4B-00C04F79EFBC}") = "ClassLib045", "ClassLib045\ClassLib045.csproj", "{5EB51B12-C1AE-4D5D-89E6-108566A9607C}"
EndProject
Project("{FAE04EC0-301F-11D3-BF4B-00C04F79EFBC}") = "ClassLib112", "ClassLib112\ClassLib112.csproj", "{C691ED46-A478-43A3-AE1E-9820A712E0FC}"
EndProject
Project("{FAE04EC0-301F-11D3-BF4B-00C04F79EFBC}") = "ClassLib039", "ClassLib039\ClassLib039.csproj", "{814836E0-0D89-4410-A576-1EE327D861BB}"
EndProject
Project("{FAE04EC0-301F-11D3-BF4B-00C04F79EFBC}") = "ClassLib023", "ClassLib023\ClassLib023.csproj", "{A5308D5D-5AEE-4D1B-8C99-AE27697E04ED}"
EndProject
Project("{FAE04EC0-301F-11D3-BF4B-00C04F79EFBC}") = "ClassLib002", "ClassLib002\ClassLib002.csproj", "{34F27430-EC44-4524-B65F-C49578497125}"
EndProject
Project("{FAE04EC0-301F-11D3-BF4B-00C04F79EFBC}") = "ClassLib012", "ClassLib012\ClassLib012.csproj", "{9AD2C1F9-446D-401C-B740-24B8343514EB}"
EndProject
Project("{FAE04EC0-301F-11D3-BF4B-00C04F79EFBC}") = "ClassLib079", "ClassLib079\ClassLib079.csproj", "{878DDC7F-0ADD-4C46-8E66-FB7A44C0F620}"
EndProject
Project("{FAE04EC0-301F-11D3-BF4B-00C04F79EFBC}") = "ClassLib043", "ClassLib043\ClassLib043.csproj", "{4078A38C-D38D-478B-8336-42DF2233BF10}"
EndProject
Project("{FAE04EC0-301F-11D3-BF4B-00C04F79EFBC}") = "ClassLib060", "ClassLib060\ClassLib060.csproj", "{2BC55DF4-CA15-4634-88B0-6931F95960F0}"
EndProject
Project("{FAE04EC0-301F-11D3-BF4B-00C04F79EFBC}") = "ClassLib095", "ClassLib095\ClassLib095.csproj", "{A83DFF86-B9C5-4938-9B46-033756CD85F8}"
EndProject
Project("{FAE04EC0-301F-11D3-BF4B-00C04F79EFBC}") = "ClassLib042", "ClassLib042\ClassLib042.csproj", "{09871307-DA4C-4263-BD72-CCD9E1CB7E02}"
EndProject
Project("{FAE04EC0-301F-11D3-BF4B-00C04F79EFBC}") = "ClassLib072", "ClassLib072\ClassLib072.csproj", "{D355BE31-9AF9-4D95-A102-D7AED658E892}"
EndProject
Project("{FAE04EC0-301F-11D3-BF4B-00C04F79EFBC}") = "ClassLib031", "ClassLib031\ClassLib031.csproj", "{472E7975-2A9E-4607-91CF-5B140CFEDDBB}"
EndProject
Project("{FAE04EC0-301F-11D3-BF4B-00C04F79EFBC}") = "ClassLib040", "ClassLib040\ClassLib040.csproj", "{F2564EF3-6FE9-4F25-B684-6D26D2385045}"
EndProject
Project("{FAE04EC0-301F-11D3-BF4B-00C04F79EFBC}") = "ClassLib107", "ClassLib107\ClassLib107.csproj", "{6E9F542C-2886-4447-B4FF-9A1EE7A68381}"
EndProject
Project("{FAE04EC0-301F-11D3-BF4B-00C04F79EFBC}") = "ClassLib087", "ClassLib087\ClassLib087.csproj", "{DCE41832-963E-42E0-8139-F66353694F9B}"
EndProject
Project("{FAE04EC0-301F-11D3-BF4B-00C04F79EFBC}") = "ClassLib097", "ClassLib097\ClassLib097.csproj", "{1D592C3A-260A-4524-BDF1-0972F3AF1324}"
EndProject
Project("{FAE04EC0-301F-11D3-BF4B-00C04F79EFBC}") = "ClassLib003", "ClassLib003\ClassLib003.csproj", "{4BBCF36A-891D-41A3-A2BA-A95244DCA66E}"
EndProject
Project("{FAE04EC0-301F-11D3-BF4B-00C04F79EFBC}") = "ClassLib083", "ClassLib083\ClassLib083.csproj", "{50206224-290D-4735-8386-14C24FF2C7EB}"
EndProject
Project("{FAE04EC0-301F-11D3-BF4B-00C04F79EFBC}") = "ClassLib099", "ClassLib099\ClassLib099.csproj", "{9CDAC663-A389-4953-9B41-8E16F8EDDA90}"
EndProject
Project("{FAE04EC0-301F-11D3-BF4B-00C04F79EFBC}") = "ClassLib076", "ClassLib076\ClassLib076.csproj", "{D523AC05-7AAF-4C96-A2F8-3D33EB9316FC}"
EndProject
Project("{FAE04EC0-301F-11D3-BF4B-00C04F79EFBC}") = "ClassLib063", "ClassLib063\ClassLib063.csproj", "{ED49B781-EACE-49FD-A50E-674B018E66D2}"
EndProject
Project("{FAE04EC0-301F-11D3-BF4B-00C04F79EFBC}") = "ClassLib015", "ClassLib015\ClassLib015.csproj", "{C6CD1FA7-170B-4AFC-BD9A-DAC97181883E}"
EndProject
Project("{FAE04EC0-301F-11D3-BF4B-00C04F79EFBC}") = "ClassLib038", "ClassLib038\ClassLib038.csproj", "{048B7D6F-2722-4C04-B335-D69C9FF93408}"
EndProject
Project("{FAE04EC0-301F-11D3-BF4B-00C04F79EFBC}") = "ClassLib077", "ClassLib077\ClassLib077.csproj", "{B229C6B3-4A5A-40BB-99DC-66F1F7CCEF7B}"
EndProject
Project("{FAE04EC0-301F-11D3-BF4B-00C04F79EFBC}") = "ClassLib088", "ClassLib088\ClassLib088.csproj", "{4DF3CA2F-4DEA-479A-9B42-06DF40175D41}"
EndProject
Project("{FAE04EC0-301F-11D3-BF4B-00C04F79EFBC}") = "ClassLib055", "ClassLib055\ClassLib055.csproj", "{253AC3DE-AEA6-4305-A019-D38E18633339}"
EndProject
Project("{FAE04EC0-301F-11D3-BF4B-00C04F79EFBC}") = "ClassLib021", "ClassLib021\ClassLib021.csproj", "{1B17F7F8-818F-46F5-BE45-DF199EBAD26A}"
EndProject
Project("{FAE04EC0-301F-11D3-BF4B-00C04F79EFBC}") = "ClassLib098", "ClassLib098\ClassLib098.csproj", "{6D68A63E-3B78-48C1-ABE1-5D2B99C05252}"
EndProject
Project("{FAE04EC0-301F-11D3-BF4B-00C04F79EFBC}") = "ClassLib096", "ClassLib096\ClassLib096.csproj", "{F6D5322F-F2D3-43B9-86D2-1D828903122D}"
EndProject
Project("{FAE04EC0-301F-11D3-BF4B-00C04F79EFBC}") = "ClassLib061", "ClassLib061\ClassLib061.csproj", "{94B3E6D8-26C5-40C1-AA3B-AD063244E777}"
EndProject
Project("{FAE04EC0-301F-11D3-BF4B-00C04F79EFBC}") = "ClassLib014", "ClassLib014\ClassLib014.csproj", "{CDF0507A-B0FA-4C04-B365-872BFE60A0FB}"
EndProject
Project("{FAE04EC0-301F-11D3-BF4B-00C04F79EFBC}") = "ClassLib075", "ClassLib075\ClassLib075.csproj", "{670824FD-6939-4823-A22D-CE13F49368C8}"
EndProject
Project("{FAE04EC0-301F-11D3-BF4B-00C04F79EFBC}") = "ClassLib091", "ClassLib091\ClassLib091.csproj", "{88FC3466-2306-4615-8291-1732D563673D}"
EndProject
Project("{FAE04EC0-301F-11D3-BF4B-00C04F79EFBC}") = "ClassLib068", "ClassLib068\ClassLib068.csproj", "{C59B05FD-7BA5-4482-9C5F-99566E1C5265}"
EndProject
Project("{FAE04EC0-301F-11D3-BF4B-00C04F79EFBC}") = "ClassLib026", "ClassLib026\ClassLib026.csproj", "{677A358E-058A-4E79-AFEE-712C36B147F7}"
EndProject
Project("{FAE04EC0-301F-11D3-BF4B-00C04F79EFBC}") = "ClassLib128", "ClassLib128\ClassLib128.csproj", "{A316BEB7-1CD5-4C30-8D8D-39B767D5F3F9}"
EndProject
Project("{FAE04EC0-301F-11D3-BF4B-00C04F79EFBC}") = "ClassLib018", "ClassLib018\ClassLib018.csproj", "{AE3A299C-1665-4AC6-919C-48E84A7AEA0A}"
EndProject
Project("{FAE04EC0-301F-11D3-BF4B-00C04F79EFBC}") = "ClassLib037", "ClassLib037\ClassLib037.csproj", "{A3D2EAD1-A5C6-48E8-A2C7-9A3D6C3F9416}"
EndProject
Project("{FAE04EC0-301F-11D3-BF4B-00C04F79EFBC}") = "ClassLib013", "ClassLib013\ClassLib013.csproj", "{CE1F9E93-2DA8-45BA-8CEC-BAE9DD786AC6}"
EndProject
Project("{FAE04EC0-301F-11D3-BF4B-00C04F79EFBC}") = "ClassLib086", "ClassLib086\ClassLib086.csproj", "{3BF9D24A-EC34-42EB-8107-52C726B24E89}"
EndProject
Project("{FAE04EC0-301F-11D3-BF4B-00C04F79EFBC}") = "ClassLib105", "ClassLib105\ClassLib105.csproj", "{8E6659FA-731E-402A-95F9-3D7544C78A19}"
EndProject
Project("{FAE04EC0-301F-11D3-BF4B-00C04F79EFBC}") = "ClassLib047", "ClassLib047\ClassLib047.csproj", "{0C827084-693F-4A1A-A810-96E037115E59}"
EndProject
Project("{FAE04EC0-301F-11D3-BF4B-00C04F79EFBC}") = "ClassLib064", "ClassLib064\ClassLib064.csproj", "{DB62BED8-6719-41A7-9C20-736826D0BDE1}"
EndProject
Project("{FAE04EC0-301F-11D3-BF4B-00C04F79EFBC}") = "ClassLib089", "ClassLib089\ClassLib089.csproj", "{9350FCE5-AF4E-43E5-AA64-EF3E901005DC}"
EndProject
Project("{FAE04EC0-301F-11D3-BF4B-00C04F79EFBC}") = "ClassLib053", "ClassLib053\ClassLib053.csproj", "{452269BE-8B4A-49AD-99CD-F7BA5DB8C98D}"
EndProject
Project("{FAE04EC0-301F-11D3-BF4B-00C04F79EFBC}") = "ClassLib024", "ClassLib024\ClassLib024.csproj", "{F0C78134-0DBD-4B46-BCDC-ED865802A985}"
EndProject
Project("{FAE04EC0-301F-11D3-BF4B-00C04F79EFBC}") = "ClassLib005", "ClassLib005\ClassLib005.csproj", "{070CF874-7ED3-4A21-9176-45A28C286D0C}"
EndProject
Project("{FAE04EC0-301F-11D3-BF4B-00C04F79EFBC}") = "ClassLib101", "ClassLib101\ClassLib101.csproj", "{8F1127C3-CAE1-4644-9D39-6D9B6B9F1EEE}"
EndProject
Project("{FAE04EC0-301F-11D3-BF4B-00C04F79EFBC}") = "ClassLib080", "ClassLib080\ClassLib080.csproj", "{25C1E42A-862D-4C5D-9389-F0A41441DAC8}"
EndProject
Project("{FAE04EC0-301F-11D3-BF4B-00C04F79EFBC}") = "ClassLib092", "ClassLib092\ClassLib092.csproj", "{297DD25A-5A04-419B-9EE0-0361055BED37}"
EndProject
Project("{FAE04EC0-301F-11D3-BF4B-00C04F79EFBC}") = "ClassLib028", "ClassLib028\ClassLib028.csproj", "{1FBA7663-369D-4A17-B360-6378968F84B4}"
EndProject
Project("{FAE04EC0-301F-11D3-BF4B-00C04F79EFBC}") = "ClassLib010", "ClassLib010\ClassLib010.csproj", "{01DB35FD-F12C-4981-AAF6-BEFAA8A821AF}"
EndProject
Project("{FAE04EC0-301F-11D3-BF4B-00C04F79EFBC}") = "ClassLib124", "ClassLib124\ClassLib124.csproj", "{D4FFE2E2-A451-44D6-B3C7-45542B3A13E2}"
EndProject
Project("{FAE04EC0-301F-11D3-BF4B-00C04F79EFBC}") = "ClassLib041", "ClassLib041\ClassLib041.csproj", "{47F99224-09EC-4A04-A84F-C4C76EC7A45E}"
EndProject
Project("{FAE04EC0-301F-11D3-BF4B-00C04F79EFBC}") = "ClassLib109", "ClassLib109\ClassLib109.csproj", "{31262EFA-2478-4FF0-93FD-F33629718627}"
EndProject
Project("{FAE04EC0-301F-11D3-BF4B-00C04F79EFBC}") = "ClassLib004", "ClassLib004\ClassLib004.csproj", "{5ADD7F09-5C0B-4A1F-93CA-8B45D4577855}"
EndProject
Global
	GlobalSection(SolutionConfigurationPlatforms) = preSolution
		Debug|Any CPU = Debug|Any CPU
		Release|Any CPU = Release|Any CPU
	EndGlobalSection
	GlobalSection(ProjectConfigurationPlatforms) = postSolution
		{F9625F4A-BB92-465C-A8A4-2D13A8A99086}.Debug|Any CPU.ActiveCfg = Debug|Any CPU
		{F9625F4A-BB92-465C-A8A4-2D13A8A99086}.Debug|Any CPU.Build.0 = Debug|Any CPU
		{F9625F4A-BB92-465C-A8A4-2D13A8A99086}.Release|Any CPU.ActiveCfg = Release|Any CPU
		{F9625F4A-BB92-465C-A8A4-2D13A8A99086}.Release|Any CPU.Build.0 = Release|Any CPU
		{6B10D137-0060-4B5A-A276-5A8D5677BCFA}.Debug|Any CPU.ActiveCfg = Debug|Any CPU
		{6B10D137-0060-4B5A-A276-5A8D5677BCFA}.Debug|Any CPU.Build.0 = Debug|Any CPU
		{6B10D137-0060-4B5A-A276-5A8D5677BCFA}.Release|Any CPU.ActiveCfg = Debug|Any CPU
		{6B10D137-0060-4B5A-A276-5A8D5677BCFA}.Release|Any CPU.Build.0 = Debug|Any CPU
		{E9F08FF9-FEB8-4D0E-AC0A-09D0B831A022}.Debug|Any CPU.ActiveCfg = Debug|Any CPU
		{E9F08FF9-FEB8-4D0E-AC0A-09D0B831A022}.Debug|Any CPU.Build.0 = Debug|Any CPU
		{E9F08FF9-FEB8-4D0E-AC0A-09D0B831A022}.Release|Any CPU.ActiveCfg = Debug|Any CPU
		{E9F08FF9-FEB8-4D0E-AC0A-09D0B831A022}.Release|Any CPU.Build.0 = Debug|Any CPU
		{38EC6A39-AF76-440A-BF04-932AB2F7029F}.Debug|Any CPU.ActiveCfg = Debug|Any CPU
		{38EC6A39-AF76-440A-BF04-932AB2F7029F}.Debug|Any CPU.Build.0 = Debug|Any CPU
		{38EC6A39-AF76-440A-BF04-932AB2F7029F}.Release|Any CPU.ActiveCfg = Debug|Any CPU
		{38EC6A39-AF76-440A-BF04-932AB2F7029F}.Release|Any CPU.Build.0 = Debug|Any CPU
		{53812D4B-2A05-4A24-B0F5-7242E788C700}.Debug|Any CPU.ActiveCfg = Debug|Any CPU
		{53812D4B-2A05-4A24-B0F5-7242E788C700}.Debug|Any CPU.Build.0 = Debug|Any CPU
		{53812D4B-2A05-4A24-B0F5-7242E788C700}.Release|Any CPU.ActiveCfg = Debug|Any CPU
		{53812D4B-2A05-4A24-B0F5-7242E788C700}.Release|Any CPU.Build.0 = Debug|Any CPU
		{BEEC4A81-92CF-46FF-8304-3021F23B1927}.Debug|Any CPU.ActiveCfg = Debug|Any CPU
		{BEEC4A81-92CF-46FF-8304-3021F23B1927}.Debug|Any CPU.Build.0 = Debug|Any CPU
		{BEEC4A81-92CF-46FF-8304-3021F23B1927}.Release|Any CPU.ActiveCfg = Debug|Any CPU
		{BEEC4A81-92CF-46FF-8304-3021F23B1927}.Release|Any CPU.Build.0 = Debug|Any CPU
		{14506995-9DCC-47B6-9E87-77830492EE5F}.Debug|Any CPU.ActiveCfg = Debug|Any CPU
		{14506995-9DCC-47B6-9E87-77830492EE5F}.Debug|Any CPU.Build.0 = Debug|Any CPU
		{14506995-9DCC-47B6-9E87-77830492EE5F}.Release|Any CPU.ActiveCfg = Debug|Any CPU
		{14506995-9DCC-47B6-9E87-77830492EE5F}.Release|Any CPU.Build.0 = Debug|Any CPU
		{6D05182E-BB2B-4633-B0B0-792E3E8826AB}.Debug|Any CPU.ActiveCfg = Debug|Any CPU
		{6D05182E-BB2B-4633-B0B0-792E3E8826AB}.Debug|Any CPU.Build.0 = Debug|Any CPU
		{6D05182E-BB2B-4633-B0B0-792E3E8826AB}.Release|Any CPU.ActiveCfg = Debug|Any CPU
		{6D05182E-BB2B-4633-B0B0-792E3E8826AB}.Release|Any CPU.Build.0 = Debug|Any CPU
		{78424A0F-68B2-402F-9C27-C29EDE90B971}.Debug|Any CPU.ActiveCfg = Debug|Any CPU
		{78424A0F-68B2-402F-9C27-C29EDE90B971}.Debug|Any CPU.Build.0 = Debug|Any CPU
		{78424A0F-68B2-402F-9C27-C29EDE90B971}.Release|Any CPU.ActiveCfg = Debug|Any CPU
		{78424A0F-68B2-402F-9C27-C29EDE90B971}.Release|Any CPU.Build.0 = Debug|Any CPU
		{8B4D9D76-0A1C-4DBE-AA5F-8D0AB65295EB}.Debug|Any CPU.ActiveCfg = Debug|Any CPU
		{8B4D9D76-0A1C-4DBE-AA5F-8D0AB65295EB}.Debug|Any CPU.Build.0 = Debug|Any CPU
		{8B4D9D76-0A1C-4DBE-AA5F-8D0AB65295EB}.Release|Any CPU.ActiveCfg = Debug|Any CPU
		{8B4D9D76-0A1C-4DBE-AA5F-8D0AB65295EB}.Release|Any CPU.Build.0 = Debug|Any CPU
		{62C4074F-D16B-493E-8B79-2B477E2D5F8B}.Debug|Any CPU.ActiveCfg = Debug|Any CPU
		{62C4074F-D16B-493E-8B79-2B477E2D5F8B}.Debug|Any CPU.Build.0 = Debug|Any CPU
		{62C4074F-D16B-493E-8B79-2B477E2D5F8B}.Release|Any CPU.ActiveCfg = Debug|Any CPU
		{62C4074F-D16B-493E-8B79-2B477E2D5F8B}.Release|Any CPU.Build.0 = Debug|Any CPU
		{691B1DC6-682E-4527-A064-872A9165F29F}.Debug|Any CPU.ActiveCfg = Debug|Any CPU
		{691B1DC6-682E-4527-A064-872A9165F29F}.Debug|Any CPU.Build.0 = Debug|Any CPU
		{691B1DC6-682E-4527-A064-872A9165F29F}.Release|Any CPU.ActiveCfg = Debug|Any CPU
		{691B1DC6-682E-4527-A064-872A9165F29F}.Release|Any CPU.Build.0 = Debug|Any CPU
		{D7617F0F-0EE1-4CF7-929C-01A1C544504D}.Debug|Any CPU.ActiveCfg = Debug|Any CPU
		{D7617F0F-0EE1-4CF7-929C-01A1C544504D}.Debug|Any CPU.Build.0 = Debug|Any CPU
		{D7617F0F-0EE1-4CF7-929C-01A1C544504D}.Release|Any CPU.ActiveCfg = Debug|Any CPU
		{D7617F0F-0EE1-4CF7-929C-01A1C544504D}.Release|Any CPU.Build.0 = Debug|Any CPU
		{558234B4-3D79-42FF-8CC6-CD85A4F7BBD4}.Debug|Any CPU.ActiveCfg = Debug|Any CPU
		{558234B4-3D79-42FF-8CC6-CD85A4F7BBD4}.Debug|Any CPU.Build.0 = Debug|Any CPU
		{558234B4-3D79-42FF-8CC6-CD85A4F7BBD4}.Release|Any CPU.ActiveCfg = Debug|Any CPU
		{558234B4-3D79-42FF-8CC6-CD85A4F7BBD4}.Release|Any CPU.Build.0 = Debug|Any CPU
		{BE66F1FB-BC7B-468B-BE80-706D69A98C39}.Debug|Any CPU.ActiveCfg = Debug|Any CPU
		{BE66F1FB-BC7B-468B-BE80-706D69A98C39}.Debug|Any CPU.Build.0 = Debug|Any CPU
		{BE66F1FB-BC7B-468B-BE80-706D69A98C39}.Release|Any CPU.ActiveCfg = Debug|Any CPU
		{BE66F1FB-BC7B-468B-BE80-706D69A98C39}.Release|Any CPU.Build.0 = Debug|Any CPU
		{10EC126C-0514-40A9-9922-9A2EA1068859}.Debug|Any CPU.ActiveCfg = Debug|Any CPU
		{10EC126C-0514-40A9-9922-9A2EA1068859}.Debug|Any CPU.Build.0 = Debug|Any CPU
		{10EC126C-0514-40A9-9922-9A2EA1068859}.Release|Any CPU.ActiveCfg = Debug|Any CPU
		{10EC126C-0514-40A9-9922-9A2EA1068859}.Release|Any CPU.Build.0 = Debug|Any CPU
		{2FBF7A2F-4129-4DE3-9123-F44D91A6FCFD}.Debug|Any CPU.ActiveCfg = Debug|Any CPU
		{2FBF7A2F-4129-4DE3-9123-F44D91A6FCFD}.Debug|Any CPU.Build.0 = Debug|Any CPU
		{2FBF7A2F-4129-4DE3-9123-F44D91A6FCFD}.Release|Any CPU.ActiveCfg = Debug|Any CPU
		{2FBF7A2F-4129-4DE3-9123-F44D91A6FCFD}.Release|Any CPU.Build.0 = Debug|Any CPU
		{7E043FC5-E361-4FB2-A4EA-E3EB12DF4705}.Debug|Any CPU.ActiveCfg = Debug|Any CPU
		{7E043FC5-E361-4FB2-A4EA-E3EB12DF4705}.Debug|Any CPU.Build.0 = Debug|Any CPU
		{7E043FC5-E361-4FB2-A4EA-E3EB12DF4705}.Release|Any CPU.ActiveCfg = Debug|Any CPU
		{7E043FC5-E361-4FB2-A4EA-E3EB12DF4705}.Release|Any CPU.Build.0 = Debug|Any CPU
		{21FA489B-EFE8-442B-85A7-2811C733E856}.Debug|Any CPU.ActiveCfg = Debug|Any CPU
		{21FA489B-EFE8-442B-85A7-2811C733E856}.Debug|Any CPU.Build.0 = Debug|Any CPU
		{21FA489B-EFE8-442B-85A7-2811C733E856}.Release|Any CPU.ActiveCfg = Debug|Any CPU
		{21FA489B-EFE8-442B-85A7-2811C733E856}.Release|Any CPU.Build.0 = Debug|Any CPU
		{28E9D3A2-03CD-4347-BD7E-9990B4A27128}.Debug|Any CPU.ActiveCfg = Debug|Any CPU
		{28E9D3A2-03CD-4347-BD7E-9990B4A27128}.Debug|Any CPU.Build.0 = Debug|Any CPU
		{28E9D3A2-03CD-4347-BD7E-9990B4A27128}.Release|Any CPU.ActiveCfg = Debug|Any CPU
		{28E9D3A2-03CD-4347-BD7E-9990B4A27128}.Release|Any CPU.Build.0 = Debug|Any CPU
		{4743590D-09B2-4E4C-B3AB-4020DCAD6474}.Debug|Any CPU.ActiveCfg = Debug|Any CPU
		{4743590D-09B2-4E4C-B3AB-4020DCAD6474}.Debug|Any CPU.Build.0 = Debug|Any CPU
		{4743590D-09B2-4E4C-B3AB-4020DCAD6474}.Release|Any CPU.ActiveCfg = Debug|Any CPU
		{4743590D-09B2-4E4C-B3AB-4020DCAD6474}.Release|Any CPU.Build.0 = Debug|Any CPU
		{D0579E48-7645-4CD3-B315-5F65D5097E19}.Debug|Any CPU.ActiveCfg = Debug|Any CPU
		{D0579E48-7645-4CD3-B315-5F65D5097E19}.Debug|Any CPU.Build.0 = Debug|Any CPU
		{D0579E48-7645-4CD3-B315-5F65D5097E19}.Release|Any CPU.ActiveCfg = Debug|Any CPU
		{D0579E48-7645-4CD3-B315-5F65D5097E19}.Release|Any CPU.Build.0 = Debug|Any CPU
		{8FE14401-67C5-412D-920C-F572AA882BE7}.Debug|Any CPU.ActiveCfg = Debug|Any CPU
		{8FE14401-67C5-412D-920C-F572AA882BE7}.Debug|Any CPU.Build.0 = Debug|Any CPU
		{8FE14401-67C5-412D-920C-F572AA882BE7}.Release|Any CPU.ActiveCfg = Debug|Any CPU
		{8FE14401-67C5-412D-920C-F572AA882BE7}.Release|Any CPU.Build.0 = Debug|Any CPU
		{DAF6C0F2-EF68-469C-ABBA-9BDFFA199B8D}.Debug|Any CPU.ActiveCfg = Debug|Any CPU
		{DAF6C0F2-EF68-469C-ABBA-9BDFFA199B8D}.Debug|Any CPU.Build.0 = Debug|Any CPU
		{DAF6C0F2-EF68-469C-ABBA-9BDFFA199B8D}.Release|Any CPU.ActiveCfg = Debug|Any CPU
		{DAF6C0F2-EF68-469C-ABBA-9BDFFA199B8D}.Release|Any CPU.Build.0 = Debug|Any CPU
		{BF8E1FA7-4C0D-4043-9EB6-FE6597EC3AB9}.Debug|Any CPU.ActiveCfg = Debug|Any CPU
		{BF8E1FA7-4C0D-4043-9EB6-FE6597EC3AB9}.Debug|Any CPU.Build.0 = Debug|Any CPU
		{BF8E1FA7-4C0D-4043-9EB6-FE6597EC3AB9}.Release|Any CPU.ActiveCfg = Debug|Any CPU
		{BF8E1FA7-4C0D-4043-9EB6-FE6597EC3AB9}.Release|Any CPU.Build.0 = Debug|Any CPU
		{DB92B344-4DFF-4349-8DDF-752B2AFD846C}.Debug|Any CPU.ActiveCfg = Debug|Any CPU
		{DB92B344-4DFF-4349-8DDF-752B2AFD846C}.Debug|Any CPU.Build.0 = Debug|Any CPU
		{DB92B344-4DFF-4349-8DDF-752B2AFD846C}.Release|Any CPU.ActiveCfg = Debug|Any CPU
		{DB92B344-4DFF-4349-8DDF-752B2AFD846C}.Release|Any CPU.Build.0 = Debug|Any CPU
		{CCBA93C1-0AD7-4001-8DB1-464E8E234A99}.Debug|Any CPU.ActiveCfg = Debug|Any CPU
		{CCBA93C1-0AD7-4001-8DB1-464E8E234A99}.Debug|Any CPU.Build.0 = Debug|Any CPU
		{CCBA93C1-0AD7-4001-8DB1-464E8E234A99}.Release|Any CPU.ActiveCfg = Debug|Any CPU
		{CCBA93C1-0AD7-4001-8DB1-464E8E234A99}.Release|Any CPU.Build.0 = Debug|Any CPU
		{68942902-FB99-4422-A824-320379DC3651}.Debug|Any CPU.ActiveCfg = Debug|Any CPU
		{68942902-FB99-4422-A824-320379DC3651}.Debug|Any CPU.Build.0 = Debug|Any CPU
		{68942902-FB99-4422-A824-320379DC3651}.Release|Any CPU.ActiveCfg = Debug|Any CPU
		{68942902-FB99-4422-A824-320379DC3651}.Release|Any CPU.Build.0 = Debug|Any CPU
		{1AB86E61-1ECF-4B19-8F64-E93A32A8104A}.Debug|Any CPU.ActiveCfg = Debug|Any CPU
		{1AB86E61-1ECF-4B19-8F64-E93A32A8104A}.Debug|Any CPU.Build.0 = Debug|Any CPU
		{1AB86E61-1ECF-4B19-8F64-E93A32A8104A}.Release|Any CPU.ActiveCfg = Debug|Any CPU
		{1AB86E61-1ECF-4B19-8F64-E93A32A8104A}.Release|Any CPU.Build.0 = Debug|Any CPU
		{382C2990-06E2-4F07-9100-5C1536A199BB}.Debug|Any CPU.ActiveCfg = Debug|Any CPU
		{382C2990-06E2-4F07-9100-5C1536A199BB}.Debug|Any CPU.Build.0 = Debug|Any CPU
		{382C2990-06E2-4F07-9100-5C1536A199BB}.Release|Any CPU.ActiveCfg = Debug|Any CPU
		{382C2990-06E2-4F07-9100-5C1536A199BB}.Release|Any CPU.Build.0 = Debug|Any CPU
		{2B9EE2B6-E435-4B15-A8BF-73E1870629BA}.Debug|Any CPU.ActiveCfg = Debug|Any CPU
		{2B9EE2B6-E435-4B15-A8BF-73E1870629BA}.Debug|Any CPU.Build.0 = Debug|Any CPU
		{2B9EE2B6-E435-4B15-A8BF-73E1870629BA}.Release|Any CPU.ActiveCfg = Debug|Any CPU
		{2B9EE2B6-E435-4B15-A8BF-73E1870629BA}.Release|Any CPU.Build.0 = Debug|Any CPU
		{3882E987-D23B-424E-9FA6-3C1486AA1C9B}.Debug|Any CPU.ActiveCfg = Debug|Any CPU
		{3882E987-D23B-424E-9FA6-3C1486AA1C9B}.Debug|Any CPU.Build.0 = Debug|Any CPU
		{3882E987-D23B-424E-9FA6-3C1486AA1C9B}.Release|Any CPU.ActiveCfg = Debug|Any CPU
		{3882E987-D23B-424E-9FA6-3C1486AA1C9B}.Release|Any CPU.Build.0 = Debug|Any CPU
		{3DB9D190-735C-4D5D-AFFE-13253F12ECC7}.Debug|Any CPU.ActiveCfg = Debug|Any CPU
		{3DB9D190-735C-4D5D-AFFE-13253F12ECC7}.Debug|Any CPU.Build.0 = Debug|Any CPU
		{3DB9D190-735C-4D5D-AFFE-13253F12ECC7}.Release|Any CPU.ActiveCfg = Debug|Any CPU
		{3DB9D190-735C-4D5D-AFFE-13253F12ECC7}.Release|Any CPU.Build.0 = Debug|Any CPU
		{94CE7982-95B2-4CE2-B60D-5127F486C6EF}.Debug|Any CPU.ActiveCfg = Debug|Any CPU
		{94CE7982-95B2-4CE2-B60D-5127F486C6EF}.Debug|Any CPU.Build.0 = Debug|Any CPU
		{94CE7982-95B2-4CE2-B60D-5127F486C6EF}.Release|Any CPU.ActiveCfg = Debug|Any CPU
		{94CE7982-95B2-4CE2-B60D-5127F486C6EF}.Release|Any CPU.Build.0 = Debug|Any CPU
		{278092B7-3AED-4ED7-A640-C949C2D68A75}.Debug|Any CPU.ActiveCfg = Debug|Any CPU
		{278092B7-3AED-4ED7-A640-C949C2D68A75}.Debug|Any CPU.Build.0 = Debug|Any CPU
		{278092B7-3AED-4ED7-A640-C949C2D68A75}.Release|Any CPU.ActiveCfg = Debug|Any CPU
		{278092B7-3AED-4ED7-A640-C949C2D68A75}.Release|Any CPU.Build.0 = Debug|Any CPU
		{1E8A21B6-1C7C-408B-9B0E-7FF064D788FE}.Debug|Any CPU.ActiveCfg = Debug|Any CPU
		{1E8A21B6-1C7C-408B-9B0E-7FF064D788FE}.Debug|Any CPU.Build.0 = Debug|Any CPU
		{1E8A21B6-1C7C-408B-9B0E-7FF064D788FE}.Release|Any CPU.ActiveCfg = Debug|Any CPU
		{1E8A21B6-1C7C-408B-9B0E-7FF064D788FE}.Release|Any CPU.Build.0 = Debug|Any CPU
		{27891B80-B676-4B5C-9CC4-7FE39C7EBEE9}.Debug|Any CPU.ActiveCfg = Debug|Any CPU
		{27891B80-B676-4B5C-9CC4-7FE39C7EBEE9}.Debug|Any CPU.Build.0 = Debug|Any CPU
		{27891B80-B676-4B5C-9CC4-7FE39C7EBEE9}.Release|Any CPU.ActiveCfg = Debug|Any CPU
		{27891B80-B676-4B5C-9CC4-7FE39C7EBEE9}.Release|Any CPU.Build.0 = Debug|Any CPU
		{A8D16BBE-71B5-48A1-9A0F-ECE970CC0699}.Debug|Any CPU.ActiveCfg = Debug|Any CPU
		{A8D16BBE-71B5-48A1-9A0F-ECE970CC0699}.Debug|Any CPU.Build.0 = Debug|Any CPU
		{A8D16BBE-71B5-48A1-9A0F-ECE970CC0699}.Release|Any CPU.ActiveCfg = Debug|Any CPU
		{A8D16BBE-71B5-48A1-9A0F-ECE970CC0699}.Release|Any CPU.Build.0 = Debug|Any CPU
		{8FEF42D0-0472-4328-B21E-7FAD2DFECE62}.Debug|Any CPU.ActiveCfg = Debug|Any CPU
		{8FEF42D0-0472-4328-B21E-7FAD2DFECE62}.Debug|Any CPU.Build.0 = Debug|Any CPU
		{8FEF42D0-0472-4328-B21E-7FAD2DFECE62}.Release|Any CPU.ActiveCfg = Debug|Any CPU
		{8FEF42D0-0472-4328-B21E-7FAD2DFECE62}.Release|Any CPU.Build.0 = Debug|Any CPU
		{C915B92F-02BA-485D-8FE8-EB4633828AE2}.Debug|Any CPU.ActiveCfg = Debug|Any CPU
		{C915B92F-02BA-485D-8FE8-EB4633828AE2}.Debug|Any CPU.Build.0 = Debug|Any CPU
		{C915B92F-02BA-485D-8FE8-EB4633828AE2}.Release|Any CPU.ActiveCfg = Debug|Any CPU
		{C915B92F-02BA-485D-8FE8-EB4633828AE2}.Release|Any CPU.Build.0 = Debug|Any CPU
		{02B9DECD-CCDE-4BBD-9460-457F5F1F1140}.Debug|Any CPU.ActiveCfg = Debug|Any CPU
		{02B9DECD-CCDE-4BBD-9460-457F5F1F1140}.Debug|Any CPU.Build.0 = Debug|Any CPU
		{02B9DECD-CCDE-4BBD-9460-457F5F1F1140}.Release|Any CPU.ActiveCfg = Debug|Any CPU
		{02B9DECD-CCDE-4BBD-9460-457F5F1F1140}.Release|Any CPU.Build.0 = Debug|Any CPU
		{F11FF392-C75C-4CFA-84F5-08A2D636DC2B}.Debug|Any CPU.ActiveCfg = Debug|Any CPU
		{F11FF392-C75C-4CFA-84F5-08A2D636DC2B}.Debug|Any CPU.Build.0 = Debug|Any CPU
		{F11FF392-C75C-4CFA-84F5-08A2D636DC2B}.Release|Any CPU.ActiveCfg = Debug|Any CPU
		{F11FF392-C75C-4CFA-84F5-08A2D636DC2B}.Release|Any CPU.Build.0 = Debug|Any CPU
		{CF1A90AB-8BAE-4B26-AE83-2910E78B5AB1}.Debug|Any CPU.ActiveCfg = Debug|Any CPU
		{CF1A90AB-8BAE-4B26-AE83-2910E78B5AB1}.Debug|Any CPU.Build.0 = Debug|Any CPU
		{CF1A90AB-8BAE-4B26-AE83-2910E78B5AB1}.Release|Any CPU.ActiveCfg = Debug|Any CPU
		{CF1A90AB-8BAE-4B26-AE83-2910E78B5AB1}.Release|Any CPU.Build.0 = Debug|Any CPU
		{D1327668-DDC3-48D6-A4CE-B5E56E7AF353}.Debug|Any CPU.ActiveCfg = Debug|Any CPU
		{D1327668-DDC3-48D6-A4CE-B5E56E7AF353}.Debug|Any CPU.Build.0 = Debug|Any CPU
		{D1327668-DDC3-48D6-A4CE-B5E56E7AF353}.Release|Any CPU.ActiveCfg = Debug|Any CPU
		{D1327668-DDC3-48D6-A4CE-B5E56E7AF353}.Release|Any CPU.Build.0 = Debug|Any CPU
		{6755B118-B7DE-4B0D-8A74-4920615A3D73}.Debug|Any CPU.ActiveCfg = Debug|Any CPU
		{6755B118-B7DE-4B0D-8A74-4920615A3D73}.Debug|Any CPU.Build.0 = Debug|Any CPU
		{6755B118-B7DE-4B0D-8A74-4920615A3D73}.Release|Any CPU.ActiveCfg = Debug|Any CPU
		{6755B118-B7DE-4B0D-8A74-4920615A3D73}.Release|Any CPU.Build.0 = Debug|Any CPU
		{129B5277-FA2B-477C-879A-61FBF780A873}.Debug|Any CPU.ActiveCfg = Debug|Any CPU
		{129B5277-FA2B-477C-879A-61FBF780A873}.Debug|Any CPU.Build.0 = Debug|Any CPU
		{129B5277-FA2B-477C-879A-61FBF780A873}.Release|Any CPU.ActiveCfg = Debug|Any CPU
		{129B5277-FA2B-477C-879A-61FBF780A873}.Release|Any CPU.Build.0 = Debug|Any CPU
		{A8A0C7CE-9686-4620-B4F4-BB6DAA3EFEF8}.Debug|Any CPU.ActiveCfg = Debug|Any CPU
		{A8A0C7CE-9686-4620-B4F4-BB6DAA3EFEF8}.Debug|Any CPU.Build.0 = Debug|Any CPU
		{A8A0C7CE-9686-4620-B4F4-BB6DAA3EFEF8}.Release|Any CPU.ActiveCfg = Debug|Any CPU
		{A8A0C7CE-9686-4620-B4F4-BB6DAA3EFEF8}.Release|Any CPU.Build.0 = Debug|Any CPU
		{CE16F1AD-D80D-461B-BFDB-6986D2FCBB71}.Debug|Any CPU.ActiveCfg = Debug|Any CPU
		{CE16F1AD-D80D-461B-BFDB-6986D2FCBB71}.Debug|Any CPU.Build.0 = Debug|Any CPU
		{CE16F1AD-D80D-461B-BFDB-6986D2FCBB71}.Release|Any CPU.ActiveCfg = Debug|Any CPU
		{CE16F1AD-D80D-461B-BFDB-6986D2FCBB71}.Release|Any CPU.Build.0 = Debug|Any CPU
		{45E3C579-5CF6-4251-AD00-CA2BFA507722}.Debug|Any CPU.ActiveCfg = Debug|Any CPU
		{45E3C579-5CF6-4251-AD00-CA2BFA507722}.Debug|Any CPU.Build.0 = Debug|Any CPU
		{45E3C579-5CF6-4251-AD00-CA2BFA507722}.Release|Any CPU.ActiveCfg = Debug|Any CPU
		{45E3C579-5CF6-4251-AD00-CA2BFA507722}.Release|Any CPU.Build.0 = Debug|Any CPU
		{7A89163F-6804-416B-A419-958A37ED2678}.Debug|Any CPU.ActiveCfg = Debug|Any CPU
		{7A89163F-6804-416B-A419-958A37ED2678}.Debug|Any CPU.Build.0 = Debug|Any CPU
		{7A89163F-6804-416B-A419-958A37ED2678}.Release|Any CPU.ActiveCfg = Debug|Any CPU
		{7A89163F-6804-416B-A419-958A37ED2678}.Release|Any CPU.Build.0 = Debug|Any CPU
		{7F69A014-6525-43FF-8B29-3447CCF4AF03}.Debug|Any CPU.ActiveCfg = Debug|Any CPU
		{7F69A014-6525-43FF-8B29-3447CCF4AF03}.Debug|Any CPU.Build.0 = Debug|Any CPU
		{7F69A014-6525-43FF-8B29-3447CCF4AF03}.Release|Any CPU.ActiveCfg = Debug|Any CPU
		{7F69A014-6525-43FF-8B29-3447CCF4AF03}.Release|Any CPU.Build.0 = Debug|Any CPU
		{9327F4E5-B9EE-4C2F-A0B7-1984EB5FE55D}.Debug|Any CPU.ActiveCfg = Debug|Any CPU
		{9327F4E5-B9EE-4C2F-A0B7-1984EB5FE55D}.Debug|Any CPU.Build.0 = Debug|Any CPU
		{9327F4E5-B9EE-4C2F-A0B7-1984EB5FE55D}.Release|Any CPU.ActiveCfg = Debug|Any CPU
		{9327F4E5-B9EE-4C2F-A0B7-1984EB5FE55D}.Release|Any CPU.Build.0 = Debug|Any CPU
		{06E855EA-B760-4FCC-A2BF-B1955DD71DB0}.Debug|Any CPU.ActiveCfg = Debug|Any CPU
		{06E855EA-B760-4FCC-A2BF-B1955DD71DB0}.Debug|Any CPU.Build.0 = Debug|Any CPU
		{06E855EA-B760-4FCC-A2BF-B1955DD71DB0}.Release|Any CPU.ActiveCfg = Debug|Any CPU
		{06E855EA-B760-4FCC-A2BF-B1955DD71DB0}.Release|Any CPU.Build.0 = Debug|Any CPU
		{A2A3190F-A3A2-4BA9-8C0C-545B60BDD080}.Debug|Any CPU.ActiveCfg = Debug|Any CPU
		{A2A3190F-A3A2-4BA9-8C0C-545B60BDD080}.Debug|Any CPU.Build.0 = Debug|Any CPU
		{A2A3190F-A3A2-4BA9-8C0C-545B60BDD080}.Release|Any CPU.ActiveCfg = Debug|Any CPU
		{A2A3190F-A3A2-4BA9-8C0C-545B60BDD080}.Release|Any CPU.Build.0 = Debug|Any CPU
		{6C1A1769-D3B3-465F-860B-0E2D8A0C63C4}.Debug|Any CPU.ActiveCfg = Debug|Any CPU
		{6C1A1769-D3B3-465F-860B-0E2D8A0C63C4}.Debug|Any CPU.Build.0 = Debug|Any CPU
		{6C1A1769-D3B3-465F-860B-0E2D8A0C63C4}.Release|Any CPU.ActiveCfg = Debug|Any CPU
		{6C1A1769-D3B3-465F-860B-0E2D8A0C63C4}.Release|Any CPU.Build.0 = Debug|Any CPU
		{D5E14CF7-981D-44D0-95D8-DAA2A423199A}.Debug|Any CPU.ActiveCfg = Debug|Any CPU
		{D5E14CF7-981D-44D0-95D8-DAA2A423199A}.Debug|Any CPU.Build.0 = Debug|Any CPU
		{D5E14CF7-981D-44D0-95D8-DAA2A423199A}.Release|Any CPU.ActiveCfg = Debug|Any CPU
		{D5E14CF7-981D-44D0-95D8-DAA2A423199A}.Release|Any CPU.Build.0 = Debug|Any CPU
		{9106A004-72BF-495A-9D83-ECF2702A0BB3}.Debug|Any CPU.ActiveCfg = Debug|Any CPU
		{9106A004-72BF-495A-9D83-ECF2702A0BB3}.Debug|Any CPU.Build.0 = Debug|Any CPU
		{9106A004-72BF-495A-9D83-ECF2702A0BB3}.Release|Any CPU.ActiveCfg = Debug|Any CPU
		{9106A004-72BF-495A-9D83-ECF2702A0BB3}.Release|Any CPU.Build.0 = Debug|Any CPU
		{001AB320-65FE-4097-A95A-8C7D894C2A55}.Debug|Any CPU.ActiveCfg = Debug|Any CPU
		{001AB320-65FE-4097-A95A-8C7D894C2A55}.Debug|Any CPU.Build.0 = Debug|Any CPU
		{001AB320-65FE-4097-A95A-8C7D894C2A55}.Release|Any CPU.ActiveCfg = Debug|Any CPU
		{001AB320-65FE-4097-A95A-8C7D894C2A55}.Release|Any CPU.Build.0 = Debug|Any CPU
		{EF2AE1E4-83C7-45AB-BBDA-2314F638217C}.Debug|Any CPU.ActiveCfg = Debug|Any CPU
		{EF2AE1E4-83C7-45AB-BBDA-2314F638217C}.Debug|Any CPU.Build.0 = Debug|Any CPU
		{EF2AE1E4-83C7-45AB-BBDA-2314F638217C}.Release|Any CPU.ActiveCfg = Debug|Any CPU
		{EF2AE1E4-83C7-45AB-BBDA-2314F638217C}.Release|Any CPU.Build.0 = Debug|Any CPU
		{3B586FCA-7163-45A6-9D59-8D87A3BABCBB}.Debug|Any CPU.ActiveCfg = Debug|Any CPU
		{3B586FCA-7163-45A6-9D59-8D87A3BABCBB}.Debug|Any CPU.Build.0 = Debug|Any CPU
		{3B586FCA-7163-45A6-9D59-8D87A3BABCBB}.Release|Any CPU.ActiveCfg = Debug|Any CPU
		{3B586FCA-7163-45A6-9D59-8D87A3BABCBB}.Release|Any CPU.Build.0 = Debug|Any CPU
		{842C9CF6-8728-403C-BAED-74C7E13DC027}.Debug|Any CPU.ActiveCfg = Debug|Any CPU
		{842C9CF6-8728-403C-BAED-74C7E13DC027}.Debug|Any CPU.Build.0 = Debug|Any CPU
		{842C9CF6-8728-403C-BAED-74C7E13DC027}.Release|Any CPU.ActiveCfg = Debug|Any CPU
		{842C9CF6-8728-403C-BAED-74C7E13DC027}.Release|Any CPU.Build.0 = Debug|Any CPU
		{CEECAD25-A086-48A6-A502-A93BD3EE342C}.Debug|Any CPU.ActiveCfg = Debug|Any CPU
		{CEECAD25-A086-48A6-A502-A93BD3EE342C}.Debug|Any CPU.Build.0 = Debug|Any CPU
		{CEECAD25-A086-48A6-A502-A93BD3EE342C}.Release|Any CPU.ActiveCfg = Debug|Any CPU
		{CEECAD25-A086-48A6-A502-A93BD3EE342C}.Release|Any CPU.Build.0 = Debug|Any CPU
		{68F19165-404F-4452-8D4C-7B2324C7AF8F}.Debug|Any CPU.ActiveCfg = Debug|Any CPU
		{68F19165-404F-4452-8D4C-7B2324C7AF8F}.Debug|Any CPU.Build.0 = Debug|Any CPU
		{68F19165-404F-4452-8D4C-7B2324C7AF8F}.Release|Any CPU.ActiveCfg = Debug|Any CPU
		{68F19165-404F-4452-8D4C-7B2324C7AF8F}.Release|Any CPU.Build.0 = Debug|Any CPU
		{AF5FD24C-ADF4-45B7-84D6-A96E603C5175}.Debug|Any CPU.ActiveCfg = Debug|Any CPU
		{AF5FD24C-ADF4-45B7-84D6-A96E603C5175}.Debug|Any CPU.Build.0 = Debug|Any CPU
		{AF5FD24C-ADF4-45B7-84D6-A96E603C5175}.Release|Any CPU.ActiveCfg = Debug|Any CPU
		{AF5FD24C-ADF4-45B7-84D6-A96E603C5175}.Release|Any CPU.Build.0 = Debug|Any CPU
		{869B1E2D-D7D0-43B1-83A3-106807232D19}.Debug|Any CPU.ActiveCfg = Debug|Any CPU
		{869B1E2D-D7D0-43B1-83A3-106807232D19}.Debug|Any CPU.Build.0 = Debug|Any CPU
		{869B1E2D-D7D0-43B1-83A3-106807232D19}.Release|Any CPU.ActiveCfg = Debug|Any CPU
		{869B1E2D-D7D0-43B1-83A3-106807232D19}.Release|Any CPU.Build.0 = Debug|Any CPU
		{5D9C6F78-7865-4FC5-9A33-8DBD24F66C21}.Debug|Any CPU.ActiveCfg = Debug|Any CPU
		{5D9C6F78-7865-4FC5-9A33-8DBD24F66C21}.Debug|Any CPU.Build.0 = Debug|Any CPU
		{5D9C6F78-7865-4FC5-9A33-8DBD24F66C21}.Release|Any CPU.ActiveCfg = Debug|Any CPU
		{5D9C6F78-7865-4FC5-9A33-8DBD24F66C21}.Release|Any CPU.Build.0 = Debug|Any CPU
		{1B85CCB8-5B63-4EC6-AF7D-FA5A9907202A}.Debug|Any CPU.ActiveCfg = Debug|Any CPU
		{1B85CCB8-5B63-4EC6-AF7D-FA5A9907202A}.Debug|Any CPU.Build.0 = Debug|Any CPU
		{1B85CCB8-5B63-4EC6-AF7D-FA5A9907202A}.Release|Any CPU.ActiveCfg = Debug|Any CPU
		{1B85CCB8-5B63-4EC6-AF7D-FA5A9907202A}.Release|Any CPU.Build.0 = Debug|Any CPU
		{01521B60-B382-4827-B0C9-782F57803723}.Debug|Any CPU.ActiveCfg = Debug|Any CPU
		{01521B60-B382-4827-B0C9-782F57803723}.Debug|Any CPU.Build.0 = Debug|Any CPU
		{01521B60-B382-4827-B0C9-782F57803723}.Release|Any CPU.ActiveCfg = Debug|Any CPU
		{01521B60-B382-4827-B0C9-782F57803723}.Release|Any CPU.Build.0 = Debug|Any CPU
		{0D38B74A-A5CC-4980-BD54-B0885F543CFC}.Debug|Any CPU.ActiveCfg = Debug|Any CPU
		{0D38B74A-A5CC-4980-BD54-B0885F543CFC}.Debug|Any CPU.Build.0 = Debug|Any CPU
		{0D38B74A-A5CC-4980-BD54-B0885F543CFC}.Release|Any CPU.ActiveCfg = Debug|Any CPU
		{0D38B74A-A5CC-4980-BD54-B0885F543CFC}.Release|Any CPU.Build.0 = Debug|Any CPU
		{F971D13C-A634-4414-B027-FDB9D337DEC5}.Debug|Any CPU.ActiveCfg = Debug|Any CPU
		{F971D13C-A634-4414-B027-FDB9D337DEC5}.Debug|Any CPU.Build.0 = Debug|Any CPU
		{F971D13C-A634-4414-B027-FDB9D337DEC5}.Release|Any CPU.ActiveCfg = Debug|Any CPU
		{F971D13C-A634-4414-B027-FDB9D337DEC5}.Release|Any CPU.Build.0 = Debug|Any CPU
		{9A1C9810-CBC0-4674-AE1E-76C4EB2AC984}.Debug|Any CPU.ActiveCfg = Debug|Any CPU
		{9A1C9810-CBC0-4674-AE1E-76C4EB2AC984}.Debug|Any CPU.Build.0 = Debug|Any CPU
		{9A1C9810-CBC0-4674-AE1E-76C4EB2AC984}.Release|Any CPU.ActiveCfg = Debug|Any CPU
		{9A1C9810-CBC0-4674-AE1E-76C4EB2AC984}.Release|Any CPU.Build.0 = Debug|Any CPU
		{5923052C-FDBE-480E-BE9A-32FFDE383950}.Debug|Any CPU.ActiveCfg = Debug|Any CPU
		{5923052C-FDBE-480E-BE9A-32FFDE383950}.Debug|Any CPU.Build.0 = Debug|Any CPU
		{5923052C-FDBE-480E-BE9A-32FFDE383950}.Release|Any CPU.ActiveCfg = Debug|Any CPU
		{5923052C-FDBE-480E-BE9A-32FFDE383950}.Release|Any CPU.Build.0 = Debug|Any CPU
		{5EB51B12-C1AE-4D5D-89E6-108566A9607C}.Debug|Any CPU.ActiveCfg = Debug|Any CPU
		{5EB51B12-C1AE-4D5D-89E6-108566A9607C}.Debug|Any CPU.Build.0 = Debug|Any CPU
		{5EB51B12-C1AE-4D5D-89E6-108566A9607C}.Release|Any CPU.ActiveCfg = Debug|Any CPU
		{5EB51B12-C1AE-4D5D-89E6-108566A9607C}.Release|Any CPU.Build.0 = Debug|Any CPU
		{C691ED46-A478-43A3-AE1E-9820A712E0FC}.Debug|Any CPU.ActiveCfg = Debug|Any CPU
		{C691ED46-A478-43A3-AE1E-9820A712E0FC}.Debug|Any CPU.Build.0 = Debug|Any CPU
		{C691ED46-A478-43A3-AE1E-9820A712E0FC}.Release|Any CPU.ActiveCfg = Debug|Any CPU
		{C691ED46-A478-43A3-AE1E-9820A712E0FC}.Release|Any CPU.Build.0 = Debug|Any CPU
		{814836E0-0D89-4410-A576-1EE327D861BB}.Debug|Any CPU.ActiveCfg = Debug|Any CPU
		{814836E0-0D89-4410-A576-1EE327D861BB}.Debug|Any CPU.Build.0 = Debug|Any CPU
		{814836E0-0D89-4410-A576-1EE327D861BB}.Release|Any CPU.ActiveCfg = Debug|Any CPU
		{814836E0-0D89-4410-A576-1EE327D861BB}.Release|Any CPU.Build.0 = Debug|Any CPU
		{A5308D5D-5AEE-4D1B-8C99-AE27697E04ED}.Debug|Any CPU.ActiveCfg = Debug|Any CPU
		{A5308D5D-5AEE-4D1B-8C99-AE27697E04ED}.Debug|Any CPU.Build.0 = Debug|Any CPU
		{A5308D5D-5AEE-4D1B-8C99-AE27697E04ED}.Release|Any CPU.ActiveCfg = Debug|Any CPU
		{A5308D5D-5AEE-4D1B-8C99-AE27697E04ED}.Release|Any CPU.Build.0 = Debug|Any CPU
		{34F27430-EC44-4524-B65F-C49578497125}.Debug|Any CPU.ActiveCfg = Debug|Any CPU
		{34F27430-EC44-4524-B65F-C49578497125}.Debug|Any CPU.Build.0 = Debug|Any CPU
		{34F27430-EC44-4524-B65F-C49578497125}.Release|Any CPU.ActiveCfg = Debug|Any CPU
		{34F27430-EC44-4524-B65F-C49578497125}.Release|Any CPU.Build.0 = Debug|Any CPU
		{9AD2C1F9-446D-401C-B740-24B8343514EB}.Debug|Any CPU.ActiveCfg = Debug|Any CPU
		{9AD2C1F9-446D-401C-B740-24B8343514EB}.Debug|Any CPU.Build.0 = Debug|Any CPU
		{9AD2C1F9-446D-401C-B740-24B8343514EB}.Release|Any CPU.ActiveCfg = Debug|Any CPU
		{9AD2C1F9-446D-401C-B740-24B8343514EB}.Release|Any CPU.Build.0 = Debug|Any CPU
		{878DDC7F-0ADD-4C46-8E66-FB7A44C0F620}.Debug|Any CPU.ActiveCfg = Debug|Any CPU
		{878DDC7F-0ADD-4C46-8E66-FB7A44C0F620}.Debug|Any CPU.Build.0 = Debug|Any CPU
		{878DDC7F-0ADD-4C46-8E66-FB7A44C0F620}.Release|Any CPU.ActiveCfg = Debug|Any CPU
		{878DDC7F-0ADD-4C46-8E66-FB7A44C0F620}.Release|Any CPU.Build.0 = Debug|Any CPU
		{4078A38C-D38D-478B-8336-42DF2233BF10}.Debug|Any CPU.ActiveCfg = Debug|Any CPU
		{4078A38C-D38D-478B-8336-42DF2233BF10}.Debug|Any CPU.Build.0 = Debug|Any CPU
		{4078A38C-D38D-478B-8336-42DF2233BF10}.Release|Any CPU.ActiveCfg = Debug|Any CPU
		{4078A38C-D38D-478B-8336-42DF2233BF10}.Release|Any CPU.Build.0 = Debug|Any CPU
		{2BC55DF4-CA15-4634-88B0-6931F95960F0}.Debug|Any CPU.ActiveCfg = Debug|Any CPU
		{2BC55DF4-CA15-4634-88B0-6931F95960F0}.Debug|Any CPU.Build.0 = Debug|Any CPU
		{2BC55DF4-CA15-4634-88B0-6931F95960F0}.Release|Any CPU.ActiveCfg = Debug|Any CPU
		{2BC55DF4-CA15-4634-88B0-6931F95960F0}.Release|Any CPU.Build.0 = Debug|Any CPU
		{A83DFF86-B9C5-4938-9B46-033756CD85F8}.Debug|Any CPU.ActiveCfg = Debug|Any CPU
		{A83DFF86-B9C5-4938-9B46-033756CD85F8}.Debug|Any CPU.Build.0 = Debug|Any CPU
		{A83DFF86-B9C5-4938-9B46-033756CD85F8}.Release|Any CPU.ActiveCfg = Debug|Any CPU
		{A83DFF86-B9C5-4938-9B46-033756CD85F8}.Release|Any CPU.Build.0 = Debug|Any CPU
		{09871307-DA4C-4263-BD72-CCD9E1CB7E02}.Debug|Any CPU.ActiveCfg = Debug|Any CPU
		{09871307-DA4C-4263-BD72-CCD9E1CB7E02}.Debug|Any CPU.Build.0 = Debug|Any CPU
		{09871307-DA4C-4263-BD72-CCD9E1CB7E02}.Release|Any CPU.ActiveCfg = Debug|Any CPU
		{09871307-DA4C-4263-BD72-CCD9E1CB7E02}.Release|Any CPU.Build.0 = Debug|Any CPU
		{D355BE31-9AF9-4D95-A102-D7AED658E892}.Debug|Any CPU.ActiveCfg = Debug|Any CPU
		{D355BE31-9AF9-4D95-A102-D7AED658E892}.Debug|Any CPU.Build.0 = Debug|Any CPU
		{D355BE31-9AF9-4D95-A102-D7AED658E892}.Release|Any CPU.ActiveCfg = Debug|Any CPU
		{D355BE31-9AF9-4D95-A102-D7AED658E892}.Release|Any CPU.Build.0 = Debug|Any CPU
		{472E7975-2A9E-4607-91CF-5B140CFEDDBB}.Debug|Any CPU.ActiveCfg = Debug|Any CPU
		{472E7975-2A9E-4607-91CF-5B140CFEDDBB}.Debug|Any CPU.Build.0 = Debug|Any CPU
		{472E7975-2A9E-4607-91CF-5B140CFEDDBB}.Release|Any CPU.ActiveCfg = Debug|Any CPU
		{472E7975-2A9E-4607-91CF-5B140CFEDDBB}.Release|Any CPU.Build.0 = Debug|Any CPU
		{F2564EF3-6FE9-4F25-B684-6D26D2385045}.Debug|Any CPU.ActiveCfg = Debug|Any CPU
		{F2564EF3-6FE9-4F25-B684-6D26D2385045}.Debug|Any CPU.Build.0 = Debug|Any CPU
		{F2564EF3-6FE9-4F25-B684-6D26D2385045}.Release|Any CPU.ActiveCfg = Debug|Any CPU
		{F2564EF3-6FE9-4F25-B684-6D26D2385045}.Release|Any CPU.Build.0 = Debug|Any CPU
		{6E9F542C-2886-4447-B4FF-9A1EE7A68381}.Debug|Any CPU.ActiveCfg = Debug|Any CPU
		{6E9F542C-2886-4447-B4FF-9A1EE7A68381}.Debug|Any CPU.Build.0 = Debug|Any CPU
		{6E9F542C-2886-4447-B4FF-9A1EE7A68381}.Release|Any CPU.ActiveCfg = Debug|Any CPU
		{6E9F542C-2886-4447-B4FF-9A1EE7A68381}.Release|Any CPU.Build.0 = Debug|Any CPU
		{DCE41832-963E-42E0-8139-F66353694F9B}.Debug|Any CPU.ActiveCfg = Debug|Any CPU
		{DCE41832-963E-42E0-8139-F66353694F9B}.Debug|Any CPU.Build.0 = Debug|Any CPU
		{DCE41832-963E-42E0-8139-F66353694F9B}.Release|Any CPU.ActiveCfg = Debug|Any CPU
		{DCE41832-963E-42E0-8139-F66353694F9B}.Release|Any CPU.Build.0 = Debug|Any CPU
		{1D592C3A-260A-4524-BDF1-0972F3AF1324}.Debug|Any CPU.ActiveCfg = Debug|Any CPU
		{1D592C3A-260A-4524-BDF1-0972F3AF1324}.Debug|Any CPU.Build.0 = Debug|Any CPU
		{1D592C3A-260A-4524-BDF1-0972F3AF1324}.Release|Any CPU.ActiveCfg = Debug|Any CPU
		{1D592C3A-260A-4524-BDF1-0972F3AF1324}.Release|Any CPU.Build.0 = Debug|Any CPU
		{4BBCF36A-891D-41A3-A2BA-A95244DCA66E}.Debug|Any CPU.ActiveCfg = Debug|Any CPU
		{4BBCF36A-891D-41A3-A2BA-A95244DCA66E}.Debug|Any CPU.Build.0 = Debug|Any CPU
		{4BBCF36A-891D-41A3-A2BA-A95244DCA66E}.Release|Any CPU.ActiveCfg = Debug|Any CPU
		{4BBCF36A-891D-41A3-A2BA-A95244DCA66E}.Release|Any CPU.Build.0 = Debug|Any CPU
		{50206224-290D-4735-8386-14C24FF2C7EB}.Debug|Any CPU.ActiveCfg = Debug|Any CPU
		{50206224-290D-4735-8386-14C24FF2C7EB}.Debug|Any CPU.Build.0 = Debug|Any CPU
		{50206224-290D-4735-8386-14C24FF2C7EB}.Release|Any CPU.ActiveCfg = Debug|Any CPU
		{50206224-290D-4735-8386-14C24FF2C7EB}.Release|Any CPU.Build.0 = Debug|Any CPU
		{9CDAC663-A389-4953-9B41-8E16F8EDDA90}.Debug|Any CPU.ActiveCfg = Debug|Any CPU
		{9CDAC663-A389-4953-9B41-8E16F8EDDA90}.Debug|Any CPU.Build.0 = Debug|Any CPU
		{9CDAC663-A389-4953-9B41-8E16F8EDDA90}.Release|Any CPU.ActiveCfg = Debug|Any CPU
		{9CDAC663-A389-4953-9B41-8E16F8EDDA90}.Release|Any CPU.Build.0 = Debug|Any CPU
		{D523AC05-7AAF-4C96-A2F8-3D33EB9316FC}.Debug|Any CPU.ActiveCfg = Debug|Any CPU
		{D523AC05-7AAF-4C96-A2F8-3D33EB9316FC}.Debug|Any CPU.Build.0 = Debug|Any CPU
		{D523AC05-7AAF-4C96-A2F8-3D33EB9316FC}.Release|Any CPU.ActiveCfg = Debug|Any CPU
		{D523AC05-7AAF-4C96-A2F8-3D33EB9316FC}.Release|Any CPU.Build.0 = Debug|Any CPU
		{ED49B781-EACE-49FD-A50E-674B018E66D2}.Debug|Any CPU.ActiveCfg = Debug|Any CPU
		{ED49B781-EACE-49FD-A50E-674B018E66D2}.Debug|Any CPU.Build.0 = Debug|Any CPU
		{ED49B781-EACE-49FD-A50E-674B018E66D2}.Release|Any CPU.ActiveCfg = Debug|Any CPU
		{ED49B781-EACE-49FD-A50E-674B018E66D2}.Release|Any CPU.Build.0 = Debug|Any CPU
		{C6CD1FA7-170B-4AFC-BD9A-DAC97181883E}.Debug|Any CPU.ActiveCfg = Debug|Any CPU
		{C6CD1FA7-170B-4AFC-BD9A-DAC97181883E}.Debug|Any CPU.Build.0 = Debug|Any CPU
		{C6CD1FA7-170B-4AFC-BD9A-DAC97181883E}.Release|Any CPU.ActiveCfg = Debug|Any CPU
		{C6CD1FA7-170B-4AFC-BD9A-DAC97181883E}.Release|Any CPU.Build.0 = Debug|Any CPU
		{048B7D6F-2722-4C04-B335-D69C9FF93408}.Debug|Any CPU.ActiveCfg = Debug|Any CPU
		{048B7D6F-2722-4C04-B335-D69C9FF93408}.Debug|Any CPU.Build.0 = Debug|Any CPU
		{048B7D6F-2722-4C04-B335-D69C9FF93408}.Release|Any CPU.ActiveCfg = Debug|Any CPU
		{048B7D6F-2722-4C04-B335-D69C9FF93408}.Release|Any CPU.Build.0 = Debug|Any CPU
		{B229C6B3-4A5A-40BB-99DC-66F1F7CCEF7B}.Debug|Any CPU.ActiveCfg = Debug|Any CPU
		{B229C6B3-4A5A-40BB-99DC-66F1F7CCEF7B}.Debug|Any CPU.Build.0 = Debug|Any CPU
		{B229C6B3-4A5A-40BB-99DC-66F1F7CCEF7B}.Release|Any CPU.ActiveCfg = Debug|Any CPU
		{B229C6B3-4A5A-40BB-99DC-66F1F7CCEF7B}.Release|Any CPU.Build.0 = Debug|Any CPU
		{4DF3CA2F-4DEA-479A-9B42-06DF40175D41}.Debug|Any CPU.ActiveCfg = Debug|Any CPU
		{4DF3CA2F-4DEA-479A-9B42-06DF40175D41}.Debug|Any CPU.Build.0 = Debug|Any CPU
		{4DF3CA2F-4DEA-479A-9B42-06DF40175D41}.Release|Any CPU.ActiveCfg = Debug|Any CPU
		{4DF3CA2F-4DEA-479A-9B42-06DF40175D41}.Release|Any CPU.Build.0 = Debug|Any CPU
		{253AC3DE-AEA6-4305-A019-D38E18633339}.Debug|Any CPU.ActiveCfg = Debug|Any CPU
		{253AC3DE-AEA6-4305-A019-D38E18633339}.Debug|Any CPU.Build.0 = Debug|Any CPU
		{253AC3DE-AEA6-4305-A019-D38E18633339}.Release|Any CPU.ActiveCfg = Debug|Any CPU
		{253AC3DE-AEA6-4305-A019-D38E18633339}.Release|Any CPU.Build.0 = Debug|Any CPU
		{1B17F7F8-818F-46F5-BE45-DF199EBAD26A}.Debug|Any CPU.ActiveCfg = Debug|Any CPU
		{1B17F7F8-818F-46F5-BE45-DF199EBAD26A}.Debug|Any CPU.Build.0 = Debug|Any CPU
		{1B17F7F8-818F-46F5-BE45-DF199EBAD26A}.Release|Any CPU.ActiveCfg = Debug|Any CPU
		{1B17F7F8-818F-46F5-BE45-DF199EBAD26A}.Release|Any CPU.Build.0 = Debug|Any CPU
		{6D68A63E-3B78-48C1-ABE1-5D2B99C05252}.Debug|Any CPU.ActiveCfg = Debug|Any CPU
		{6D68A63E-3B78-48C1-ABE1-5D2B99C05252}.Debug|Any CPU.Build.0 = Debug|Any CPU
		{6D68A63E-3B78-48C1-ABE1-5D2B99C05252}.Release|Any CPU.ActiveCfg = Debug|Any CPU
		{6D68A63E-3B78-48C1-ABE1-5D2B99C05252}.Release|Any CPU.Build.0 = Debug|Any CPU
		{F6D5322F-F2D3-43B9-86D2-1D828903122D}.Debug|Any CPU.ActiveCfg = Debug|Any CPU
		{F6D5322F-F2D3-43B9-86D2-1D828903122D}.Debug|Any CPU.Build.0 = Debug|Any CPU
		{F6D5322F-F2D3-43B9-86D2-1D828903122D}.Release|Any CPU.ActiveCfg = Debug|Any CPU
		{F6D5322F-F2D3-43B9-86D2-1D828903122D}.Release|Any CPU.Build.0 = Debug|Any CPU
		{94B3E6D8-26C5-40C1-AA3B-AD063244E777}.Debug|Any CPU.ActiveCfg = Debug|Any CPU
		{94B3E6D8-26C5-40C1-AA3B-AD063244E777}.Debug|Any CPU.Build.0 = Debug|Any CPU
		{94B3E6D8-26C5-40C1-AA3B-AD063244E777}.Release|Any CPU.ActiveCfg = Debug|Any CPU
		{94B3E6D8-26C5-40C1-AA3B-AD063244E777}.Release|Any CPU.Build.0 = Debug|Any CPU
		{CDF0507A-B0FA-4C04-B365-872BFE60A0FB}.Debug|Any CPU.ActiveCfg = Debug|Any CPU
		{CDF0507A-B0FA-4C04-B365-872BFE60A0FB}.Debug|Any CPU.Build.0 = Debug|Any CPU
		{CDF0507A-B0FA-4C04-B365-872BFE60A0FB}.Release|Any CPU.ActiveCfg = Debug|Any CPU
		{CDF0507A-B0FA-4C04-B365-872BFE60A0FB}.Release|Any CPU.Build.0 = Debug|Any CPU
		{670824FD-6939-4823-A22D-CE13F49368C8}.Debug|Any CPU.ActiveCfg = Debug|Any CPU
		{670824FD-6939-4823-A22D-CE13F49368C8}.Debug|Any CPU.Build.0 = Debug|Any CPU
		{670824FD-6939-4823-A22D-CE13F49368C8}.Release|Any CPU.ActiveCfg = Debug|Any CPU
		{670824FD-6939-4823-A22D-CE13F49368C8}.Release|Any CPU.Build.0 = Debug|Any CPU
		{88FC3466-2306-4615-8291-1732D563673D}.Debug|Any CPU.ActiveCfg = Debug|Any CPU
		{88FC3466-2306-4615-8291-1732D563673D}.Debug|Any CPU.Build.0 = Debug|Any CPU
		{88FC3466-2306-4615-8291-1732D563673D}.Release|Any CPU.ActiveCfg = Debug|Any CPU
		{88FC3466-2306-4615-8291-1732D563673D}.Release|Any CPU.Build.0 = Debug|Any CPU
		{C59B05FD-7BA5-4482-9C5F-99566E1C5265}.Debug|Any CPU.ActiveCfg = Debug|Any CPU
		{C59B05FD-7BA5-4482-9C5F-99566E1C5265}.Debug|Any CPU.Build.0 = Debug|Any CPU
		{C59B05FD-7BA5-4482-9C5F-99566E1C5265}.Release|Any CPU.ActiveCfg = Debug|Any CPU
		{C59B05FD-7BA5-4482-9C5F-99566E1C5265}.Release|Any CPU.Build.0 = Debug|Any CPU
		{677A358E-058A-4E79-AFEE-712C36B147F7}.Debug|Any CPU.ActiveCfg = Debug|Any CPU
		{677A358E-058A-4E79-AFEE-712C36B147F7}.Debug|Any CPU.Build.0 = Debug|Any CPU
		{677A358E-058A-4E79-AFEE-712C36B147F7}.Release|Any CPU.ActiveCfg = Debug|Any CPU
		{677A358E-058A-4E79-AFEE-712C36B147F7}.Release|Any CPU.Build.0 = Debug|Any CPU
		{A316BEB7-1CD5-4C30-8D8D-39B767D5F3F9}.Debug|Any CPU.ActiveCfg = Debug|Any CPU
		{A316BEB7-1CD5-4C30-8D8D-39B767D5F3F9}.Debug|Any CPU.Build.0 = Debug|Any CPU
		{A316BEB7-1CD5-4C30-8D8D-39B767D5F3F9}.Release|Any CPU.ActiveCfg = Debug|Any CPU
		{A316BEB7-1CD5-4C30-8D8D-39B767D5F3F9}.Release|Any CPU.Build.0 = Debug|Any CPU
		{AE3A299C-1665-4AC6-919C-48E84A7AEA0A}.Debug|Any CPU.ActiveCfg = Debug|Any CPU
		{AE3A299C-1665-4AC6-919C-48E84A7AEA0A}.Debug|Any CPU.Build.0 = Debug|Any CPU
		{AE3A299C-1665-4AC6-919C-48E84A7AEA0A}.Release|Any CPU.ActiveCfg = Debug|Any CPU
		{AE3A299C-1665-4AC6-919C-48E84A7AEA0A}.Release|Any CPU.Build.0 = Debug|Any CPU
		{A3D2EAD1-A5C6-48E8-A2C7-9A3D6C3F9416}.Debug|Any CPU.ActiveCfg = Debug|Any CPU
		{A3D2EAD1-A5C6-48E8-A2C7-9A3D6C3F9416}.Debug|Any CPU.Build.0 = Debug|Any CPU
		{A3D2EAD1-A5C6-48E8-A2C7-9A3D6C3F9416}.Release|Any CPU.ActiveCfg = Debug|Any CPU
		{A3D2EAD1-A5C6-48E8-A2C7-9A3D6C3F9416}.Release|Any CPU.Build.0 = Debug|Any CPU
		{CE1F9E93-2DA8-45BA-8CEC-BAE9DD786AC6}.Debug|Any CPU.ActiveCfg = Debug|Any CPU
		{CE1F9E93-2DA8-45BA-8CEC-BAE9DD786AC6}.Debug|Any CPU.Build.0 = Debug|Any CPU
		{CE1F9E93-2DA8-45BA-8CEC-BAE9DD786AC6}.Release|Any CPU.ActiveCfg = Debug|Any CPU
		{CE1F9E93-2DA8-45BA-8CEC-BAE9DD786AC6}.Release|Any CPU.Build.0 = Debug|Any CPU
		{3BF9D24A-EC34-42EB-8107-52C726B24E89}.Debug|Any CPU.ActiveCfg = Debug|Any CPU
		{3BF9D24A-EC34-42EB-8107-52C726B24E89}.Debug|Any CPU.Build.0 = Debug|Any CPU
		{3BF9D24A-EC34-42EB-8107-52C726B24E89}.Release|Any CPU.ActiveCfg = Debug|Any CPU
		{3BF9D24A-EC34-42EB-8107-52C726B24E89}.Release|Any CPU.Build.0 = Debug|Any CPU
		{8E6659FA-731E-402A-95F9-3D7544C78A19}.Debug|Any CPU.ActiveCfg = Debug|Any CPU
		{8E6659FA-731E-402A-95F9-3D7544C78A19}.Debug|Any CPU.Build.0 = Debug|Any CPU
		{8E6659FA-731E-402A-95F9-3D7544C78A19}.Release|Any CPU.ActiveCfg = Debug|Any CPU
		{8E6659FA-731E-402A-95F9-3D7544C78A19}.Release|Any CPU.Build.0 = Debug|Any CPU
		{0C827084-693F-4A1A-A810-96E037115E59}.Debug|Any CPU.ActiveCfg = Debug|Any CPU
		{0C827084-693F-4A1A-A810-96E037115E59}.Debug|Any CPU.Build.0 = Debug|Any CPU
		{0C827084-693F-4A1A-A810-96E037115E59}.Release|Any CPU.ActiveCfg = Debug|Any CPU
		{0C827084-693F-4A1A-A810-96E037115E59}.Release|Any CPU.Build.0 = Debug|Any CPU
		{DB62BED8-6719-41A7-9C20-736826D0BDE1}.Debug|Any CPU.ActiveCfg = Debug|Any CPU
		{DB62BED8-6719-41A7-9C20-736826D0BDE1}.Debug|Any CPU.Build.0 = Debug|Any CPU
		{DB62BED8-6719-41A7-9C20-736826D0BDE1}.Release|Any CPU.ActiveCfg = Debug|Any CPU
		{DB62BED8-6719-41A7-9C20-736826D0BDE1}.Release|Any CPU.Build.0 = Debug|Any CPU
		{9350FCE5-AF4E-43E5-AA64-EF3E901005DC}.Debug|Any CPU.ActiveCfg = Debug|Any CPU
		{9350FCE5-AF4E-43E5-AA64-EF3E901005DC}.Debug|Any CPU.Build.0 = Debug|Any CPU
		{9350FCE5-AF4E-43E5-AA64-EF3E901005DC}.Release|Any CPU.ActiveCfg = Debug|Any CPU
		{9350FCE5-AF4E-43E5-AA64-EF3E901005DC}.Release|Any CPU.Build.0 = Debug|Any CPU
		{452269BE-8B4A-49AD-99CD-F7BA5DB8C98D}.Debug|Any CPU.ActiveCfg = Debug|Any CPU
		{452269BE-8B4A-49AD-99CD-F7BA5DB8C98D}.Debug|Any CPU.Build.0 = Debug|Any CPU
		{452269BE-8B4A-49AD-99CD-F7BA5DB8C98D}.Release|Any CPU.ActiveCfg = Debug|Any CPU
		{452269BE-8B4A-49AD-99CD-F7BA5DB8C98D}.Release|Any CPU.Build.0 = Debug|Any CPU
		{F0C78134-0DBD-4B46-BCDC-ED865802A985}.Debug|Any CPU.ActiveCfg = Debug|Any CPU
		{F0C78134-0DBD-4B46-BCDC-ED865802A985}.Debug|Any CPU.Build.0 = Debug|Any CPU
		{F0C78134-0DBD-4B46-BCDC-ED865802A985}.Release|Any CPU.ActiveCfg = Debug|Any CPU
		{F0C78134-0DBD-4B46-BCDC-ED865802A985}.Release|Any CPU.Build.0 = Debug|Any CPU
		{070CF874-7ED3-4A21-9176-45A28C286D0C}.Debug|Any CPU.ActiveCfg = Debug|Any CPU
		{070CF874-7ED3-4A21-9176-45A28C286D0C}.Debug|Any CPU.Build.0 = Debug|Any CPU
		{070CF874-7ED3-4A21-9176-45A28C286D0C}.Release|Any CPU.ActiveCfg = Debug|Any CPU
		{070CF874-7ED3-4A21-9176-45A28C286D0C}.Release|Any CPU.Build.0 = Debug|Any CPU
		{8F1127C3-CAE1-4644-9D39-6D9B6B9F1EEE}.Debug|Any CPU.ActiveCfg = Debug|Any CPU
		{8F1127C3-CAE1-4644-9D39-6D9B6B9F1EEE}.Debug|Any CPU.Build.0 = Debug|Any CPU
		{8F1127C3-CAE1-4644-9D39-6D9B6B9F1EEE}.Release|Any CPU.ActiveCfg = Debug|Any CPU
		{8F1127C3-CAE1-4644-9D39-6D9B6B9F1EEE}.Release|Any CPU.Build.0 = Debug|Any CPU
		{25C1E42A-862D-4C5D-9389-F0A41441DAC8}.Debug|Any CPU.ActiveCfg = Debug|Any CPU
		{25C1E42A-862D-4C5D-9389-F0A41441DAC8}.Debug|Any CPU.Build.0 = Debug|Any CPU
		{25C1E42A-862D-4C5D-9389-F0A41441DAC8}.Release|Any CPU.ActiveCfg = Debug|Any CPU
		{25C1E42A-862D-4C5D-9389-F0A41441DAC8}.Release|Any CPU.Build.0 = Debug|Any CPU
		{297DD25A-5A04-419B-9EE0-0361055BED37}.Debug|Any CPU.ActiveCfg = Debug|Any CPU
		{297DD25A-5A04-419B-9EE0-0361055BED37}.Debug|Any CPU.Build.0 = Debug|Any CPU
		{297DD25A-5A04-419B-9EE0-0361055BED37}.Release|Any CPU.ActiveCfg = Debug|Any CPU
		{297DD25A-5A04-419B-9EE0-0361055BED37}.Release|Any CPU.Build.0 = Debug|Any CPU
		{1FBA7663-369D-4A17-B360-6378968F84B4}.Debug|Any CPU.ActiveCfg = Debug|Any CPU
		{1FBA7663-369D-4A17-B360-6378968F84B4}.Debug|Any CPU.Build.0 = Debug|Any CPU
		{1FBA7663-369D-4A17-B360-6378968F84B4}.Release|Any CPU.ActiveCfg = Debug|Any CPU
		{1FBA7663-369D-4A17-B360-6378968F84B4}.Release|Any CPU.Build.0 = Debug|Any CPU
		{01DB35FD-F12C-4981-AAF6-BEFAA8A821AF}.Debug|Any CPU.ActiveCfg = Debug|Any CPU
		{01DB35FD-F12C-4981-AAF6-BEFAA8A821AF}.Debug|Any CPU.Build.0 = Debug|Any CPU
		{01DB35FD-F12C-4981-AAF6-BEFAA8A821AF}.Release|Any CPU.ActiveCfg = Debug|Any CPU
		{01DB35FD-F12C-4981-AAF6-BEFAA8A821AF}.Release|Any CPU.Build.0 = Debug|Any CPU
		{D4FFE2E2-A451-44D6-B3C7-45542B3A13E2}.Debug|Any CPU.ActiveCfg = Debug|Any CPU
		{D4FFE2E2-A451-44D6-B3C7-45542B3A13E2}.Debug|Any CPU.Build.0 = Debug|Any CPU
		{D4FFE2E2-A451-44D6-B3C7-45542B3A13E2}.Release|Any CPU.ActiveCfg = Debug|Any CPU
		{D4FFE2E2-A451-44D6-B3C7-45542B3A13E2}.Release|Any CPU.Build.0 = Debug|Any CPU
		{47F99224-09EC-4A04-A84F-C4C76EC7A45E}.Debug|Any CPU.ActiveCfg = Debug|Any CPU
		{47F99224-09EC-4A04-A84F-C4C76EC7A45E}.Debug|Any CPU.Build.0 = Debug|Any CPU
		{47F99224-09EC-4A04-A84F-C4C76EC7A45E}.Release|Any CPU.ActiveCfg = Debug|Any CPU
		{47F99224-09EC-4A04-A84F-C4C76EC7A45E}.Release|Any CPU.Build.0 = Debug|Any CPU
		{31262EFA-2478-4FF0-93FD-F33629718627}.Debug|Any CPU.ActiveCfg = Debug|Any CPU
		{31262EFA-2478-4FF0-93FD-F33629718627}.Debug|Any CPU.Build.0 = Debug|Any CPU
		{31262EFA-2478-4FF0-93FD-F33629718627}.Release|Any CPU.ActiveCfg = Debug|Any CPU
		{31262EFA-2478-4FF0-93FD-F33629718627}.Release|Any CPU.Build.0 = Debug|Any CPU
		{5ADD7F09-5C0B-4A1F-93CA-8B45D4577855}.Debug|Any CPU.ActiveCfg = Debug|Any CPU
		{5ADD7F09-5C0B-4A1F-93CA-8B45D4577855}.Debug|Any CPU.Build.0 = Debug|Any CPU
		{5ADD7F09-5C0B-4A1F-93CA-8B45D4577855}.Release|Any CPU.ActiveCfg = Debug|Any CPU
		{5ADD7F09-5C0B-4A1F-93CA-8B45D4577855}.Release|Any CPU.Build.0 = Debug|Any CPU
	EndGlobalSection
	GlobalSection(SolutionProperties) = preSolution
		HideSolutionNode = FALSE
	EndGlobalSection
	GlobalSection(ExtensibilityGlobals) = postSolution
		SolutionGuid = {4C3CD7C8-2758-4DC5-BD83-5FDF578356BB}
	EndGlobalSection
EndGlobal
